{
    "version": 3,
    "terraform_version": "0.9.4",
    "serial": 9,
    "lineage": "b937c794-ae0a-41bf-b0bd-c3eebc78175a",
    "modules": [
        {
            "path": [
                "root"
            ],
            "outputs": {},
            "resources": {
                "baremetal_core_internet_gateway.internet-gateway": {
                    "type": "baremetal_core_internet_gateway",
                    "depends_on": [
                        "baremetal_core_virtual_network.vcn"
                    ],
                    "primary": {
                        "id": "ocid1.internetgateway.oc1.phx.aaaaaaaaum5q7cls6iptdv6ek34mt6zpkqu6ovmg5qnpkqpj27vig24imgua",
                        "attributes": {
                            "compartment_id": "ocid1.compartment.oc1..aaaaaaaazhpe4v2nmdokr6ngod5niyknyzqh67bolw5fttpg574a65dq5ida",
                            "display_name": "Public-IG",
                            "enabled": "true",
                            "id": "ocid1.internetgateway.oc1.phx.aaaaaaaaum5q7cls6iptdv6ek34mt6zpkqu6ovmg5qnpkqpj27vig24imgua",
                            "state": "AVAILABLE",
                            "time_created": "2017-05-09 17:11:56.83 +0000 UTC",
                            "time_modified": "0001-01-01 00:00:00 +0000 UTC",
                            "vcn_id": "ocid1.vcn.oc1.phx.aaaaaaaaad6kf5ju6lp5xqi7pau6k32lffqjzfhbi64znn2oyafyudwj64ya"
                        },
                        "meta": {
                            "e2bfb730-ecaa-11e6-8f88-34363bc7c4c0": {
                                "create": 300000000000,
                                "delete": 300000000000,
                                "update": 300000000000
                            }
                        },
                        "tainted": false
                    },
                    "deposed": [],
                    "provider": ""
                },
                "baremetal_core_route_table.route-table": {
                    "type": "baremetal_core_route_table",
                    "depends_on": [
                        "baremetal_core_internet_gateway.internet-gateway",
                        "baremetal_core_virtual_network.vcn"
                    ],
                    "primary": {
                        "id": "ocid1.routetable.oc1.phx.aaaaaaaakd6h3hf4xgyyadw6qakzl2an6sgefyr2vizwazvv76khmjn6fjfa",
                        "attributes": {
                            "compartment_id": "ocid1.compartment.oc1..aaaaaaaazhpe4v2nmdokr6ngod5niyknyzqh67bolw5fttpg574a65dq5ida",
                            "display_name": "Public-RT",
                            "id": "ocid1.routetable.oc1.phx.aaaaaaaakd6h3hf4xgyyadw6qakzl2an6sgefyr2vizwazvv76khmjn6fjfa",
                            "route_rules.#": "1",
                            "route_rules.0.cidr_block": "0.0.0.0/0",
                            "route_rules.0.network_entity_id": "ocid1.internetgateway.oc1.phx.aaaaaaaaum5q7cls6iptdv6ek34mt6zpkqu6ovmg5qnpkqpj27vig24imgua",
                            "state": "AVAILABLE",
                            "time_created": "2017-05-09 17:11:57.37 +0000 UTC",
                            "time_modified": "0001-01-01 00:00:00 +0000 UTC",
                            "vcn_id": "ocid1.vcn.oc1.phx.aaaaaaaaad6kf5ju6lp5xqi7pau6k32lffqjzfhbi64znn2oyafyudwj64ya"
                        },
                        "meta": {
                            "e2bfb730-ecaa-11e6-8f88-34363bc7c4c0": {
                                "create": 300000000000,
                                "delete": 300000000000,
                                "update": 300000000000
                            }
                        },
                        "tainted": false
                    },
                    "deposed": [],
                    "provider": ""
                },
                "baremetal_core_security_list.lb-sl": {
                    "type": "baremetal_core_security_list",
                    "depends_on": [
                        "baremetal_core_virtual_network.vcn"
                    ],
                    "primary": {
                        "id": "ocid1.securitylist.oc1.phx.aaaaaaaa5qcck7e7msejspmko6h5xqzbe54jxkbwxerdr24ii4gmwcse4ysa",
                        "attributes": {
                            "compartment_id": "ocid1.compartment.oc1..aaaaaaaazhpe4v2nmdokr6ngod5niyknyzqh67bolw5fttpg574a65dq5ida",
                            "display_name": "APP-SL",
                            "egress_security_rules.#": "2",
                            "egress_security_rules.0.destination": "0.0.0.0/0",
                            "egress_security_rules.0.icmp_options.#": "0",
                            "egress_security_rules.0.protocol": "6",
                            "egress_security_rules.0.stateless": "false",
                            "egress_security_rules.0.tcp_options.#": "0",
                            "egress_security_rules.0.udp_options.#": "0",
                            "egress_security_rules.1.destination": "10.0.3.0/28",
                            "egress_security_rules.1.icmp_options.#": "0",
                            "egress_security_rules.1.protocol": "6",
                            "egress_security_rules.1.stateless": "false",
                            "egress_security_rules.1.tcp_options.#": "1",
                            "egress_security_rules.1.tcp_options.0.max": "8080",
                            "egress_security_rules.1.tcp_options.0.min": "8080",
                            "egress_security_rules.1.udp_options.#": "0",
                            "id": "ocid1.securitylist.oc1.phx.aaaaaaaa5qcck7e7msejspmko6h5xqzbe54jxkbwxerdr24ii4gmwcse4ysa",
                            "ingress_security_rules.#": "1",
                            "ingress_security_rules.0.icmp_options.#": "0",
                            "ingress_security_rules.0.protocol": "6",
                            "ingress_security_rules.0.source": "0.0.0.0/0",
                            "ingress_security_rules.0.stateless": "false",
                            "ingress_security_rules.0.tcp_options.#": "1",
                            "ingress_security_rules.0.tcp_options.0.max": "8080",
                            "ingress_security_rules.0.tcp_options.0.min": "8080",
                            "ingress_security_rules.0.udp_options.#": "0",
                            "state": "AVAILABLE",
                            "time_created": "2017-05-09 17:11:56.84 +0000 UTC",
                            "vcn_id": "ocid1.vcn.oc1.phx.aaaaaaaaad6kf5ju6lp5xqi7pau6k32lffqjzfhbi64znn2oyafyudwj64ya"
                        },
                        "meta": {
                            "e2bfb730-ecaa-11e6-8f88-34363bc7c4c0": {
                                "create": 300000000000,
                                "delete": 300000000000,
                                "update": 300000000000
                            }
                        },
                        "tainted": false
                    },
                    "deposed": [],
                    "provider": ""
                },
                "baremetal_core_subnet.lb-subnet-1": {
                    "type": "baremetal_core_subnet",
                    "depends_on": [
                        "baremetal_core_route_table.route-table",
                        "baremetal_core_security_list.lb-sl",
                        "baremetal_core_virtual_network.vcn",
                        "data.baremetal_identity_availability_domains.ads"
                    ],
                    "primary": {
                        "id": "ocid1.subnet.oc1.phx.aaaaaaaauvxvnvw4hzh46czqfey24rmsruuvtte5unydlawxgigz2k6bfbaq",
                        "attributes": {
                            "availability_domain": "pILZ:PHX-AD-1",
                            "cidr_block": "10.0.2.0/28",
                            "compartment_id": "ocid1.compartment.oc1..aaaaaaaazhpe4v2nmdokr6ngod5niyknyzqh67bolw5fttpg574a65dq5ida",
                            "dhcp_options_id": "ocid1.dhcpoptions.oc1.phx.aaaaaaaa45b5kb6knqgvrr5je2uctu7ssum3j2gebqyozcg2qrklv4goswia",
                            "display_name": "LB-AD1",
                            "dns_label": "lb1",
                            "id": "ocid1.subnet.oc1.phx.aaaaaaaauvxvnvw4hzh46czqfey24rmsruuvtte5unydlawxgigz2k6bfbaq",
                            "route_table_id": "ocid1.routetable.oc1.phx.aaaaaaaakd6h3hf4xgyyadw6qakzl2an6sgefyr2vizwazvv76khmjn6fjfa",
                            "security_list_ids.#": "1",
                            "security_list_ids.3300141691": "ocid1.securitylist.oc1.phx.aaaaaaaa5qcck7e7msejspmko6h5xqzbe54jxkbwxerdr24ii4gmwcse4ysa",
                            "state": "AVAILABLE",
                            "time_created": "2017-05-09 17:11:59.853 +0000 UTC",
                            "vcn_id": "ocid1.vcn.oc1.phx.aaaaaaaaad6kf5ju6lp5xqi7pau6k32lffqjzfhbi64znn2oyafyudwj64ya",
                            "virtual_router_ip": "10.0.2.1",
                            "virtual_router_mac": "00:00:17:03:14:02"
                        },
                        "meta": {
                            "e2bfb730-ecaa-11e6-8f88-34363bc7c4c0": {
                                "create": 300000000000,
                                "delete": 300000000000,
                                "update": 300000000000
                            }
                        },
                        "tainted": false
                    },
                    "deposed": [],
                    "provider": ""
                },
                "baremetal_core_subnet.lb-subnet-2": {
                    "type": "baremetal_core_subnet",
                    "depends_on": [
                        "baremetal_core_route_table.route-table",
                        "baremetal_core_security_list.lb-sl",
                        "baremetal_core_virtual_network.vcn",
                        "data.baremetal_identity_availability_domains.ads"
                    ],
                    "primary": {
                        "id": "ocid1.subnet.oc1.phx.aaaaaaaaypztfvcn6zhwsi4jtlizudkhnbkm52mlgqieciq3fysnqaff7wbq",
                        "attributes": {
                            "availability_domain": "pILZ:PHX-AD-2",
                            "cidr_block": "10.0.2.16/28",
                            "compartment_id": "ocid1.compartment.oc1..aaaaaaaazhpe4v2nmdokr6ngod5niyknyzqh67bolw5fttpg574a65dq5ida",
                            "dhcp_options_id": "ocid1.dhcpoptions.oc1.phx.aaaaaaaa45b5kb6knqgvrr5je2uctu7ssum3j2gebqyozcg2qrklv4goswia",
                            "display_name": "LB-AD2",
                            "dns_label": "lb2",
                            "id": "ocid1.subnet.oc1.phx.aaaaaaaaypztfvcn6zhwsi4jtlizudkhnbkm52mlgqieciq3fysnqaff7wbq",
                            "route_table_id": "ocid1.routetable.oc1.phx.aaaaaaaakd6h3hf4xgyyadw6qakzl2an6sgefyr2vizwazvv76khmjn6fjfa",
                            "security_list_ids.#": "1",
                            "security_list_ids.3300141691": "ocid1.securitylist.oc1.phx.aaaaaaaa5qcck7e7msejspmko6h5xqzbe54jxkbwxerdr24ii4gmwcse4ysa",
                            "state": "AVAILABLE",
                            "time_created": "2017-05-09 17:11:57.837 +0000 UTC",
                            "vcn_id": "ocid1.vcn.oc1.phx.aaaaaaaaad6kf5ju6lp5xqi7pau6k32lffqjzfhbi64znn2oyafyudwj64ya",
                            "virtual_router_ip": "10.0.2.17",
                            "virtual_router_mac": "00:00:17:03:14:02"
                        },
                        "meta": {
                            "e2bfb730-ecaa-11e6-8f88-34363bc7c4c0": {
                                "create": 300000000000,
                                "delete": 300000000000,
                                "update": 300000000000
                            }
                        },
                        "tainted": false
                    },
                    "deposed": [],
                    "provider": ""
                },
                "baremetal_core_virtual_network.vcn": {
                    "type": "baremetal_core_virtual_network",
                    "depends_on": [],
                    "primary": {
                        "id": "ocid1.vcn.oc1.phx.aaaaaaaaad6kf5ju6lp5xqi7pau6k32lffqjzfhbi64znn2oyafyudwj64ya",
                        "attributes": {
                            "cidr_block": "10.0.0.0/16",
                            "compartment_id": "ocid1.compartment.oc1..aaaaaaaazhpe4v2nmdokr6ngod5niyknyzqh67bolw5fttpg574a65dq5ida",
                            "default_dhcp_options_id": "ocid1.dhcpoptions.oc1.phx.aaaaaaaa45b5kb6knqgvrr5je2uctu7ssum3j2gebqyozcg2qrklv4goswia",
                            "default_route_table_id": "ocid1.routetable.oc1.phx.aaaaaaaahhfeqbf5mebgnkf6wakcuyw6saojpwcmzjxhabtw4cfj2k4wgfia",
                            "default_security_list_id": "ocid1.securitylist.oc1.phx.aaaaaaaabwozowtz5svb4aroj6r6goy6ipaz24r724bgpt7nzzepbxhmjftq",
                            "display_name": "local-lbtest-Network",
                            "dns_label": "tomcat",
                            "id": "ocid1.vcn.oc1.phx.aaaaaaaaad6kf5ju6lp5xqi7pau6k32lffqjzfhbi64znn2oyafyudwj64ya",
                            "state": "AVAILABLE",
                            "time_created": "2017-05-09 17:11:55.836 +0000 UTC"
                        },
                        "meta": {
                            "e2bfb730-ecaa-11e6-8f88-34363bc7c4c0": {
                                "create": 300000000000,
                                "delete": 300000000000,
                                "update": 300000000000
                            }
                        },
                        "tainted": false
                    },
                    "deposed": [],
                    "provider": ""
                },
                "baremetal_load_balancer.test-lb": {
                    "type": "baremetal_load_balancer",
                    "depends_on": [
                        "baremetal_core_subnet.lb-subnet-1",
                        "baremetal_core_subnet.lb-subnet-2"
                    ],
                    "primary": {
                        "id": "ocid1.loadbalancer.oc1.phx.aaaaaaaayvpmvcmrzvnm3oahc2qsikt7bvx5marc35nfe2q62muomgidnrsq",
                        "attributes": {
                            "compartment_id": "ocid1.compartment.oc1..aaaaaaaazhpe4v2nmdokr6ngod5niyknyzqh67bolw5fttpg574a65dq5ida",
                            "display_name": "local-test-LB",
                            "id": "ocid1.loadbalancer.oc1.phx.aaaaaaaayvpmvcmrzvnm3oahc2qsikt7bvx5marc35nfe2q62muomgidnrsq",
                            "ip_addresses.#": "1",
                            "ip_addresses.0": "129.146.11.36",
                            "shape": "100Mbps",
                            "state": "DELETING",
                            "subnet_ids.#": "2",
                            "subnet_ids.0": "ocid1.subnet.oc1.phx.aaaaaaaauvxvnvw4hzh46czqfey24rmsruuvtte5unydlawxgigz2k6bfbaq",
                            "subnet_ids.1": "ocid1.subnet.oc1.phx.aaaaaaaaypztfvcn6zhwsi4jtlizudkhnbkm52mlgqieciq3fysnqaff7wbq",
                            "time_created": "2017-05-09 17:12:10.405 +0000 UTC"
                        },
                        "meta": {},
                        "tainted": false
                    },
                    "deposed": [],
                    "provider": ""
                },
                "data.baremetal_identity_availability_domains.ads": {
                    "type": "baremetal_identity_availability_domains",
                    "depends_on": [],
                    "primary": {
                        "id": "2017-05-09 17:39:10.518188821 +0000 UTC",
                        "attributes": {
                            "availability_domains.#": "3",
                            "availability_domains.0.compartment_id": "ocid1.tenancy.oc1..aaaaaaaay7s6icq755xqlytpl33i7ysjzzb2kv3vk3itg5ilsxanrzqmsaha",
                            "availability_domains.0.name": "pILZ:PHX-AD-1",
                            "availability_domains.1.compartment_id": "ocid1.tenancy.oc1..aaaaaaaay7s6icq755xqlytpl33i7ysjzzb2kv3vk3itg5ilsxanrzqmsaha",
                            "availability_domains.1.name": "pILZ:PHX-AD-2",
                            "availability_domains.2.compartment_id": "ocid1.tenancy.oc1..aaaaaaaay7s6icq755xqlytpl33i7ysjzzb2kv3vk3itg5ilsxanrzqmsaha",
                            "availability_domains.2.name": "pILZ:PHX-AD-3",
                            "compartment_id": "ocid1.tenancy.oc1..aaaaaaaay7s6icq755xqlytpl33i7ysjzzb2kv3vk3itg5ilsxanrzqmsaha",
                            "id": "2017-05-09 17:39:10.518188821 +0000 UTC"
                        },
                        "meta": {},
                        "tainted": false
                    },
                    "deposed": [],
                    "provider": ""
                }
            },
            "depends_on": []
        }
    ]
}
