{
    "version": 3,
    "terraform_version": "0.9.4",
    "serial": 0,
    "lineage": "8944dec3-fc3f-474d-ab15-c5886bde5765",
    "modules": [
        {
            "path": [
                "root"
            ],
            "outputs": {},
            "resources": {
                "baremetal_core_dhcp_options.app1-dhcp": {
                    "type": "baremetal_core_dhcp_options",
                    "depends_on": [
                        "baremetal_core_virtual_network.vcn"
                    ],
                    "primary": {
                        "id": "ocid1.dhcpoptions.oc1.iad.aaaaaaaaofda36whgyfv2zr3peok2b4g4e36k3ouoqbmrvcgcrldndwxfrbq",
                        "attributes": {
                            "compartment_id": "ocid1.compartment.oc1..aaaaaaaapj7xxlndxbcrmhw6cftylvdndmyetzmz2aanqy5vk3gciiro5hpa",
                            "display_name": "app-dhcp",
                            "id": "ocid1.dhcpoptions.oc1.iad.aaaaaaaaofda36whgyfv2zr3peok2b4g4e36k3ouoqbmrvcgcrldndwxfrbq",
                            "options.#": "2",
                            "options.0.custom_dns_servers.#": "0",
                            "options.0.search_domain_names.#": "0",
                            "options.0.server_type": "VcnLocalPlusInternet",
                            "options.0.type": "DomainNameServer",
                            "options.1.custom_dns_servers.#": "0",
                            "options.1.search_domain_names.#": "1",
                            "options.1.search_domain_names.0": "app1.tomcat.oraclevcn.com",
                            "options.1.server_type": "",
                            "options.1.type": "SearchDomain",
                            "state": "AVAILABLE",
                            "time_created": "2017-05-16 00:00:24.101 +0000 UTC",
                            "vcn_id": "ocid1.vcn.oc1.iad.aaaaaaaatxvdvuqjav7gfwqyiv6n3xwa5feufcopihupyjbfkuunkbiuh5ba"
                        },
                        "meta": {
                            "e2bfb730-ecaa-11e6-8f88-34363bc7c4c0": {
                                "create": 300000000000,
                                "delete": 300000000000,
                                "update": 300000000000
                            }
                        },
                        "tainted": false
                    },
                    "deposed": [],
                    "provider": ""
                },
                "baremetal_core_dhcp_options.bastion1-dhcp": {
                    "type": "baremetal_core_dhcp_options",
                    "depends_on": [
                        "baremetal_core_virtual_network.vcn"
                    ],
                    "primary": {
                        "id": "ocid1.dhcpoptions.oc1.iad.aaaaaaaaygf32u5uo623kbe5kwb75arxhgb6ggvxzwsmw7j6ifb67n7fnxga",
                        "attributes": {
                            "compartment_id": "ocid1.compartment.oc1..aaaaaaaapj7xxlndxbcrmhw6cftylvdndmyetzmz2aanqy5vk3gciiro5hpa",
                            "display_name": "bastion-dhcp",
                            "id": "ocid1.dhcpoptions.oc1.iad.aaaaaaaaygf32u5uo623kbe5kwb75arxhgb6ggvxzwsmw7j6ifb67n7fnxga",
                            "options.#": "2",
                            "options.0.custom_dns_servers.#": "0",
                            "options.0.search_domain_names.#": "0",
                            "options.0.server_type": "VcnLocalPlusInternet",
                            "options.0.type": "DomainNameServer",
                            "options.1.custom_dns_servers.#": "0",
                            "options.1.search_domain_names.#": "1",
                            "options.1.search_domain_names.0": "BASTION1.tomcat.oraclevcn.com",
                            "options.1.server_type": "",
                            "options.1.type": "SearchDomain",
                            "state": "AVAILABLE",
                            "time_created": "2017-05-16 00:00:24.111 +0000 UTC",
                            "vcn_id": "ocid1.vcn.oc1.iad.aaaaaaaatxvdvuqjav7gfwqyiv6n3xwa5feufcopihupyjbfkuunkbiuh5ba"
                        },
                        "meta": {
                            "e2bfb730-ecaa-11e6-8f88-34363bc7c4c0": {
                                "create": 300000000000,
                                "delete": 300000000000,
                                "update": 300000000000
                            }
                        },
                        "tainted": false
                    },
                    "deposed": [],
                    "provider": ""
                },
                "baremetal_core_internet_gateway.internet-gateway": {
                    "type": "baremetal_core_internet_gateway",
                    "depends_on": [
                        "baremetal_core_virtual_network.vcn"
                    ],
                    "primary": {
                        "id": "ocid1.internetgateway.oc1.iad.aaaaaaaajvl44clf2ghru7iu36st3cgluheryuwoecejvrbhhq4mv7repurq",
                        "attributes": {
                            "compartment_id": "ocid1.compartment.oc1..aaaaaaaapj7xxlndxbcrmhw6cftylvdndmyetzmz2aanqy5vk3gciiro5hpa",
                            "display_name": "Public-IG",
                            "enabled": "true",
                            "id": "ocid1.internetgateway.oc1.iad.aaaaaaaajvl44clf2ghru7iu36st3cgluheryuwoecejvrbhhq4mv7repurq",
                            "state": "AVAILABLE",
                            "time_created": "2017-05-16 00:00:24.091 +0000 UTC",
                            "time_modified": "0001-01-01 00:00:00 +0000 UTC",
                            "vcn_id": "ocid1.vcn.oc1.iad.aaaaaaaatxvdvuqjav7gfwqyiv6n3xwa5feufcopihupyjbfkuunkbiuh5ba"
                        },
                        "meta": {
                            "e2bfb730-ecaa-11e6-8f88-34363bc7c4c0": {
                                "create": 300000000000,
                                "delete": 300000000000,
                                "update": 300000000000
                            }
                        },
                        "tainted": false
                    },
                    "deposed": [],
                    "provider": ""
                },
                "baremetal_core_route_table.route-table": {
                    "type": "baremetal_core_route_table",
                    "depends_on": [
                        "baremetal_core_internet_gateway.internet-gateway",
                        "baremetal_core_virtual_network.vcn"
                    ],
                    "primary": {
                        "id": "ocid1.routetable.oc1.iad.aaaaaaaami3tpc3dt6lanblvdh52ii33einx5belgriy2pztk2bxgxhrhrua",
                        "attributes": {
                            "compartment_id": "ocid1.compartment.oc1..aaaaaaaapj7xxlndxbcrmhw6cftylvdndmyetzmz2aanqy5vk3gciiro5hpa",
                            "display_name": "Public-RT",
                            "id": "ocid1.routetable.oc1.iad.aaaaaaaami3tpc3dt6lanblvdh52ii33einx5belgriy2pztk2bxgxhrhrua",
                            "route_rules.#": "1",
                            "route_rules.0.cidr_block": "0.0.0.0/0",
                            "route_rules.0.network_entity_id": "ocid1.internetgateway.oc1.iad.aaaaaaaajvl44clf2ghru7iu36st3cgluheryuwoecejvrbhhq4mv7repurq",
                            "state": "AVAILABLE",
                            "time_created": "2017-05-16 00:00:24.393 +0000 UTC",
                            "time_modified": "0001-01-01 00:00:00 +0000 UTC",
                            "vcn_id": "ocid1.vcn.oc1.iad.aaaaaaaatxvdvuqjav7gfwqyiv6n3xwa5feufcopihupyjbfkuunkbiuh5ba"
                        },
                        "meta": {
                            "e2bfb730-ecaa-11e6-8f88-34363bc7c4c0": {
                                "create": 300000000000,
                                "delete": 300000000000,
                                "update": 300000000000
                            }
                        },
                        "tainted": false
                    },
                    "deposed": [],
                    "provider": ""
                },
                "baremetal_core_security_list.app-sl": {
                    "type": "baremetal_core_security_list",
                    "depends_on": [
                        "baremetal_core_virtual_network.vcn"
                    ],
                    "primary": {
                        "id": "ocid1.securitylist.oc1.iad.aaaaaaaathtvlsfpxnrfpw274b5qacndqvq4os3dv3nhbsj6hoc4ekua6mvq",
                        "attributes": {
                            "compartment_id": "ocid1.compartment.oc1..aaaaaaaapj7xxlndxbcrmhw6cftylvdndmyetzmz2aanqy5vk3gciiro5hpa",
                            "display_name": "APP-SL",
                            "egress_security_rules.#": "1",
                            "egress_security_rules.0.destination": "0.0.0.0/0",
                            "egress_security_rules.0.icmp_options.#": "0",
                            "egress_security_rules.0.protocol": "6",
                            "egress_security_rules.0.stateless": "false",
                            "egress_security_rules.0.tcp_options.#": "0",
                            "egress_security_rules.0.udp_options.#": "0",
                            "id": "ocid1.securitylist.oc1.iad.aaaaaaaathtvlsfpxnrfpw274b5qacndqvq4os3dv3nhbsj6hoc4ekua6mvq",
                            "ingress_security_rules.#": "2",
                            "ingress_security_rules.0.icmp_options.#": "0",
                            "ingress_security_rules.0.protocol": "6",
                            "ingress_security_rules.0.source": "0.0.0.0/0",
                            "ingress_security_rules.0.stateless": "false",
                            "ingress_security_rules.0.tcp_options.#": "1",
                            "ingress_security_rules.0.tcp_options.0.max": "8080",
                            "ingress_security_rules.0.tcp_options.0.min": "8080",
                            "ingress_security_rules.0.udp_options.#": "0",
                            "ingress_security_rules.1.icmp_options.#": "0",
                            "ingress_security_rules.1.protocol": "6",
                            "ingress_security_rules.1.source": "10.0.1.0/24",
                            "ingress_security_rules.1.stateless": "false",
                            "ingress_security_rules.1.tcp_options.#": "1",
                            "ingress_security_rules.1.tcp_options.0.max": "22",
                            "ingress_security_rules.1.tcp_options.0.min": "22",
                            "ingress_security_rules.1.udp_options.#": "0",
                            "state": "AVAILABLE",
                            "time_created": "2017-05-16 00:00:24.092 +0000 UTC",
                            "vcn_id": "ocid1.vcn.oc1.iad.aaaaaaaatxvdvuqjav7gfwqyiv6n3xwa5feufcopihupyjbfkuunkbiuh5ba"
                        },
                        "meta": {
                            "e2bfb730-ecaa-11e6-8f88-34363bc7c4c0": {
                                "create": 300000000000,
                                "delete": 300000000000,
                                "update": 300000000000
                            }
                        },
                        "tainted": false
                    },
                    "deposed": [],
                    "provider": ""
                },
                "baremetal_core_security_list.bastion-sl": {
                    "type": "baremetal_core_security_list",
                    "depends_on": [
                        "baremetal_core_virtual_network.vcn"
                    ],
                    "primary": {
                        "id": "ocid1.securitylist.oc1.iad.aaaaaaaay37rrcnqj3laq5cdjkzolqzgwfraegugkdajf5itpvtkqegm7wea",
                        "attributes": {
                            "compartment_id": "ocid1.compartment.oc1..aaaaaaaapj7xxlndxbcrmhw6cftylvdndmyetzmz2aanqy5vk3gciiro5hpa",
                            "display_name": "BASTION-SL",
                            "egress_security_rules.#": "1",
                            "egress_security_rules.0.destination": "0.0.0.0/0",
                            "egress_security_rules.0.icmp_options.#": "0",
                            "egress_security_rules.0.protocol": "6",
                            "egress_security_rules.0.stateless": "false",
                            "egress_security_rules.0.tcp_options.#": "0",
                            "egress_security_rules.0.udp_options.#": "0",
                            "id": "ocid1.securitylist.oc1.iad.aaaaaaaay37rrcnqj3laq5cdjkzolqzgwfraegugkdajf5itpvtkqegm7wea",
                            "ingress_security_rules.#": "1",
                            "ingress_security_rules.0.icmp_options.#": "0",
                            "ingress_security_rules.0.protocol": "6",
                            "ingress_security_rules.0.source": "0.0.0.0/0",
                            "ingress_security_rules.0.stateless": "false",
                            "ingress_security_rules.0.tcp_options.#": "1",
                            "ingress_security_rules.0.tcp_options.0.max": "22",
                            "ingress_security_rules.0.tcp_options.0.min": "22",
                            "ingress_security_rules.0.udp_options.#": "0",
                            "state": "AVAILABLE",
                            "time_created": "2017-05-16 00:00:24.064 +0000 UTC",
                            "vcn_id": "ocid1.vcn.oc1.iad.aaaaaaaatxvdvuqjav7gfwqyiv6n3xwa5feufcopihupyjbfkuunkbiuh5ba"
                        },
                        "meta": {
                            "e2bfb730-ecaa-11e6-8f88-34363bc7c4c0": {
                                "create": 300000000000,
                                "delete": 300000000000,
                                "update": 300000000000
                            }
                        },
                        "tainted": false
                    },
                    "deposed": [],
                    "provider": ""
                },
                "baremetal_core_security_list.lb-sl": {
                    "type": "baremetal_core_security_list",
                    "depends_on": [
                        "baremetal_core_virtual_network.vcn"
                    ],
                    "primary": {
                        "id": "ocid1.securitylist.oc1.iad.aaaaaaaaqe3krcdyxa5sor3vekbro6cvj3azt6rncefgjwo5fdl4m6axj6oa",
                        "attributes": {
                            "compartment_id": "ocid1.compartment.oc1..aaaaaaaapj7xxlndxbcrmhw6cftylvdndmyetzmz2aanqy5vk3gciiro5hpa",
                            "display_name": "LB-SL",
                            "egress_security_rules.#": "1",
                            "egress_security_rules.0.destination": "0.0.0.0/0",
                            "egress_security_rules.0.icmp_options.#": "0",
                            "egress_security_rules.0.protocol": "6",
                            "egress_security_rules.0.stateless": "false",
                            "egress_security_rules.0.tcp_options.#": "0",
                            "egress_security_rules.0.udp_options.#": "0",
                            "id": "ocid1.securitylist.oc1.iad.aaaaaaaaqe3krcdyxa5sor3vekbro6cvj3azt6rncefgjwo5fdl4m6axj6oa",
                            "ingress_security_rules.#": "1",
                            "ingress_security_rules.0.icmp_options.#": "0",
                            "ingress_security_rules.0.protocol": "6",
                            "ingress_security_rules.0.source": "0.0.0.0/0",
                            "ingress_security_rules.0.stateless": "false",
                            "ingress_security_rules.0.tcp_options.#": "1",
                            "ingress_security_rules.0.tcp_options.0.max": "8080",
                            "ingress_security_rules.0.tcp_options.0.min": "8080",
                            "ingress_security_rules.0.udp_options.#": "0",
                            "state": "AVAILABLE",
                            "time_created": "2017-05-16 00:00:23.905 +0000 UTC",
                            "vcn_id": "ocid1.vcn.oc1.iad.aaaaaaaatxvdvuqjav7gfwqyiv6n3xwa5feufcopihupyjbfkuunkbiuh5ba"
                        },
                        "meta": {
                            "e2bfb730-ecaa-11e6-8f88-34363bc7c4c0": {
                                "create": 300000000000,
                                "delete": 300000000000,
                                "update": 300000000000
                            }
                        },
                        "tainted": false
                    },
                    "deposed": [],
                    "provider": ""
                },
                "baremetal_core_subnet.app-subnet-1": {
                    "type": "baremetal_core_subnet",
                    "depends_on": [
                        "baremetal_core_dhcp_options.app1-dhcp",
                        "baremetal_core_route_table.route-table",
                        "baremetal_core_security_list.app-sl",
                        "baremetal_core_virtual_network.vcn",
                        "data.baremetal_identity_availability_domains.ads"
                    ],
                    "primary": {
                        "id": "ocid1.subnet.oc1.iad.aaaaaaaaxbxl4caf23genocjcgqrya5gvc3npb2emqoamlhysdrk3qnmgwdq",
                        "attributes": {
                            "availability_domain": "pILZ:US-ASHBURN-AD-1",
                            "cidr_block": "10.0.3.0/28",
                            "compartment_id": "ocid1.compartment.oc1..aaaaaaaapj7xxlndxbcrmhw6cftylvdndmyetzmz2aanqy5vk3gciiro5hpa",
                            "dhcp_options_id": "ocid1.dhcpoptions.oc1.iad.aaaaaaaaofda36whgyfv2zr3peok2b4g4e36k3ouoqbmrvcgcrldndwxfrbq",
                            "display_name": "APP",
                            "dns_label": "app",
                            "id": "ocid1.subnet.oc1.iad.aaaaaaaaxbxl4caf23genocjcgqrya5gvc3npb2emqoamlhysdrk3qnmgwdq",
                            "route_table_id": "ocid1.routetable.oc1.iad.aaaaaaaami3tpc3dt6lanblvdh52ii33einx5belgriy2pztk2bxgxhrhrua",
                            "security_list_ids.#": "1",
                            "security_list_ids.1422484323": "ocid1.securitylist.oc1.iad.aaaaaaaathtvlsfpxnrfpw274b5qacndqvq4os3dv3nhbsj6hoc4ekua6mvq",
                            "state": "AVAILABLE",
                            "time_created": "2017-05-16 00:00:25.68 +0000 UTC",
                            "vcn_id": "ocid1.vcn.oc1.iad.aaaaaaaatxvdvuqjav7gfwqyiv6n3xwa5feufcopihupyjbfkuunkbiuh5ba",
                            "virtual_router_ip": "10.0.3.1",
                            "virtual_router_mac": "00:00:17:83:4D:D7"
                        },
                        "meta": {
                            "e2bfb730-ecaa-11e6-8f88-34363bc7c4c0": {
                                "create": 300000000000,
                                "delete": 300000000000,
                                "update": 300000000000
                            }
                        },
                        "tainted": false
                    },
                    "deposed": [],
                    "provider": ""
                },
                "baremetal_core_subnet.bastion-subnet": {
                    "type": "baremetal_core_subnet",
                    "depends_on": [
                        "baremetal_core_dhcp_options.bastion1-dhcp",
                        "baremetal_core_route_table.route-table",
                        "baremetal_core_security_list.bastion-sl",
                        "baremetal_core_virtual_network.vcn",
                        "data.baremetal_identity_availability_domains.ads"
                    ],
                    "primary": {
                        "id": "ocid1.subnet.oc1.iad.aaaaaaaa6onyzsrdghelw5yrvnkmecmcts5tyw5ukisxj56htr2t25zeyrca",
                        "attributes": {
                            "availability_domain": "pILZ:US-ASHBURN-AD-1",
                            "cidr_block": "10.0.1.0/28",
                            "compartment_id": "ocid1.compartment.oc1..aaaaaaaapj7xxlndxbcrmhw6cftylvdndmyetzmz2aanqy5vk3gciiro5hpa",
                            "dhcp_options_id": "ocid1.dhcpoptions.oc1.iad.aaaaaaaaygf32u5uo623kbe5kwb75arxhgb6ggvxzwsmw7j6ifb67n7fnxga",
                            "display_name": "BASTION",
                            "dns_label": "bastion",
                            "id": "ocid1.subnet.oc1.iad.aaaaaaaa6onyzsrdghelw5yrvnkmecmcts5tyw5ukisxj56htr2t25zeyrca",
                            "route_table_id": "ocid1.routetable.oc1.iad.aaaaaaaami3tpc3dt6lanblvdh52ii33einx5belgriy2pztk2bxgxhrhrua",
                            "security_list_ids.#": "1",
                            "security_list_ids.3190764364": "ocid1.securitylist.oc1.iad.aaaaaaaay37rrcnqj3laq5cdjkzolqzgwfraegugkdajf5itpvtkqegm7wea",
                            "state": "AVAILABLE",
                            "time_created": "2017-05-16 00:00:24.652 +0000 UTC",
                            "vcn_id": "ocid1.vcn.oc1.iad.aaaaaaaatxvdvuqjav7gfwqyiv6n3xwa5feufcopihupyjbfkuunkbiuh5ba",
                            "virtual_router_ip": "10.0.1.1",
                            "virtual_router_mac": "00:00:17:83:4D:D7"
                        },
                        "meta": {
                            "e2bfb730-ecaa-11e6-8f88-34363bc7c4c0": {
                                "create": 300000000000,
                                "delete": 300000000000,
                                "update": 300000000000
                            }
                        },
                        "tainted": false
                    },
                    "deposed": [],
                    "provider": ""
                },
                "baremetal_core_subnet.lb-subnet-1": {
                    "type": "baremetal_core_subnet",
                    "depends_on": [
                        "baremetal_core_route_table.route-table",
                        "baremetal_core_security_list.lb-sl",
                        "baremetal_core_virtual_network.vcn",
                        "data.baremetal_identity_availability_domains.ads"
                    ],
                    "primary": {
                        "id": "ocid1.subnet.oc1.iad.aaaaaaaaoiukvnp5bsneozdhnd5byar6ba6ovxf33essmqmiimxgbtwnw7hq",
                        "attributes": {
                            "availability_domain": "pILZ:US-ASHBURN-AD-1",
                            "cidr_block": "10.0.2.0/28",
                            "compartment_id": "ocid1.compartment.oc1..aaaaaaaapj7xxlndxbcrmhw6cftylvdndmyetzmz2aanqy5vk3gciiro5hpa",
                            "dhcp_options_id": "ocid1.dhcpoptions.oc1.iad.aaaaaaaamlozldmc5ceuuur4hlbrj76ylcjusim743oypaqeqivhtts4sixq",
                            "display_name": "LB-AD1",
                            "dns_label": "lb1",
                            "id": "ocid1.subnet.oc1.iad.aaaaaaaaoiukvnp5bsneozdhnd5byar6ba6ovxf33essmqmiimxgbtwnw7hq",
                            "route_table_id": "ocid1.routetable.oc1.iad.aaaaaaaami3tpc3dt6lanblvdh52ii33einx5belgriy2pztk2bxgxhrhrua",
                            "security_list_ids.#": "1",
                            "security_list_ids.4047458329": "ocid1.securitylist.oc1.iad.aaaaaaaaqe3krcdyxa5sor3vekbro6cvj3azt6rncefgjwo5fdl4m6axj6oa",
                            "state": "AVAILABLE",
                            "time_created": "2017-05-16 00:00:24.885 +0000 UTC",
                            "vcn_id": "ocid1.vcn.oc1.iad.aaaaaaaatxvdvuqjav7gfwqyiv6n3xwa5feufcopihupyjbfkuunkbiuh5ba",
                            "virtual_router_ip": "10.0.2.1",
                            "virtual_router_mac": "00:00:17:83:4D:D7"
                        },
                        "meta": {
                            "e2bfb730-ecaa-11e6-8f88-34363bc7c4c0": {
                                "create": 300000000000,
                                "delete": 300000000000,
                                "update": 300000000000
                            }
                        },
                        "tainted": false
                    },
                    "deposed": [],
                    "provider": ""
                },
                "baremetal_core_subnet.lb-subnet-2": {
                    "type": "baremetal_core_subnet",
                    "depends_on": [
                        "baremetal_core_route_table.route-table",
                        "baremetal_core_security_list.lb-sl",
                        "baremetal_core_virtual_network.vcn",
                        "data.baremetal_identity_availability_domains.ads"
                    ],
                    "primary": {
                        "id": "ocid1.subnet.oc1.iad.aaaaaaaaouokkfm6jsj4bhhxirq2dovq7zpz4mhs4a3erg6xqhdh7uzkr5bq",
                        "attributes": {
                            "availability_domain": "pILZ:US-ASHBURN-AD-2",
                            "cidr_block": "10.0.2.16/28",
                            "compartment_id": "ocid1.compartment.oc1..aaaaaaaapj7xxlndxbcrmhw6cftylvdndmyetzmz2aanqy5vk3gciiro5hpa",
                            "dhcp_options_id": "ocid1.dhcpoptions.oc1.iad.aaaaaaaamlozldmc5ceuuur4hlbrj76ylcjusim743oypaqeqivhtts4sixq",
                            "display_name": "LB-AD2",
                            "dns_label": "lb2",
                            "id": "ocid1.subnet.oc1.iad.aaaaaaaaouokkfm6jsj4bhhxirq2dovq7zpz4mhs4a3erg6xqhdh7uzkr5bq",
                            "route_table_id": "ocid1.routetable.oc1.iad.aaaaaaaami3tpc3dt6lanblvdh52ii33einx5belgriy2pztk2bxgxhrhrua",
                            "security_list_ids.#": "1",
                            "security_list_ids.4047458329": "ocid1.securitylist.oc1.iad.aaaaaaaaqe3krcdyxa5sor3vekbro6cvj3azt6rncefgjwo5fdl4m6axj6oa",
                            "state": "AVAILABLE",
                            "time_created": "2017-05-16 00:00:25.365 +0000 UTC",
                            "vcn_id": "ocid1.vcn.oc1.iad.aaaaaaaatxvdvuqjav7gfwqyiv6n3xwa5feufcopihupyjbfkuunkbiuh5ba",
                            "virtual_router_ip": "10.0.2.17",
                            "virtual_router_mac": "00:00:17:83:4D:D7"
                        },
                        "meta": {
                            "e2bfb730-ecaa-11e6-8f88-34363bc7c4c0": {
                                "create": 300000000000,
                                "delete": 300000000000,
                                "update": 300000000000
                            }
                        },
                        "tainted": false
                    },
                    "deposed": [],
                    "provider": ""
                },
                "baremetal_core_virtual_network.vcn": {
                    "type": "baremetal_core_virtual_network",
                    "depends_on": [],
                    "primary": {
                        "id": "ocid1.vcn.oc1.iad.aaaaaaaatxvdvuqjav7gfwqyiv6n3xwa5feufcopihupyjbfkuunkbiuh5ba",
                        "attributes": {
                            "cidr_block": "10.0.0.0/16",
                            "compartment_id": "ocid1.compartment.oc1..aaaaaaaapj7xxlndxbcrmhw6cftylvdndmyetzmz2aanqy5vk3gciiro5hpa",
                            "default_dhcp_options_id": "ocid1.dhcpoptions.oc1.iad.aaaaaaaamlozldmc5ceuuur4hlbrj76ylcjusim743oypaqeqivhtts4sixq",
                            "default_route_table_id": "ocid1.routetable.oc1.iad.aaaaaaaa7oq3xd5sbnjs6rfyvinle34gv5o3slkxt5lvarguxe3zrjtoxcjq",
                            "default_security_list_id": "ocid1.securitylist.oc1.iad.aaaaaaaaxcnpf7nk45v2s2hqhakn6vlod2n6kefxd5cti3nw7xkj2novxjzq",
                            "display_name": "local-Tomcat-Network",
                            "dns_label": "tomcat",
                            "id": "ocid1.vcn.oc1.iad.aaaaaaaatxvdvuqjav7gfwqyiv6n3xwa5feufcopihupyjbfkuunkbiuh5ba",
                            "state": "AVAILABLE",
                            "time_created": "2017-05-16 00:00:23.466 +0000 UTC"
                        },
                        "meta": {
                            "e2bfb730-ecaa-11e6-8f88-34363bc7c4c0": {
                                "create": 300000000000,
                                "delete": 300000000000,
                                "update": 300000000000
                            }
                        },
                        "tainted": false
                    },
                    "deposed": [],
                    "provider": ""
                },
                "data.baremetal_identity_availability_domains.ads": {
                    "type": "baremetal_identity_availability_domains",
                    "depends_on": [],
                    "primary": {
                        "id": "2017-05-16 00:00:23.064706267 +0000 UTC",
                        "attributes": {
                            "availability_domains.#": "3",
                            "availability_domains.0.compartment_id": "ocid1.tenancy.oc1..aaaaaaaay7s6icq755xqlytpl33i7ysjzzb2kv3vk3itg5ilsxanrzqmsaha",
                            "availability_domains.0.name": "pILZ:US-ASHBURN-AD-1",
                            "availability_domains.1.compartment_id": "ocid1.tenancy.oc1..aaaaaaaay7s6icq755xqlytpl33i7ysjzzb2kv3vk3itg5ilsxanrzqmsaha",
                            "availability_domains.1.name": "pILZ:US-ASHBURN-AD-2",
                            "availability_domains.2.compartment_id": "ocid1.tenancy.oc1..aaaaaaaay7s6icq755xqlytpl33i7ysjzzb2kv3vk3itg5ilsxanrzqmsaha",
                            "availability_domains.2.name": "pILZ:US-ASHBURN-AD-3",
                            "compartment_id": "ocid1.tenancy.oc1..aaaaaaaay7s6icq755xqlytpl33i7ysjzzb2kv3vk3itg5ilsxanrzqmsaha",
                            "id": "2017-05-16 00:00:23.064706267 +0000 UTC"
                        },
                        "meta": {},
                        "tainted": false
                    },
                    "deposed": [],
                    "provider": ""
                }
            },
            "depends_on": []
        },
        {
            "path": [
                "root",
                "bastion-1"
            ],
            "outputs": {},
            "resources": {},
            "depends_on": []
        },
        {
            "path": [
                "root",
                "tomcat-server"
            ],
            "outputs": {},
            "resources": {},
            "depends_on": []
        },
        {
            "path": [
                "root",
                "tomcat-server",
                "tomcat-server"
            ],
            "outputs": {},
            "resources": {},
            "depends_on": []
        }
    ]
}
