{
    "version": 3,
    "terraform_version": "0.9.4",
    "serial": 6,
    "lineage": "cfb008c7-fec5-4b4e-8833-16676307d8f1",
    "modules": [
        {
            "path": [
                "root"
            ],
            "outputs": {},
            "resources": {
                "baremetal_core_internet_gateway.internet-gateway": {
                    "type": "baremetal_core_internet_gateway",
                    "depends_on": [
                        "baremetal_core_virtual_network.vcn"
                    ],
                    "primary": {
                        "id": "ocid1.internetgateway.oc1.iad.aaaaaaaapuptkkrzf7dfdacqsuydtocas2ya3chwg7jhwxt7lofhqdj4sytq",
                        "attributes": {
                            "compartment_id": "ocid1.compartment.oc1..aaaaaaaapj7xxlndxbcrmhw6cftylvdndmyetzmz2aanqy5vk3gciiro5hpa",
                            "display_name": "Public-IG",
                            "enabled": "true",
                            "id": "ocid1.internetgateway.oc1.iad.aaaaaaaapuptkkrzf7dfdacqsuydtocas2ya3chwg7jhwxt7lofhqdj4sytq",
                            "state": "AVAILABLE",
                            "time_created": "2017-05-16 08:22:42.701 +0000 UTC",
                            "time_modified": "0001-01-01 00:00:00 +0000 UTC",
                            "vcn_id": "ocid1.vcn.oc1.iad.aaaaaaaatwfwhr5q7h3fqaxoxcakf6uppwcur64mr5vfhksrn4hgmhaglqsq"
                        },
                        "meta": {
                            "e2bfb730-ecaa-11e6-8f88-34363bc7c4c0": {
                                "create": 300000000000,
                                "delete": 300000000000,
                                "update": 300000000000
                            }
                        },
                        "tainted": false
                    },
                    "deposed": [],
                    "provider": ""
                },
                "baremetal_core_route_table.route-table": {
                    "type": "baremetal_core_route_table",
                    "depends_on": [
                        "baremetal_core_internet_gateway.internet-gateway",
                        "baremetal_core_virtual_network.vcn"
                    ],
                    "primary": {
                        "id": "ocid1.routetable.oc1.iad.aaaaaaaaef6o5gpwieymevcjiplqwoc7u6fzcaen6tborv5fcexovkg7lbaa",
                        "attributes": {
                            "compartment_id": "ocid1.compartment.oc1..aaaaaaaapj7xxlndxbcrmhw6cftylvdndmyetzmz2aanqy5vk3gciiro5hpa",
                            "display_name": "Public-RT",
                            "id": "ocid1.routetable.oc1.iad.aaaaaaaaef6o5gpwieymevcjiplqwoc7u6fzcaen6tborv5fcexovkg7lbaa",
                            "route_rules.#": "1",
                            "route_rules.0.cidr_block": "0.0.0.0/0",
                            "route_rules.0.network_entity_id": "ocid1.internetgateway.oc1.iad.aaaaaaaapuptkkrzf7dfdacqsuydtocas2ya3chwg7jhwxt7lofhqdj4sytq",
                            "state": "AVAILABLE",
                            "time_created": "2017-05-16 08:22:43.068 +0000 UTC",
                            "time_modified": "0001-01-01 00:00:00 +0000 UTC",
                            "vcn_id": "ocid1.vcn.oc1.iad.aaaaaaaatwfwhr5q7h3fqaxoxcakf6uppwcur64mr5vfhksrn4hgmhaglqsq"
                        },
                        "meta": {
                            "e2bfb730-ecaa-11e6-8f88-34363bc7c4c0": {
                                "create": 300000000000,
                                "delete": 300000000000,
                                "update": 300000000000
                            }
                        },
                        "tainted": false
                    },
                    "deposed": [],
                    "provider": ""
                },
                "baremetal_core_security_list.app-sl": {
                    "type": "baremetal_core_security_list",
                    "depends_on": [
                        "baremetal_core_virtual_network.vcn"
                    ],
                    "primary": {
                        "id": "ocid1.securitylist.oc1.iad.aaaaaaaahjoaas5jofezbsfhyphz5ifi2gzbwcutocijdlg5nwd72pgc5nea",
                        "attributes": {
                            "compartment_id": "ocid1.compartment.oc1..aaaaaaaapj7xxlndxbcrmhw6cftylvdndmyetzmz2aanqy5vk3gciiro5hpa",
                            "display_name": "APP-SL",
                            "egress_security_rules.#": "1",
                            "egress_security_rules.0.destination": "0.0.0.0/0",
                            "egress_security_rules.0.icmp_options.#": "0",
                            "egress_security_rules.0.protocol": "6",
                            "egress_security_rules.0.stateless": "false",
                            "egress_security_rules.0.tcp_options.#": "0",
                            "egress_security_rules.0.udp_options.#": "0",
                            "id": "ocid1.securitylist.oc1.iad.aaaaaaaahjoaas5jofezbsfhyphz5ifi2gzbwcutocijdlg5nwd72pgc5nea",
                            "ingress_security_rules.#": "2",
                            "ingress_security_rules.0.icmp_options.#": "0",
                            "ingress_security_rules.0.protocol": "6",
                            "ingress_security_rules.0.source": "0.0.0.0/0",
                            "ingress_security_rules.0.stateless": "false",
                            "ingress_security_rules.0.tcp_options.#": "1",
                            "ingress_security_rules.0.tcp_options.0.max": "8080",
                            "ingress_security_rules.0.tcp_options.0.min": "8080",
                            "ingress_security_rules.0.udp_options.#": "0",
                            "ingress_security_rules.1.icmp_options.#": "0",
                            "ingress_security_rules.1.protocol": "6",
                            "ingress_security_rules.1.source": "10.0.1.0/24",
                            "ingress_security_rules.1.stateless": "false",
                            "ingress_security_rules.1.tcp_options.#": "1",
                            "ingress_security_rules.1.tcp_options.0.max": "22",
                            "ingress_security_rules.1.tcp_options.0.min": "22",
                            "ingress_security_rules.1.udp_options.#": "0",
                            "state": "AVAILABLE",
                            "time_created": "2017-05-16 08:22:42.966 +0000 UTC",
                            "vcn_id": "ocid1.vcn.oc1.iad.aaaaaaaatwfwhr5q7h3fqaxoxcakf6uppwcur64mr5vfhksrn4hgmhaglqsq"
                        },
                        "meta": {
                            "e2bfb730-ecaa-11e6-8f88-34363bc7c4c0": {
                                "create": 300000000000,
                                "delete": 300000000000,
                                "update": 300000000000
                            }
                        },
                        "tainted": false
                    },
                    "deposed": [],
                    "provider": ""
                },
                "baremetal_core_security_list.bastion-sl": {
                    "type": "baremetal_core_security_list",
                    "depends_on": [
                        "baremetal_core_virtual_network.vcn"
                    ],
                    "primary": {
                        "id": "ocid1.securitylist.oc1.iad.aaaaaaaazf2icj5agvkic4tqftdoccigxaqpntboynfoyjw7dlu6vzmbtkja",
                        "attributes": {
                            "compartment_id": "ocid1.compartment.oc1..aaaaaaaapj7xxlndxbcrmhw6cftylvdndmyetzmz2aanqy5vk3gciiro5hpa",
                            "display_name": "BASTION-SL",
                            "egress_security_rules.#": "1",
                            "egress_security_rules.0.destination": "0.0.0.0/0",
                            "egress_security_rules.0.icmp_options.#": "0",
                            "egress_security_rules.0.protocol": "6",
                            "egress_security_rules.0.stateless": "false",
                            "egress_security_rules.0.tcp_options.#": "0",
                            "egress_security_rules.0.udp_options.#": "0",
                            "id": "ocid1.securitylist.oc1.iad.aaaaaaaazf2icj5agvkic4tqftdoccigxaqpntboynfoyjw7dlu6vzmbtkja",
                            "ingress_security_rules.#": "1",
                            "ingress_security_rules.0.icmp_options.#": "0",
                            "ingress_security_rules.0.protocol": "6",
                            "ingress_security_rules.0.source": "0.0.0.0/0",
                            "ingress_security_rules.0.stateless": "false",
                            "ingress_security_rules.0.tcp_options.#": "1",
                            "ingress_security_rules.0.tcp_options.0.max": "22",
                            "ingress_security_rules.0.tcp_options.0.min": "22",
                            "ingress_security_rules.0.udp_options.#": "0",
                            "state": "AVAILABLE",
                            "time_created": "2017-05-16 08:22:42.922 +0000 UTC",
                            "vcn_id": "ocid1.vcn.oc1.iad.aaaaaaaatwfwhr5q7h3fqaxoxcakf6uppwcur64mr5vfhksrn4hgmhaglqsq"
                        },
                        "meta": {
                            "e2bfb730-ecaa-11e6-8f88-34363bc7c4c0": {
                                "create": 300000000000,
                                "delete": 300000000000,
                                "update": 300000000000
                            }
                        },
                        "tainted": false
                    },
                    "deposed": [],
                    "provider": ""
                },
                "baremetal_core_subnet.app-subnet-1": {
                    "type": "baremetal_core_subnet",
                    "depends_on": [
                        "baremetal_core_route_table.route-table",
                        "baremetal_core_security_list.app-sl",
                        "baremetal_core_virtual_network.vcn",
                        "data.baremetal_identity_availability_domains.ads"
                    ],
                    "primary": {
                        "id": "ocid1.subnet.oc1.iad.aaaaaaaasnzrouddztv43ihy5psiafrtw676urz4f3en3czm4twosze7mwpa",
                        "attributes": {
                            "availability_domain": "pILZ:US-ASHBURN-AD-1",
                            "cidr_block": "10.0.3.0/28",
                            "compartment_id": "ocid1.compartment.oc1..aaaaaaaapj7xxlndxbcrmhw6cftylvdndmyetzmz2aanqy5vk3gciiro5hpa",
                            "dhcp_options_id": "ocid1.dhcpoptions.oc1.iad.aaaaaaaacpyfdyx5y5u25s6ybxerku7dyso7ltb4ado4d5opks6gdjzfyb3q",
                            "display_name": "APP",
                            "dns_label": "app",
                            "id": "ocid1.subnet.oc1.iad.aaaaaaaasnzrouddztv43ihy5psiafrtw676urz4f3en3czm4twosze7mwpa",
                            "route_table_id": "ocid1.routetable.oc1.iad.aaaaaaaaef6o5gpwieymevcjiplqwoc7u6fzcaen6tborv5fcexovkg7lbaa",
                            "security_list_ids.#": "1",
                            "security_list_ids.2490816274": "ocid1.securitylist.oc1.iad.aaaaaaaahjoaas5jofezbsfhyphz5ifi2gzbwcutocijdlg5nwd72pgc5nea",
                            "state": "AVAILABLE",
                            "time_created": "2017-05-16 08:22:43.496 +0000 UTC",
                            "vcn_id": "ocid1.vcn.oc1.iad.aaaaaaaatwfwhr5q7h3fqaxoxcakf6uppwcur64mr5vfhksrn4hgmhaglqsq",
                            "virtual_router_ip": "10.0.3.1",
                            "virtual_router_mac": "00:00:17:A4:AD:31"
                        },
                        "meta": {
                            "e2bfb730-ecaa-11e6-8f88-34363bc7c4c0": {
                                "create": 300000000000,
                                "delete": 300000000000,
                                "update": 300000000000
                            }
                        },
                        "tainted": false
                    },
                    "deposed": [],
                    "provider": ""
                },
                "baremetal_core_subnet.bastion-subnet": {
                    "type": "baremetal_core_subnet",
                    "depends_on": [
                        "baremetal_core_route_table.route-table",
                        "baremetal_core_security_list.bastion-sl",
                        "baremetal_core_virtual_network.vcn",
                        "data.baremetal_identity_availability_domains.ads"
                    ],
                    "primary": {
                        "id": "ocid1.subnet.oc1.iad.aaaaaaaaugcqtrakbhkmeacfxcsk4lat5gqi3rdfd772mqu56zksdegisinq",
                        "attributes": {
                            "availability_domain": "pILZ:US-ASHBURN-AD-1",
                            "cidr_block": "10.0.1.0/28",
                            "compartment_id": "ocid1.compartment.oc1..aaaaaaaapj7xxlndxbcrmhw6cftylvdndmyetzmz2aanqy5vk3gciiro5hpa",
                            "dhcp_options_id": "ocid1.dhcpoptions.oc1.iad.aaaaaaaacpyfdyx5y5u25s6ybxerku7dyso7ltb4ado4d5opks6gdjzfyb3q",
                            "display_name": "BASTION",
                            "dns_label": "bastion",
                            "id": "ocid1.subnet.oc1.iad.aaaaaaaaugcqtrakbhkmeacfxcsk4lat5gqi3rdfd772mqu56zksdegisinq",
                            "route_table_id": "ocid1.routetable.oc1.iad.aaaaaaaaef6o5gpwieymevcjiplqwoc7u6fzcaen6tborv5fcexovkg7lbaa",
                            "security_list_ids.#": "1",
                            "security_list_ids.4154415938": "ocid1.securitylist.oc1.iad.aaaaaaaazf2icj5agvkic4tqftdoccigxaqpntboynfoyjw7dlu6vzmbtkja",
                            "state": "AVAILABLE",
                            "time_created": "2017-05-16 08:22:43.329 +0000 UTC",
                            "vcn_id": "ocid1.vcn.oc1.iad.aaaaaaaatwfwhr5q7h3fqaxoxcakf6uppwcur64mr5vfhksrn4hgmhaglqsq",
                            "virtual_router_ip": "10.0.1.1",
                            "virtual_router_mac": "00:00:17:A4:AD:31"
                        },
                        "meta": {
                            "e2bfb730-ecaa-11e6-8f88-34363bc7c4c0": {
                                "create": 300000000000,
                                "delete": 300000000000,
                                "update": 300000000000
                            }
                        },
                        "tainted": false
                    },
                    "deposed": [],
                    "provider": ""
                },
                "baremetal_core_virtual_network.vcn": {
                    "type": "baremetal_core_virtual_network",
                    "depends_on": [],
                    "primary": {
                        "id": "ocid1.vcn.oc1.iad.aaaaaaaatwfwhr5q7h3fqaxoxcakf6uppwcur64mr5vfhksrn4hgmhaglqsq",
                        "attributes": {
                            "cidr_block": "10.0.0.0/16",
                            "compartment_id": "ocid1.compartment.oc1..aaaaaaaapj7xxlndxbcrmhw6cftylvdndmyetzmz2aanqy5vk3gciiro5hpa",
                            "default_dhcp_options_id": "ocid1.dhcpoptions.oc1.iad.aaaaaaaacpyfdyx5y5u25s6ybxerku7dyso7ltb4ado4d5opks6gdjzfyb3q",
                            "default_route_table_id": "ocid1.routetable.oc1.iad.aaaaaaaad7olthh53uza2tk622v4cr6sgv26l2e7todjxtceheexgp3smjuq",
                            "default_security_list_id": "ocid1.securitylist.oc1.iad.aaaaaaaaiewqgmlltvajkzy4teu6j2ud3222wrr63mrk7qatd7ebeoi2ffxa",
                            "display_name": "local-App-Network",
                            "dns_label": "dev",
                            "id": "ocid1.vcn.oc1.iad.aaaaaaaatwfwhr5q7h3fqaxoxcakf6uppwcur64mr5vfhksrn4hgmhaglqsq",
                            "state": "AVAILABLE",
                            "time_created": "2017-05-16 08:22:42.33 +0000 UTC"
                        },
                        "meta": {
                            "e2bfb730-ecaa-11e6-8f88-34363bc7c4c0": {
                                "create": 300000000000,
                                "delete": 300000000000,
                                "update": 300000000000
                            }
                        },
                        "tainted": false
                    },
                    "deposed": [],
                    "provider": ""
                },
                "data.baremetal_identity_availability_domains.ads": {
                    "type": "baremetal_identity_availability_domains",
                    "depends_on": [],
                    "primary": {
                        "id": "2017-05-16 08:22:41.919822745 +0000 UTC",
                        "attributes": {
                            "availability_domains.#": "3",
                            "availability_domains.0.compartment_id": "ocid1.tenancy.oc1..aaaaaaaay7s6icq755xqlytpl33i7ysjzzb2kv3vk3itg5ilsxanrzqmsaha",
                            "availability_domains.0.name": "pILZ:US-ASHBURN-AD-1",
                            "availability_domains.1.compartment_id": "ocid1.tenancy.oc1..aaaaaaaay7s6icq755xqlytpl33i7ysjzzb2kv3vk3itg5ilsxanrzqmsaha",
                            "availability_domains.1.name": "pILZ:US-ASHBURN-AD-2",
                            "availability_domains.2.compartment_id": "ocid1.tenancy.oc1..aaaaaaaay7s6icq755xqlytpl33i7ysjzzb2kv3vk3itg5ilsxanrzqmsaha",
                            "availability_domains.2.name": "pILZ:US-ASHBURN-AD-3",
                            "compartment_id": "ocid1.tenancy.oc1..aaaaaaaay7s6icq755xqlytpl33i7ysjzzb2kv3vk3itg5ilsxanrzqmsaha",
                            "id": "2017-05-16 08:22:41.919822745 +0000 UTC"
                        },
                        "meta": {},
                        "tainted": false
                    },
                    "deposed": [],
                    "provider": ""
                }
            },
            "depends_on": []
        },
        {
            "path": [
                "root",
                "bastion-1"
            ],
            "outputs": {
                "ocid": {
                    "sensitive": false,
                    "type": "list",
                    "value": [
                        "ocid1.instance.oc1.iad.abuwcljrwryh4oadfbgzscytevndldtafgl7d6gysch5enosgb2v7rwwibdq"
                    ]
                },
                "private_ip": {
                    "sensitive": false,
                    "type": "list",
                    "value": [
                        "10.0.1.2"
                    ]
                },
                "public_ip": {
                    "sensitive": false,
                    "type": "list",
                    "value": [
                        "129.213.28.87"
                    ]
                }
            },
            "resources": {
                "baremetal_core_instance.standard-server": {
                    "type": "baremetal_core_instance",
                    "depends_on": [],
                    "primary": {
                        "id": "ocid1.instance.oc1.iad.abuwcljrwryh4oadfbgzscytevndldtafgl7d6gysch5enosgb2v7rwwibdq",
                        "attributes": {
                            "availability_domain": "pILZ:US-ASHBURN-AD-1",
                            "compartment_id": "ocid1.compartment.oc1..aaaaaaaapj7xxlndxbcrmhw6cftylvdndmyetzmz2aanqy5vk3gciiro5hpa",
                            "display_name": "local-bastion",
                            "id": "ocid1.instance.oc1.iad.abuwcljrwryh4oadfbgzscytevndldtafgl7d6gysch5enosgb2v7rwwibdq",
                            "image": "ocid1.image.oc1.iad.aaaaaaaaqosg7kfw6a4usld7fkq4vwgoqkdmirvzmvapi4t3iftgwjeh5qrq",
                            "ipxe_script": "",
                            "metadata.%": "1",
                            "metadata.ssh_authorized_keys": "ssh-rsa AAAAB3NzaC1yc2EAAAADAQABAAABAQC0G5R0I21xfA0PyCFOI+TCRqSGtuEbAO9c7zRsE652jQ/LDGLS6uCL+U3eB4+e8FnnRF3A1IB9jPO7pLvhbL9nlD2PbOwqmWMp4W3a8xyjjHEcTaQ9Hc085GDtUki6hyW4+jtJ3GdK5Wp7liH438tND6EAdVeUcrt07/o99eKeDjtTd6R5AeL08JPW7OuEYLcYHH2ZkMyu795XuWAIQXeDMfbnLj6gcTgyftVZViGPoELO39Cl7g/JxVXsnNTCVtTa5CRRmaF/mKVcGuj+5fiTafx8CNh/6hkBm2hryBdTcSwGkiZgXs1GkOfmEEkk+61kNJbpHSo0FiBz1h4B91zD jamescalise@Jamess-MacBook-Pro.local",
                            "private_ip": "10.0.1.2",
                            "public_ip": "129.213.28.87",
                            "region": "iad",
                            "shape": "VM.Standard1.1",
                            "state": "RUNNING",
                            "subnet_id": "ocid1.subnet.oc1.iad.aaaaaaaaugcqtrakbhkmeacfxcsk4lat5gqi3rdfd772mqu56zksdegisinq",
                            "time_created": "2017-05-16 08:22:54.112 +0000 UTC"
                        },
                        "meta": {
                            "e2bfb730-ecaa-11e6-8f88-34363bc7c4c0": {
                                "create": 7200000000000,
                                "delete": 7200000000000,
                                "update": 7200000000000
                            }
                        },
                        "tainted": false
                    },
                    "deposed": [],
                    "provider": ""
                },
                "data.baremetal_core_vnic.vnic": {
                    "type": "baremetal_core_vnic",
                    "depends_on": [
                        "data.baremetal_core_vnic_attachments.vnics"
                    ],
                    "primary": {
                        "id": "ocid1.vnic.oc1.iad.abuwcljrxrvhh63x7uevkqvyfshvjld4s76m2xpaza6drfmvyx6pai3ax45a",
                        "attributes": {
                            "availability_domain": "pILZ:US-ASHBURN-AD-1",
                            "compartment_id": "ocid1.compartment.oc1..aaaaaaaapj7xxlndxbcrmhw6cftylvdndmyetzmz2aanqy5vk3gciiro5hpa",
                            "display_name": "local-bastion",
                            "hostname_label": "local-bastion",
                            "id": "ocid1.vnic.oc1.iad.abuwcljrxrvhh63x7uevkqvyfshvjld4s76m2xpaza6drfmvyx6pai3ax45a",
                            "private_ip_address": "10.0.1.2",
                            "public_ip_address": "129.213.28.87",
                            "state": "AVAILABLE",
                            "subnet_id": "ocid1.subnet.oc1.iad.aaaaaaaaugcqtrakbhkmeacfxcsk4lat5gqi3rdfd772mqu56zksdegisinq",
                            "vnic_id": "ocid1.vnic.oc1.iad.abuwcljrxrvhh63x7uevkqvyfshvjld4s76m2xpaza6drfmvyx6pai3ax45a"
                        },
                        "meta": {},
                        "tainted": false
                    },
                    "deposed": [],
                    "provider": ""
                },
                "data.baremetal_core_vnic_attachments.vnics": {
                    "type": "baremetal_core_vnic_attachments",
                    "depends_on": [
                        "baremetal_core_instance.standard-server"
                    ],
                    "primary": {
                        "id": "2017-05-16 08:24:31.354438677 +0000 UTC",
                        "attributes": {
                            "availability_domain": "pILZ:US-ASHBURN-AD-1",
                            "compartment_id": "ocid1.compartment.oc1..aaaaaaaapj7xxlndxbcrmhw6cftylvdndmyetzmz2aanqy5vk3gciiro5hpa",
                            "id": "2017-05-16 08:24:31.354438677 +0000 UTC",
                            "instance_id": "ocid1.instance.oc1.iad.abuwcljrwryh4oadfbgzscytevndldtafgl7d6gysch5enosgb2v7rwwibdq",
                            "vnic_attachments.#": "1",
                            "vnic_attachments.0.availability_domain": "pILZ:US-ASHBURN-AD-1",
                            "vnic_attachments.0.compartment_id": "ocid1.compartment.oc1..aaaaaaaapj7xxlndxbcrmhw6cftylvdndmyetzmz2aanqy5vk3gciiro5hpa",
                            "vnic_attachments.0.display_name": "",
                            "vnic_attachments.0.id": "ocid1.vnicattachment.oc1.iad.abuwcljrroaxjeohpdh7fkqoque2ztyou2jqwh45cgcru2vmuydl6dd5rvda",
                            "vnic_attachments.0.instance_id": "ocid1.instance.oc1.iad.abuwcljrwryh4oadfbgzscytevndldtafgl7d6gysch5enosgb2v7rwwibdq",
                            "vnic_attachments.0.state": "ATTACHED",
                            "vnic_attachments.0.subnet_id": "ocid1.subnet.oc1.iad.aaaaaaaaugcqtrakbhkmeacfxcsk4lat5gqi3rdfd772mqu56zksdegisinq",
                            "vnic_attachments.0.time_created": "Tue, 16 May 2017 08:23:10 UTC",
                            "vnic_attachments.0.vnic_id": "ocid1.vnic.oc1.iad.abuwcljrxrvhh63x7uevkqvyfshvjld4s76m2xpaza6drfmvyx6pai3ax45a"
                        },
                        "meta": {},
                        "tainted": false
                    },
                    "deposed": [],
                    "provider": ""
                }
            },
            "depends_on": []
        },
        {
            "path": [
                "root",
                "tomcat-server"
            ],
            "outputs": {
                "ocid": {
                    "sensitive": false,
                    "type": "list",
                    "value": [
                        "ocid1.instance.oc1.iad.abuwcljrycxe6bjg6vm3odthjdiaxlcju75gmarbqb3szv6szc2mvoyc7vba"
                    ]
                },
                "private_ip": {
                    "sensitive": false,
                    "type": "list",
                    "value": [
                        "10.0.3.2"
                    ]
                },
                "public_ip": {
                    "sensitive": false,
                    "type": "list",
                    "value": [
                        "129.213.28.88"
                    ]
                }
            },
            "resources": {
                "null_resource.server_instance_config": {
                    "type": "null_resource",
                    "depends_on": [
                        "module.tomcat-server"
                    ],
                    "primary": {
                        "id": "2075786554468519645",
                        "attributes": {
                            "id": "2075786554468519645"
                        },
                        "meta": {},
                        "tainted": false
                    },
                    "deposed": [],
                    "provider": ""
                }
            },
            "depends_on": []
        },
        {
            "path": [
                "root",
                "tomcat-server",
                "tomcat-server"
            ],
            "outputs": {
                "ocid": {
                    "sensitive": false,
                    "type": "list",
                    "value": [
                        "ocid1.instance.oc1.iad.abuwcljrycxe6bjg6vm3odthjdiaxlcju75gmarbqb3szv6szc2mvoyc7vba"
                    ]
                },
                "private_ip": {
                    "sensitive": false,
                    "type": "list",
                    "value": [
                        "10.0.3.2"
                    ]
                },
                "public_ip": {
                    "sensitive": false,
                    "type": "list",
                    "value": [
                        "129.213.28.88"
                    ]
                }
            },
            "resources": {
                "baremetal_core_instance.standard-server": {
                    "type": "baremetal_core_instance",
                    "depends_on": [],
                    "primary": {
                        "id": "ocid1.instance.oc1.iad.abuwcljrycxe6bjg6vm3odthjdiaxlcju75gmarbqb3szv6szc2mvoyc7vba",
                        "attributes": {
                            "availability_domain": "pILZ:US-ASHBURN-AD-1",
                            "compartment_id": "ocid1.compartment.oc1..aaaaaaaapj7xxlndxbcrmhw6cftylvdndmyetzmz2aanqy5vk3gciiro5hpa",
                            "display_name": "local-dev-tomcat",
                            "id": "ocid1.instance.oc1.iad.abuwcljrycxe6bjg6vm3odthjdiaxlcju75gmarbqb3szv6szc2mvoyc7vba",
                            "image": "ocid1.image.oc1.iad.aaaaaaaaqosg7kfw6a4usld7fkq4vwgoqkdmirvzmvapi4t3iftgwjeh5qrq",
                            "ipxe_script": "",
                            "metadata.%": "1",
                            "metadata.ssh_authorized_keys": "ssh-rsa AAAAB3NzaC1yc2EAAAADAQABAAABAQC0G5R0I21xfA0PyCFOI+TCRqSGtuEbAO9c7zRsE652jQ/LDGLS6uCL+U3eB4+e8FnnRF3A1IB9jPO7pLvhbL9nlD2PbOwqmWMp4W3a8xyjjHEcTaQ9Hc085GDtUki6hyW4+jtJ3GdK5Wp7liH438tND6EAdVeUcrt07/o99eKeDjtTd6R5AeL08JPW7OuEYLcYHH2ZkMyu795XuWAIQXeDMfbnLj6gcTgyftVZViGPoELO39Cl7g/JxVXsnNTCVtTa5CRRmaF/mKVcGuj+5fiTafx8CNh/6hkBm2hryBdTcSwGkiZgXs1GkOfmEEkk+61kNJbpHSo0FiBz1h4B91zD jamescalise@Jamess-MacBook-Pro.local",
                            "private_ip": "10.0.3.2",
                            "public_ip": "129.213.28.88",
                            "region": "iad",
                            "shape": "VM.Standard1.1",
                            "state": "RUNNING",
                            "subnet_id": "ocid1.subnet.oc1.iad.aaaaaaaasnzrouddztv43ihy5psiafrtw676urz4f3en3czm4twosze7mwpa",
                            "time_created": "2017-05-16 08:22:54.252 +0000 UTC"
                        },
                        "meta": {
                            "e2bfb730-ecaa-11e6-8f88-34363bc7c4c0": {
                                "create": 7200000000000,
                                "delete": 7200000000000,
                                "update": 7200000000000
                            }
                        },
                        "tainted": false
                    },
                    "deposed": [],
                    "provider": ""
                },
                "data.baremetal_core_vnic.vnic": {
                    "type": "baremetal_core_vnic",
                    "depends_on": [
                        "data.baremetal_core_vnic_attachments.vnics"
                    ],
                    "primary": {
                        "id": "ocid1.vnic.oc1.iad.abuwcljrhfbmetaazhgmt3pj4juv3jlhefornm7ajovnx4tqkiddc3otkmva",
                        "attributes": {
                            "availability_domain": "pILZ:US-ASHBURN-AD-1",
                            "compartment_id": "ocid1.compartment.oc1..aaaaaaaapj7xxlndxbcrmhw6cftylvdndmyetzmz2aanqy5vk3gciiro5hpa",
                            "display_name": "local-dev-tomcat",
                            "hostname_label": "local-dev-tomcat",
                            "id": "ocid1.vnic.oc1.iad.abuwcljrhfbmetaazhgmt3pj4juv3jlhefornm7ajovnx4tqkiddc3otkmva",
                            "private_ip_address": "10.0.3.2",
                            "public_ip_address": "129.213.28.88",
                            "state": "AVAILABLE",
                            "subnet_id": "ocid1.subnet.oc1.iad.aaaaaaaasnzrouddztv43ihy5psiafrtw676urz4f3en3czm4twosze7mwpa",
                            "vnic_id": "ocid1.vnic.oc1.iad.abuwcljrhfbmetaazhgmt3pj4juv3jlhefornm7ajovnx4tqkiddc3otkmva"
                        },
                        "meta": {},
                        "tainted": false
                    },
                    "deposed": [],
                    "provider": ""
                },
                "data.baremetal_core_vnic_attachments.vnics": {
                    "type": "baremetal_core_vnic_attachments",
                    "depends_on": [
                        "baremetal_core_instance.standard-server"
                    ],
                    "primary": {
                        "id": "2017-05-16 08:24:31.353663817 +0000 UTC",
                        "attributes": {
                            "availability_domain": "pILZ:US-ASHBURN-AD-1",
                            "compartment_id": "ocid1.compartment.oc1..aaaaaaaapj7xxlndxbcrmhw6cftylvdndmyetzmz2aanqy5vk3gciiro5hpa",
                            "id": "2017-05-16 08:24:31.353663817 +0000 UTC",
                            "instance_id": "ocid1.instance.oc1.iad.abuwcljrycxe6bjg6vm3odthjdiaxlcju75gmarbqb3szv6szc2mvoyc7vba",
                            "vnic_attachments.#": "1",
                            "vnic_attachments.0.availability_domain": "pILZ:US-ASHBURN-AD-1",
                            "vnic_attachments.0.compartment_id": "ocid1.compartment.oc1..aaaaaaaapj7xxlndxbcrmhw6cftylvdndmyetzmz2aanqy5vk3gciiro5hpa",
                            "vnic_attachments.0.display_name": "",
                            "vnic_attachments.0.id": "ocid1.vnicattachment.oc1.iad.abuwcljr2qcgdgwrmf5beetjfgrbspvjfu6nn7nnlep2ilws4exnwurmdela",
                            "vnic_attachments.0.instance_id": "ocid1.instance.oc1.iad.abuwcljrycxe6bjg6vm3odthjdiaxlcju75gmarbqb3szv6szc2mvoyc7vba",
                            "vnic_attachments.0.state": "ATTACHED",
                            "vnic_attachments.0.subnet_id": "ocid1.subnet.oc1.iad.aaaaaaaasnzrouddztv43ihy5psiafrtw676urz4f3en3czm4twosze7mwpa",
                            "vnic_attachments.0.time_created": "Tue, 16 May 2017 08:23:10 UTC",
                            "vnic_attachments.0.vnic_id": "ocid1.vnic.oc1.iad.abuwcljrhfbmetaazhgmt3pj4juv3jlhefornm7ajovnx4tqkiddc3otkmva"
                        },
                        "meta": {},
                        "tainted": false
                    },
                    "deposed": [],
                    "provider": ""
                }
            },
            "depends_on": []
        }
    ]
}
