{
    "version": 3,
    "terraform_version": "0.9.4",
    "serial": 0,
    "lineage": "899ae7b2-c3cf-4b50-bb7d-d6b507352a36",
    "modules": [
        {
            "path": [
                "root"
            ],
            "outputs": {},
            "resources": {
                "baremetal_core_dhcp_options.app1-dhcp": {
                    "type": "baremetal_core_dhcp_options",
                    "depends_on": [
                        "baremetal_core_virtual_network.vcn"
                    ],
                    "primary": {
                        "id": "ocid1.dhcpoptions.oc1.iad.aaaaaaaavuixnuqfy6bgc74kfxu2jiqbm6lc3366cxmh7duscbttfb6tljka",
                        "attributes": {
                            "compartment_id": "ocid1.compartment.oc1..aaaaaaaapj7xxlndxbcrmhw6cftylvdndmyetzmz2aanqy5vk3gciiro5hpa",
                            "display_name": "app-dhcp",
                            "id": "ocid1.dhcpoptions.oc1.iad.aaaaaaaavuixnuqfy6bgc74kfxu2jiqbm6lc3366cxmh7duscbttfb6tljka",
                            "options.#": "2",
                            "options.0.custom_dns_servers.#": "0",
                            "options.0.search_domain_names.#": "0",
                            "options.0.server_type": "VcnLocalPlusInternet",
                            "options.0.type": "DomainNameServer",
                            "options.1.custom_dns_servers.#": "0",
                            "options.1.search_domain_names.#": "1",
                            "options.1.search_domain_names.0": "app1.tomcat.oraclevcn.com",
                            "options.1.server_type": "",
                            "options.1.type": "SearchDomain",
                            "state": "AVAILABLE",
                            "time_created": "2017-05-15 23:03:51.963 +0000 UTC",
                            "vcn_id": "ocid1.vcn.oc1.iad.aaaaaaaao4c3oejedil3qnuqyu36keemlk2qogj6hwpzrxu2bwfgcbo7ztnq"
                        },
                        "meta": {
                            "e2bfb730-ecaa-11e6-8f88-34363bc7c4c0": {
                                "create": 300000000000,
                                "delete": 300000000000,
                                "update": 300000000000
                            }
                        },
                        "tainted": false
                    },
                    "deposed": [],
                    "provider": ""
                },
                "baremetal_core_dhcp_options.bastion1-dhcp": {
                    "type": "baremetal_core_dhcp_options",
                    "depends_on": [
                        "baremetal_core_virtual_network.vcn"
                    ],
                    "primary": {
                        "id": "ocid1.dhcpoptions.oc1.iad.aaaaaaaa4wcqdcwtf2vjqr6aurmrfp4pjuuackqbwwzkmr3lyl7c2a2h5bqq",
                        "attributes": {
                            "compartment_id": "ocid1.compartment.oc1..aaaaaaaapj7xxlndxbcrmhw6cftylvdndmyetzmz2aanqy5vk3gciiro5hpa",
                            "display_name": "bastion-dhcp",
                            "id": "ocid1.dhcpoptions.oc1.iad.aaaaaaaa4wcqdcwtf2vjqr6aurmrfp4pjuuackqbwwzkmr3lyl7c2a2h5bqq",
                            "options.#": "2",
                            "options.0.custom_dns_servers.#": "0",
                            "options.0.search_domain_names.#": "0",
                            "options.0.server_type": "VcnLocalPlusInternet",
                            "options.0.type": "DomainNameServer",
                            "options.1.custom_dns_servers.#": "0",
                            "options.1.search_domain_names.#": "1",
                            "options.1.search_domain_names.0": "BASTION1.tomcat.oraclevcn.com",
                            "options.1.server_type": "",
                            "options.1.type": "SearchDomain",
                            "state": "AVAILABLE",
                            "time_created": "2017-05-15 23:03:51.963 +0000 UTC",
                            "vcn_id": "ocid1.vcn.oc1.iad.aaaaaaaao4c3oejedil3qnuqyu36keemlk2qogj6hwpzrxu2bwfgcbo7ztnq"
                        },
                        "meta": {
                            "e2bfb730-ecaa-11e6-8f88-34363bc7c4c0": {
                                "create": 300000000000,
                                "delete": 300000000000,
                                "update": 300000000000
                            }
                        },
                        "tainted": false
                    },
                    "deposed": [],
                    "provider": ""
                },
                "baremetal_core_internet_gateway.internet-gateway": {
                    "type": "baremetal_core_internet_gateway",
                    "depends_on": [
                        "baremetal_core_virtual_network.vcn"
                    ],
                    "primary": {
                        "id": "ocid1.internetgateway.oc1.iad.aaaaaaaa57n7rxavzah5osth3ammnoj35dv6ohe3yf55rjfmwvpkxnfpxmlq",
                        "attributes": {
                            "compartment_id": "ocid1.compartment.oc1..aaaaaaaapj7xxlndxbcrmhw6cftylvdndmyetzmz2aanqy5vk3gciiro5hpa",
                            "display_name": "Public-IG",
                            "enabled": "true",
                            "id": "ocid1.internetgateway.oc1.iad.aaaaaaaa57n7rxavzah5osth3ammnoj35dv6ohe3yf55rjfmwvpkxnfpxmlq",
                            "state": "AVAILABLE",
                            "time_created": "2017-05-15 23:03:51.686 +0000 UTC",
                            "time_modified": "0001-01-01 00:00:00 +0000 UTC",
                            "vcn_id": "ocid1.vcn.oc1.iad.aaaaaaaao4c3oejedil3qnuqyu36keemlk2qogj6hwpzrxu2bwfgcbo7ztnq"
                        },
                        "meta": {
                            "e2bfb730-ecaa-11e6-8f88-34363bc7c4c0": {
                                "create": 300000000000,
                                "delete": 300000000000,
                                "update": 300000000000
                            }
                        },
                        "tainted": false
                    },
                    "deposed": [],
                    "provider": ""
                },
                "baremetal_core_route_table.route-table": {
                    "type": "baremetal_core_route_table",
                    "depends_on": [
                        "baremetal_core_internet_gateway.internet-gateway",
                        "baremetal_core_virtual_network.vcn"
                    ],
                    "primary": {
                        "id": "ocid1.routetable.oc1.iad.aaaaaaaa7zhdpldvsmqhxysmgis6neasfrq6h7nke7ljb2ckqshkkqbkme5a",
                        "attributes": {
                            "compartment_id": "ocid1.compartment.oc1..aaaaaaaapj7xxlndxbcrmhw6cftylvdndmyetzmz2aanqy5vk3gciiro5hpa",
                            "display_name": "Public-RT",
                            "id": "ocid1.routetable.oc1.iad.aaaaaaaa7zhdpldvsmqhxysmgis6neasfrq6h7nke7ljb2ckqshkkqbkme5a",
                            "route_rules.#": "1",
                            "route_rules.0.cidr_block": "0.0.0.0/0",
                            "route_rules.0.network_entity_id": "ocid1.internetgateway.oc1.iad.aaaaaaaa57n7rxavzah5osth3ammnoj35dv6ohe3yf55rjfmwvpkxnfpxmlq",
                            "state": "AVAILABLE",
                            "time_created": "2017-05-15 23:03:52.075 +0000 UTC",
                            "time_modified": "0001-01-01 00:00:00 +0000 UTC",
                            "vcn_id": "ocid1.vcn.oc1.iad.aaaaaaaao4c3oejedil3qnuqyu36keemlk2qogj6hwpzrxu2bwfgcbo7ztnq"
                        },
                        "meta": {
                            "e2bfb730-ecaa-11e6-8f88-34363bc7c4c0": {
                                "create": 300000000000,
                                "delete": 300000000000,
                                "update": 300000000000
                            }
                        },
                        "tainted": false
                    },
                    "deposed": [],
                    "provider": ""
                },
                "baremetal_core_security_list.app-sl": {
                    "type": "baremetal_core_security_list",
                    "depends_on": [
                        "baremetal_core_virtual_network.vcn"
                    ],
                    "primary": {
                        "id": "ocid1.securitylist.oc1.iad.aaaaaaaa6fo7c23ltafvo7urybdhyqmm5s3d7j3lkik6jfwvo4osykw4hfoq",
                        "attributes": {
                            "compartment_id": "ocid1.compartment.oc1..aaaaaaaapj7xxlndxbcrmhw6cftylvdndmyetzmz2aanqy5vk3gciiro5hpa",
                            "display_name": "APP-SL",
                            "egress_security_rules.#": "1",
                            "egress_security_rules.0.destination": "0.0.0.0/0",
                            "egress_security_rules.0.icmp_options.#": "0",
                            "egress_security_rules.0.protocol": "6",
                            "egress_security_rules.0.stateless": "false",
                            "egress_security_rules.0.tcp_options.#": "0",
                            "egress_security_rules.0.udp_options.#": "0",
                            "id": "ocid1.securitylist.oc1.iad.aaaaaaaa6fo7c23ltafvo7urybdhyqmm5s3d7j3lkik6jfwvo4osykw4hfoq",
                            "ingress_security_rules.#": "2",
                            "ingress_security_rules.0.icmp_options.#": "0",
                            "ingress_security_rules.0.protocol": "6",
                            "ingress_security_rules.0.source": "0.0.0.0/0",
                            "ingress_security_rules.0.stateless": "false",
                            "ingress_security_rules.0.tcp_options.#": "1",
                            "ingress_security_rules.0.tcp_options.0.max": "8080",
                            "ingress_security_rules.0.tcp_options.0.min": "8080",
                            "ingress_security_rules.0.udp_options.#": "0",
                            "ingress_security_rules.1.icmp_options.#": "0",
                            "ingress_security_rules.1.protocol": "6",
                            "ingress_security_rules.1.source": "10.0.1.0/24",
                            "ingress_security_rules.1.stateless": "false",
                            "ingress_security_rules.1.tcp_options.#": "1",
                            "ingress_security_rules.1.tcp_options.0.max": "22",
                            "ingress_security_rules.1.tcp_options.0.min": "22",
                            "ingress_security_rules.1.udp_options.#": "0",
                            "state": "AVAILABLE",
                            "time_created": "2017-05-15 23:03:51.952 +0000 UTC",
                            "vcn_id": "ocid1.vcn.oc1.iad.aaaaaaaao4c3oejedil3qnuqyu36keemlk2qogj6hwpzrxu2bwfgcbo7ztnq"
                        },
                        "meta": {
                            "e2bfb730-ecaa-11e6-8f88-34363bc7c4c0": {
                                "create": 300000000000,
                                "delete": 300000000000,
                                "update": 300000000000
                            }
                        },
                        "tainted": false
                    },
                    "deposed": [],
                    "provider": ""
                },
                "baremetal_core_security_list.bastion-sl": {
                    "type": "baremetal_core_security_list",
                    "depends_on": [
                        "baremetal_core_virtual_network.vcn"
                    ],
                    "primary": {
                        "id": "ocid1.securitylist.oc1.iad.aaaaaaaado6rfedavstrgl66ux4acjoy4cayerl4cjotcakfmma4uq22wcvq",
                        "attributes": {
                            "compartment_id": "ocid1.compartment.oc1..aaaaaaaapj7xxlndxbcrmhw6cftylvdndmyetzmz2aanqy5vk3gciiro5hpa",
                            "display_name": "BASTION-SL",
                            "egress_security_rules.#": "1",
                            "egress_security_rules.0.destination": "0.0.0.0/0",
                            "egress_security_rules.0.icmp_options.#": "0",
                            "egress_security_rules.0.protocol": "6",
                            "egress_security_rules.0.stateless": "false",
                            "egress_security_rules.0.tcp_options.#": "0",
                            "egress_security_rules.0.udp_options.#": "0",
                            "id": "ocid1.securitylist.oc1.iad.aaaaaaaado6rfedavstrgl66ux4acjoy4cayerl4cjotcakfmma4uq22wcvq",
                            "ingress_security_rules.#": "1",
                            "ingress_security_rules.0.icmp_options.#": "0",
                            "ingress_security_rules.0.protocol": "6",
                            "ingress_security_rules.0.source": "0.0.0.0/0",
                            "ingress_security_rules.0.stateless": "false",
                            "ingress_security_rules.0.tcp_options.#": "1",
                            "ingress_security_rules.0.tcp_options.0.max": "22",
                            "ingress_security_rules.0.tcp_options.0.min": "22",
                            "ingress_security_rules.0.udp_options.#": "0",
                            "state": "AVAILABLE",
                            "time_created": "2017-05-15 23:03:51.863 +0000 UTC",
                            "vcn_id": "ocid1.vcn.oc1.iad.aaaaaaaao4c3oejedil3qnuqyu36keemlk2qogj6hwpzrxu2bwfgcbo7ztnq"
                        },
                        "meta": {
                            "e2bfb730-ecaa-11e6-8f88-34363bc7c4c0": {
                                "create": 300000000000,
                                "delete": 300000000000,
                                "update": 300000000000
                            }
                        },
                        "tainted": false
                    },
                    "deposed": [],
                    "provider": ""
                },
                "baremetal_core_security_list.lb-sl": {
                    "type": "baremetal_core_security_list",
                    "depends_on": [
                        "baremetal_core_virtual_network.vcn"
                    ],
                    "primary": {
                        "id": "ocid1.securitylist.oc1.iad.aaaaaaaat7uowasyvzdgnd6dhdq476clglvr2kw5s4zhjvusihvpx6ajmlxa",
                        "attributes": {
                            "compartment_id": "ocid1.compartment.oc1..aaaaaaaapj7xxlndxbcrmhw6cftylvdndmyetzmz2aanqy5vk3gciiro5hpa",
                            "display_name": "APP-SL",
                            "egress_security_rules.#": "1",
                            "egress_security_rules.0.destination": "0.0.0.0/0",
                            "egress_security_rules.0.icmp_options.#": "0",
                            "egress_security_rules.0.protocol": "6",
                            "egress_security_rules.0.stateless": "false",
                            "egress_security_rules.0.tcp_options.#": "0",
                            "egress_security_rules.0.udp_options.#": "0",
                            "id": "ocid1.securitylist.oc1.iad.aaaaaaaat7uowasyvzdgnd6dhdq476clglvr2kw5s4zhjvusihvpx6ajmlxa",
                            "ingress_security_rules.#": "1",
                            "ingress_security_rules.0.icmp_options.#": "0",
                            "ingress_security_rules.0.protocol": "6",
                            "ingress_security_rules.0.source": "0.0.0.0/0",
                            "ingress_security_rules.0.stateless": "false",
                            "ingress_security_rules.0.tcp_options.#": "1",
                            "ingress_security_rules.0.tcp_options.0.max": "8080",
                            "ingress_security_rules.0.tcp_options.0.min": "8080",
                            "ingress_security_rules.0.udp_options.#": "0",
                            "state": "AVAILABLE",
                            "time_created": "2017-05-15 23:03:51.956 +0000 UTC",
                            "vcn_id": "ocid1.vcn.oc1.iad.aaaaaaaao4c3oejedil3qnuqyu36keemlk2qogj6hwpzrxu2bwfgcbo7ztnq"
                        },
                        "meta": {
                            "e2bfb730-ecaa-11e6-8f88-34363bc7c4c0": {
                                "create": 300000000000,
                                "delete": 300000000000,
                                "update": 300000000000
                            }
                        },
                        "tainted": false
                    },
                    "deposed": [],
                    "provider": ""
                },
                "baremetal_core_subnet.app-subnet-1": {
                    "type": "baremetal_core_subnet",
                    "depends_on": [
                        "baremetal_core_dhcp_options.app1-dhcp",
                        "baremetal_core_route_table.route-table",
                        "baremetal_core_security_list.app-sl",
                        "baremetal_core_virtual_network.vcn",
                        "data.baremetal_identity_availability_domains.ads"
                    ],
                    "primary": {
                        "id": "ocid1.subnet.oc1.iad.aaaaaaaaqis7zglte7r2lexkvq22q4c57ixpieg3s7o2anl7fgsoyznpf5ga",
                        "attributes": {
                            "availability_domain": "pILZ:US-ASHBURN-AD-1",
                            "cidr_block": "10.0.3.0/28",
                            "compartment_id": "ocid1.compartment.oc1..aaaaaaaapj7xxlndxbcrmhw6cftylvdndmyetzmz2aanqy5vk3gciiro5hpa",
                            "dhcp_options_id": "ocid1.dhcpoptions.oc1.iad.aaaaaaaavuixnuqfy6bgc74kfxu2jiqbm6lc3366cxmh7duscbttfb6tljka",
                            "display_name": "APP",
                            "dns_label": "app",
                            "id": "ocid1.subnet.oc1.iad.aaaaaaaaqis7zglte7r2lexkvq22q4c57ixpieg3s7o2anl7fgsoyznpf5ga",
                            "route_table_id": "ocid1.routetable.oc1.iad.aaaaaaaa7zhdpldvsmqhxysmgis6neasfrq6h7nke7ljb2ckqshkkqbkme5a",
                            "security_list_ids.#": "1",
                            "security_list_ids.1819516813": "ocid1.securitylist.oc1.iad.aaaaaaaa6fo7c23ltafvo7urybdhyqmm5s3d7j3lkik6jfwvo4osykw4hfoq",
                            "state": "AVAILABLE",
                            "time_created": "2017-05-15 23:03:52.469 +0000 UTC",
                            "vcn_id": "ocid1.vcn.oc1.iad.aaaaaaaao4c3oejedil3qnuqyu36keemlk2qogj6hwpzrxu2bwfgcbo7ztnq",
                            "virtual_router_ip": "10.0.3.1",
                            "virtual_router_mac": "00:00:17:13:97:61"
                        },
                        "meta": {
                            "e2bfb730-ecaa-11e6-8f88-34363bc7c4c0": {
                                "create": 300000000000,
                                "delete": 300000000000,
                                "update": 300000000000
                            }
                        },
                        "tainted": false
                    },
                    "deposed": [],
                    "provider": ""
                },
                "baremetal_core_subnet.bastion-subnet": {
                    "type": "baremetal_core_subnet",
                    "depends_on": [
                        "baremetal_core_dhcp_options.bastion1-dhcp",
                        "baremetal_core_route_table.route-table",
                        "baremetal_core_security_list.bastion-sl",
                        "baremetal_core_virtual_network.vcn",
                        "data.baremetal_identity_availability_domains.ads"
                    ],
                    "primary": {
                        "id": "ocid1.subnet.oc1.iad.aaaaaaaauqhjsu2cyctm4l2ktet3zw2aco54telp2gd2a3ffu33pavujhoaa",
                        "attributes": {
                            "availability_domain": "pILZ:US-ASHBURN-AD-1",
                            "cidr_block": "10.0.1.0/28",
                            "compartment_id": "ocid1.compartment.oc1..aaaaaaaapj7xxlndxbcrmhw6cftylvdndmyetzmz2aanqy5vk3gciiro5hpa",
                            "dhcp_options_id": "ocid1.dhcpoptions.oc1.iad.aaaaaaaa4wcqdcwtf2vjqr6aurmrfp4pjuuackqbwwzkmr3lyl7c2a2h5bqq",
                            "display_name": "BASTION",
                            "dns_label": "bastion",
                            "id": "ocid1.subnet.oc1.iad.aaaaaaaauqhjsu2cyctm4l2ktet3zw2aco54telp2gd2a3ffu33pavujhoaa",
                            "route_table_id": "ocid1.routetable.oc1.iad.aaaaaaaa7zhdpldvsmqhxysmgis6neasfrq6h7nke7ljb2ckqshkkqbkme5a",
                            "security_list_ids.#": "1",
                            "security_list_ids.511421267": "ocid1.securitylist.oc1.iad.aaaaaaaado6rfedavstrgl66ux4acjoy4cayerl4cjotcakfmma4uq22wcvq",
                            "state": "AVAILABLE",
                            "time_created": "2017-05-15 23:03:52.571 +0000 UTC",
                            "vcn_id": "ocid1.vcn.oc1.iad.aaaaaaaao4c3oejedil3qnuqyu36keemlk2qogj6hwpzrxu2bwfgcbo7ztnq",
                            "virtual_router_ip": "10.0.1.1",
                            "virtual_router_mac": "00:00:17:13:97:61"
                        },
                        "meta": {
                            "e2bfb730-ecaa-11e6-8f88-34363bc7c4c0": {
                                "create": 300000000000,
                                "delete": 300000000000,
                                "update": 300000000000
                            }
                        },
                        "tainted": false
                    },
                    "deposed": [],
                    "provider": ""
                },
                "baremetal_core_subnet.lb-subnet-1": {
                    "type": "baremetal_core_subnet",
                    "depends_on": [
                        "baremetal_core_route_table.route-table",
                        "baremetal_core_security_list.lb-sl",
                        "baremetal_core_virtual_network.vcn",
                        "data.baremetal_identity_availability_domains.ads"
                    ],
                    "primary": {
                        "id": "ocid1.subnet.oc1.iad.aaaaaaaac5egpvzugfwuscbqdkbfybbmzd3k7o7ooqxb2dgzt2jlxnoasyxa",
                        "attributes": {
                            "availability_domain": "pILZ:US-ASHBURN-AD-1",
                            "cidr_block": "10.0.2.0/28",
                            "compartment_id": "ocid1.compartment.oc1..aaaaaaaapj7xxlndxbcrmhw6cftylvdndmyetzmz2aanqy5vk3gciiro5hpa",
                            "dhcp_options_id": "ocid1.dhcpoptions.oc1.iad.aaaaaaaabilqhezn6453zgmkttb5gtfcjochfhlqxaonke3hc37mlxx754hq",
                            "display_name": "LB-AD1",
                            "dns_label": "lb1",
                            "id": "ocid1.subnet.oc1.iad.aaaaaaaac5egpvzugfwuscbqdkbfybbmzd3k7o7ooqxb2dgzt2jlxnoasyxa",
                            "route_table_id": "ocid1.routetable.oc1.iad.aaaaaaaa7zhdpldvsmqhxysmgis6neasfrq6h7nke7ljb2ckqshkkqbkme5a",
                            "security_list_ids.#": "1",
                            "security_list_ids.735900370": "ocid1.securitylist.oc1.iad.aaaaaaaat7uowasyvzdgnd6dhdq476clglvr2kw5s4zhjvusihvpx6ajmlxa",
                            "state": "AVAILABLE",
                            "time_created": "2017-05-15 23:03:52.356 +0000 UTC",
                            "vcn_id": "ocid1.vcn.oc1.iad.aaaaaaaao4c3oejedil3qnuqyu36keemlk2qogj6hwpzrxu2bwfgcbo7ztnq",
                            "virtual_router_ip": "10.0.2.1",
                            "virtual_router_mac": "00:00:17:13:97:61"
                        },
                        "meta": {
                            "e2bfb730-ecaa-11e6-8f88-34363bc7c4c0": {
                                "create": 300000000000,
                                "delete": 300000000000,
                                "update": 300000000000
                            }
                        },
                        "tainted": false
                    },
                    "deposed": [],
                    "provider": ""
                },
                "baremetal_core_subnet.lb-subnet-2": {
                    "type": "baremetal_core_subnet",
                    "depends_on": [
                        "baremetal_core_route_table.route-table",
                        "baremetal_core_security_list.lb-sl",
                        "baremetal_core_virtual_network.vcn",
                        "data.baremetal_identity_availability_domains.ads"
                    ],
                    "primary": {
                        "id": "ocid1.subnet.oc1.iad.aaaaaaaajxrlrgouqbcrv3raoxccs3zfpnerr43gqeym47b5g67rb7eoithq",
                        "attributes": {
                            "availability_domain": "pILZ:US-ASHBURN-AD-2",
                            "cidr_block": "10.0.2.16/28",
                            "compartment_id": "ocid1.compartment.oc1..aaaaaaaapj7xxlndxbcrmhw6cftylvdndmyetzmz2aanqy5vk3gciiro5hpa",
                            "dhcp_options_id": "ocid1.dhcpoptions.oc1.iad.aaaaaaaabilqhezn6453zgmkttb5gtfcjochfhlqxaonke3hc37mlxx754hq",
                            "display_name": "LB-AD2",
                            "dns_label": "lb2",
                            "id": "ocid1.subnet.oc1.iad.aaaaaaaajxrlrgouqbcrv3raoxccs3zfpnerr43gqeym47b5g67rb7eoithq",
                            "route_table_id": "ocid1.routetable.oc1.iad.aaaaaaaa7zhdpldvsmqhxysmgis6neasfrq6h7nke7ljb2ckqshkkqbkme5a",
                            "security_list_ids.#": "1",
                            "security_list_ids.735900370": "ocid1.securitylist.oc1.iad.aaaaaaaat7uowasyvzdgnd6dhdq476clglvr2kw5s4zhjvusihvpx6ajmlxa",
                            "state": "AVAILABLE",
                            "time_created": "2017-05-15 23:03:52.708 +0000 UTC",
                            "vcn_id": "ocid1.vcn.oc1.iad.aaaaaaaao4c3oejedil3qnuqyu36keemlk2qogj6hwpzrxu2bwfgcbo7ztnq",
                            "virtual_router_ip": "10.0.2.17",
                            "virtual_router_mac": "00:00:17:13:97:61"
                        },
                        "meta": {
                            "e2bfb730-ecaa-11e6-8f88-34363bc7c4c0": {
                                "create": 300000000000,
                                "delete": 300000000000,
                                "update": 300000000000
                            }
                        },
                        "tainted": false
                    },
                    "deposed": [],
                    "provider": ""
                },
                "baremetal_core_virtual_network.vcn": {
                    "type": "baremetal_core_virtual_network",
                    "depends_on": [],
                    "primary": {
                        "id": "ocid1.vcn.oc1.iad.aaaaaaaao4c3oejedil3qnuqyu36keemlk2qogj6hwpzrxu2bwfgcbo7ztnq",
                        "attributes": {
                            "cidr_block": "10.0.0.0/16",
                            "compartment_id": "ocid1.compartment.oc1..aaaaaaaapj7xxlndxbcrmhw6cftylvdndmyetzmz2aanqy5vk3gciiro5hpa",
                            "default_dhcp_options_id": "ocid1.dhcpoptions.oc1.iad.aaaaaaaabilqhezn6453zgmkttb5gtfcjochfhlqxaonke3hc37mlxx754hq",
                            "default_route_table_id": "ocid1.routetable.oc1.iad.aaaaaaaa7i5mdijnjtxbybo4h2fixm2rziixybshor4g2vuzzysjfk7b7cza",
                            "default_security_list_id": "ocid1.securitylist.oc1.iad.aaaaaaaamaeny2puclypiia6v2qpyql65ysse7xpne4zr4st3qzyr6srdoia",
                            "display_name": "local-Tomcat-Network",
                            "dns_label": "tomcat",
                            "id": "ocid1.vcn.oc1.iad.aaaaaaaao4c3oejedil3qnuqyu36keemlk2qogj6hwpzrxu2bwfgcbo7ztnq",
                            "state": "AVAILABLE",
                            "time_created": "2017-05-15 23:03:51.316 +0000 UTC"
                        },
                        "meta": {
                            "e2bfb730-ecaa-11e6-8f88-34363bc7c4c0": {
                                "create": 300000000000,
                                "delete": 300000000000,
                                "update": 300000000000
                            }
                        },
                        "tainted": false
                    },
                    "deposed": [],
                    "provider": ""
                },
                "data.baremetal_identity_availability_domains.ads": {
                    "type": "baremetal_identity_availability_domains",
                    "depends_on": [],
                    "primary": {
                        "id": "2017-05-15 23:03:50.573161586 +0000 UTC",
                        "attributes": {
                            "availability_domains.#": "3",
                            "availability_domains.0.compartment_id": "ocid1.tenancy.oc1..aaaaaaaay7s6icq755xqlytpl33i7ysjzzb2kv3vk3itg5ilsxanrzqmsaha",
                            "availability_domains.0.name": "pILZ:US-ASHBURN-AD-1",
                            "availability_domains.1.compartment_id": "ocid1.tenancy.oc1..aaaaaaaay7s6icq755xqlytpl33i7ysjzzb2kv3vk3itg5ilsxanrzqmsaha",
                            "availability_domains.1.name": "pILZ:US-ASHBURN-AD-2",
                            "availability_domains.2.compartment_id": "ocid1.tenancy.oc1..aaaaaaaay7s6icq755xqlytpl33i7ysjzzb2kv3vk3itg5ilsxanrzqmsaha",
                            "availability_domains.2.name": "pILZ:US-ASHBURN-AD-3",
                            "compartment_id": "ocid1.tenancy.oc1..aaaaaaaay7s6icq755xqlytpl33i7ysjzzb2kv3vk3itg5ilsxanrzqmsaha",
                            "id": "2017-05-15 23:03:50.573161586 +0000 UTC"
                        },
                        "meta": {},
                        "tainted": false
                    },
                    "deposed": [],
                    "provider": ""
                }
            },
            "depends_on": []
        },
        {
            "path": [
                "root",
                "bastion-1"
            ],
            "outputs": {},
            "resources": {},
            "depends_on": []
        },
        {
            "path": [
                "root",
                "tomcat-server"
            ],
            "outputs": {},
            "resources": {},
            "depends_on": []
        },
        {
            "path": [
                "root",
                "tomcat-server",
                "tomcat-server"
            ],
            "outputs": {},
            "resources": {},
            "depends_on": []
        }
    ]
}
