{
    "version": 3,
    "terraform_version": "0.9.4",
    "serial": 1,
    "lineage": "9e146ec2-9e6e-451c-889c-7a79bbacb68a",
    "modules": [
        {
            "path": [
                "root"
            ],
            "outputs": {},
            "resources": {
                "baremetal_core_dhcp_options.app1-dhcp": {
                    "type": "baremetal_core_dhcp_options",
                    "depends_on": [
                        "baremetal_core_virtual_network.vcn"
                    ],
                    "primary": {
                        "id": "ocid1.dhcpoptions.oc1.phx.aaaaaaaabnqb57f5zvbfyeljsvr5jg662v7fodhs75h6mgs7rkkrun64z5wq",
                        "attributes": {
                            "compartment_id": "ocid1.compartment.oc1..aaaaaaaapj7xxlndxbcrmhw6cftylvdndmyetzmz2aanqy5vk3gciiro5hpa",
                            "display_name": "app-dhcp",
                            "id": "ocid1.dhcpoptions.oc1.phx.aaaaaaaabnqb57f5zvbfyeljsvr5jg662v7fodhs75h6mgs7rkkrun64z5wq",
                            "options.#": "2",
                            "options.0.custom_dns_servers.#": "0",
                            "options.0.search_domain_names.#": "0",
                            "options.0.server_type": "VcnLocalPlusInternet",
                            "options.0.type": "DomainNameServer",
                            "options.1.custom_dns_servers.#": "0",
                            "options.1.search_domain_names.#": "1",
                            "options.1.search_domain_names.0": "app1.tomcat.oraclevcn.com",
                            "options.1.server_type": "",
                            "options.1.type": "SearchDomain",
                            "state": "AVAILABLE",
                            "time_created": "2017-05-15 23:24:02.7 +0000 UTC",
                            "vcn_id": "ocid1.vcn.oc1.phx.aaaaaaaabks33kjucoibn567crdtodsmcxrcz3yrf7zf2cxkfl3nnuybianq"
                        },
                        "meta": {
                            "e2bfb730-ecaa-11e6-8f88-34363bc7c4c0": {
                                "create": 300000000000,
                                "delete": 300000000000,
                                "update": 300000000000
                            }
                        },
                        "tainted": false
                    },
                    "deposed": [],
                    "provider": ""
                },
                "baremetal_core_dhcp_options.bastion1-dhcp": {
                    "type": "baremetal_core_dhcp_options",
                    "depends_on": [
                        "baremetal_core_virtual_network.vcn"
                    ],
                    "primary": {
                        "id": "ocid1.dhcpoptions.oc1.phx.aaaaaaaa5ap5wntmorwfotxwaomhksmtlp7kp4u3be457xkpg4hqrnhxbt2a",
                        "attributes": {
                            "compartment_id": "ocid1.compartment.oc1..aaaaaaaapj7xxlndxbcrmhw6cftylvdndmyetzmz2aanqy5vk3gciiro5hpa",
                            "display_name": "bastion-dhcp",
                            "id": "ocid1.dhcpoptions.oc1.phx.aaaaaaaa5ap5wntmorwfotxwaomhksmtlp7kp4u3be457xkpg4hqrnhxbt2a",
                            "options.#": "2",
                            "options.0.custom_dns_servers.#": "0",
                            "options.0.search_domain_names.#": "0",
                            "options.0.server_type": "VcnLocalPlusInternet",
                            "options.0.type": "DomainNameServer",
                            "options.1.custom_dns_servers.#": "0",
                            "options.1.search_domain_names.#": "1",
                            "options.1.search_domain_names.0": "BASTION1.tomcat.oraclevcn.com",
                            "options.1.server_type": "",
                            "options.1.type": "SearchDomain",
                            "state": "AVAILABLE",
                            "time_created": "2017-05-15 23:24:02.727 +0000 UTC",
                            "vcn_id": "ocid1.vcn.oc1.phx.aaaaaaaabks33kjucoibn567crdtodsmcxrcz3yrf7zf2cxkfl3nnuybianq"
                        },
                        "meta": {
                            "e2bfb730-ecaa-11e6-8f88-34363bc7c4c0": {
                                "create": 300000000000,
                                "delete": 300000000000,
                                "update": 300000000000
                            }
                        },
                        "tainted": false
                    },
                    "deposed": [],
                    "provider": ""
                },
                "baremetal_core_internet_gateway.internet-gateway": {
                    "type": "baremetal_core_internet_gateway",
                    "depends_on": [
                        "baremetal_core_virtual_network.vcn"
                    ],
                    "primary": {
                        "id": "ocid1.internetgateway.oc1.phx.aaaaaaaalrgigbkyecd376qhve2ob3j6a3sr4gvd5wlgzuom54oi6yndf3tq",
                        "attributes": {
                            "compartment_id": "ocid1.compartment.oc1..aaaaaaaapj7xxlndxbcrmhw6cftylvdndmyetzmz2aanqy5vk3gciiro5hpa",
                            "display_name": "Public-IG",
                            "enabled": "true",
                            "id": "ocid1.internetgateway.oc1.phx.aaaaaaaalrgigbkyecd376qhve2ob3j6a3sr4gvd5wlgzuom54oi6yndf3tq",
                            "state": "AVAILABLE",
                            "time_created": "2017-05-15 23:24:02.601 +0000 UTC",
                            "time_modified": "0001-01-01 00:00:00 +0000 UTC",
                            "vcn_id": "ocid1.vcn.oc1.phx.aaaaaaaabks33kjucoibn567crdtodsmcxrcz3yrf7zf2cxkfl3nnuybianq"
                        },
                        "meta": {
                            "e2bfb730-ecaa-11e6-8f88-34363bc7c4c0": {
                                "create": 300000000000,
                                "delete": 300000000000,
                                "update": 300000000000
                            }
                        },
                        "tainted": false
                    },
                    "deposed": [],
                    "provider": ""
                },
                "baremetal_core_route_table.route-table": {
                    "type": "baremetal_core_route_table",
                    "depends_on": [
                        "baremetal_core_internet_gateway.internet-gateway",
                        "baremetal_core_virtual_network.vcn"
                    ],
                    "primary": {
                        "id": "ocid1.routetable.oc1.phx.aaaaaaaash23ykrg3trjgnckzumwuhsafadbfsbotc25natmuprszjhvfzha",
                        "attributes": {
                            "compartment_id": "ocid1.compartment.oc1..aaaaaaaapj7xxlndxbcrmhw6cftylvdndmyetzmz2aanqy5vk3gciiro5hpa",
                            "display_name": "Public-RT",
                            "id": "ocid1.routetable.oc1.phx.aaaaaaaash23ykrg3trjgnckzumwuhsafadbfsbotc25natmuprszjhvfzha",
                            "route_rules.#": "1",
                            "route_rules.0.cidr_block": "0.0.0.0/0",
                            "route_rules.0.network_entity_id": "ocid1.internetgateway.oc1.phx.aaaaaaaalrgigbkyecd376qhve2ob3j6a3sr4gvd5wlgzuom54oi6yndf3tq",
                            "state": "AVAILABLE",
                            "time_created": "2017-05-15 23:24:02.813 +0000 UTC",
                            "time_modified": "0001-01-01 00:00:00 +0000 UTC",
                            "vcn_id": "ocid1.vcn.oc1.phx.aaaaaaaabks33kjucoibn567crdtodsmcxrcz3yrf7zf2cxkfl3nnuybianq"
                        },
                        "meta": {
                            "e2bfb730-ecaa-11e6-8f88-34363bc7c4c0": {
                                "create": 300000000000,
                                "delete": 300000000000,
                                "update": 300000000000
                            }
                        },
                        "tainted": false
                    },
                    "deposed": [],
                    "provider": ""
                },
                "baremetal_core_security_list.app-sl": {
                    "type": "baremetal_core_security_list",
                    "depends_on": [
                        "baremetal_core_virtual_network.vcn"
                    ],
                    "primary": {
                        "id": "ocid1.securitylist.oc1.phx.aaaaaaaaqqotkttmm4ug3m2hrqh7t2tx3xi4y7kmrjuxmx4vchsbyfkrklgq",
                        "attributes": {
                            "compartment_id": "ocid1.compartment.oc1..aaaaaaaapj7xxlndxbcrmhw6cftylvdndmyetzmz2aanqy5vk3gciiro5hpa",
                            "display_name": "APP-SL",
                            "egress_security_rules.#": "1",
                            "egress_security_rules.0.destination": "0.0.0.0/0",
                            "egress_security_rules.0.icmp_options.#": "0",
                            "egress_security_rules.0.protocol": "6",
                            "egress_security_rules.0.stateless": "false",
                            "egress_security_rules.0.tcp_options.#": "0",
                            "egress_security_rules.0.udp_options.#": "0",
                            "id": "ocid1.securitylist.oc1.phx.aaaaaaaaqqotkttmm4ug3m2hrqh7t2tx3xi4y7kmrjuxmx4vchsbyfkrklgq",
                            "ingress_security_rules.#": "2",
                            "ingress_security_rules.0.icmp_options.#": "0",
                            "ingress_security_rules.0.protocol": "6",
                            "ingress_security_rules.0.source": "0.0.0.0/0",
                            "ingress_security_rules.0.stateless": "false",
                            "ingress_security_rules.0.tcp_options.#": "1",
                            "ingress_security_rules.0.tcp_options.0.max": "8080",
                            "ingress_security_rules.0.tcp_options.0.min": "8080",
                            "ingress_security_rules.0.udp_options.#": "0",
                            "ingress_security_rules.1.icmp_options.#": "0",
                            "ingress_security_rules.1.protocol": "6",
                            "ingress_security_rules.1.source": "10.0.1.0/24",
                            "ingress_security_rules.1.stateless": "false",
                            "ingress_security_rules.1.tcp_options.#": "1",
                            "ingress_security_rules.1.tcp_options.0.max": "22",
                            "ingress_security_rules.1.tcp_options.0.min": "22",
                            "ingress_security_rules.1.udp_options.#": "0",
                            "state": "AVAILABLE",
                            "time_created": "2017-05-15 23:24:02.731 +0000 UTC",
                            "vcn_id": "ocid1.vcn.oc1.phx.aaaaaaaabks33kjucoibn567crdtodsmcxrcz3yrf7zf2cxkfl3nnuybianq"
                        },
                        "meta": {
                            "e2bfb730-ecaa-11e6-8f88-34363bc7c4c0": {
                                "create": 300000000000,
                                "delete": 300000000000,
                                "update": 300000000000
                            }
                        },
                        "tainted": false
                    },
                    "deposed": [],
                    "provider": ""
                },
                "baremetal_core_security_list.bastion-sl": {
                    "type": "baremetal_core_security_list",
                    "depends_on": [
                        "baremetal_core_virtual_network.vcn"
                    ],
                    "primary": {
                        "id": "ocid1.securitylist.oc1.phx.aaaaaaaaco6jr2jq5djqucxy6cb4x4qtv6ugrw4mafjlpxhhu6mexvjni65q",
                        "attributes": {
                            "compartment_id": "ocid1.compartment.oc1..aaaaaaaapj7xxlndxbcrmhw6cftylvdndmyetzmz2aanqy5vk3gciiro5hpa",
                            "display_name": "BASTION-SL",
                            "egress_security_rules.#": "1",
                            "egress_security_rules.0.destination": "0.0.0.0/0",
                            "egress_security_rules.0.icmp_options.#": "0",
                            "egress_security_rules.0.protocol": "6",
                            "egress_security_rules.0.stateless": "false",
                            "egress_security_rules.0.tcp_options.#": "0",
                            "egress_security_rules.0.udp_options.#": "0",
                            "id": "ocid1.securitylist.oc1.phx.aaaaaaaaco6jr2jq5djqucxy6cb4x4qtv6ugrw4mafjlpxhhu6mexvjni65q",
                            "ingress_security_rules.#": "1",
                            "ingress_security_rules.0.icmp_options.#": "0",
                            "ingress_security_rules.0.protocol": "6",
                            "ingress_security_rules.0.source": "0.0.0.0/0",
                            "ingress_security_rules.0.stateless": "false",
                            "ingress_security_rules.0.tcp_options.#": "1",
                            "ingress_security_rules.0.tcp_options.0.max": "22",
                            "ingress_security_rules.0.tcp_options.0.min": "22",
                            "ingress_security_rules.0.udp_options.#": "0",
                            "state": "AVAILABLE",
                            "time_created": "2017-05-15 23:24:02.716 +0000 UTC",
                            "vcn_id": "ocid1.vcn.oc1.phx.aaaaaaaabks33kjucoibn567crdtodsmcxrcz3yrf7zf2cxkfl3nnuybianq"
                        },
                        "meta": {
                            "e2bfb730-ecaa-11e6-8f88-34363bc7c4c0": {
                                "create": 300000000000,
                                "delete": 300000000000,
                                "update": 300000000000
                            }
                        },
                        "tainted": false
                    },
                    "deposed": [],
                    "provider": ""
                },
                "baremetal_core_security_list.lb-sl": {
                    "type": "baremetal_core_security_list",
                    "depends_on": [
                        "baremetal_core_virtual_network.vcn"
                    ],
                    "primary": {
                        "id": "ocid1.securitylist.oc1.phx.aaaaaaaamu7gwi5urgl57wfs24uhz6eoztdi75g5oyumvoutoya6vufk4bka",
                        "attributes": {
                            "compartment_id": "ocid1.compartment.oc1..aaaaaaaapj7xxlndxbcrmhw6cftylvdndmyetzmz2aanqy5vk3gciiro5hpa",
                            "display_name": "APP-SL",
                            "egress_security_rules.#": "1",
                            "egress_security_rules.0.destination": "0.0.0.0/0",
                            "egress_security_rules.0.icmp_options.#": "0",
                            "egress_security_rules.0.protocol": "6",
                            "egress_security_rules.0.stateless": "false",
                            "egress_security_rules.0.tcp_options.#": "0",
                            "egress_security_rules.0.udp_options.#": "0",
                            "id": "ocid1.securitylist.oc1.phx.aaaaaaaamu7gwi5urgl57wfs24uhz6eoztdi75g5oyumvoutoya6vufk4bka",
                            "ingress_security_rules.#": "1",
                            "ingress_security_rules.0.icmp_options.#": "0",
                            "ingress_security_rules.0.protocol": "6",
                            "ingress_security_rules.0.source": "0.0.0.0/0",
                            "ingress_security_rules.0.stateless": "false",
                            "ingress_security_rules.0.tcp_options.#": "1",
                            "ingress_security_rules.0.tcp_options.0.max": "8080",
                            "ingress_security_rules.0.tcp_options.0.min": "8080",
                            "ingress_security_rules.0.udp_options.#": "0",
                            "state": "AVAILABLE",
                            "time_created": "2017-05-15 23:24:02.71 +0000 UTC",
                            "vcn_id": "ocid1.vcn.oc1.phx.aaaaaaaabks33kjucoibn567crdtodsmcxrcz3yrf7zf2cxkfl3nnuybianq"
                        },
                        "meta": {
                            "e2bfb730-ecaa-11e6-8f88-34363bc7c4c0": {
                                "create": 300000000000,
                                "delete": 300000000000,
                                "update": 300000000000
                            }
                        },
                        "tainted": false
                    },
                    "deposed": [],
                    "provider": ""
                },
                "baremetal_core_subnet.app-subnet-1": {
                    "type": "baremetal_core_subnet",
                    "depends_on": [
                        "baremetal_core_dhcp_options.app1-dhcp",
                        "baremetal_core_route_table.route-table",
                        "baremetal_core_security_list.app-sl",
                        "baremetal_core_virtual_network.vcn",
                        "data.baremetal_identity_availability_domains.ads"
                    ],
                    "primary": {
                        "id": "ocid1.subnet.oc1.phx.aaaaaaaaac22glybivjhe74isb5j57ethfrrnjnfxfl472wfgxpxu6eh77da",
                        "attributes": {
                            "availability_domain": "pILZ:PHX-AD-1",
                            "cidr_block": "10.0.3.0/28",
                            "compartment_id": "ocid1.compartment.oc1..aaaaaaaapj7xxlndxbcrmhw6cftylvdndmyetzmz2aanqy5vk3gciiro5hpa",
                            "dhcp_options_id": "ocid1.dhcpoptions.oc1.phx.aaaaaaaabnqb57f5zvbfyeljsvr5jg662v7fodhs75h6mgs7rkkrun64z5wq",
                            "display_name": "APP",
                            "dns_label": "app",
                            "id": "ocid1.subnet.oc1.phx.aaaaaaaaac22glybivjhe74isb5j57ethfrrnjnfxfl472wfgxpxu6eh77da",
                            "route_table_id": "ocid1.routetable.oc1.phx.aaaaaaaash23ykrg3trjgnckzumwuhsafadbfsbotc25natmuprszjhvfzha",
                            "security_list_ids.#": "1",
                            "security_list_ids.2235542935": "ocid1.securitylist.oc1.phx.aaaaaaaaqqotkttmm4ug3m2hrqh7t2tx3xi4y7kmrjuxmx4vchsbyfkrklgq",
                            "state": "AVAILABLE",
                            "time_created": "2017-05-15 23:24:03.735 +0000 UTC",
                            "vcn_id": "ocid1.vcn.oc1.phx.aaaaaaaabks33kjucoibn567crdtodsmcxrcz3yrf7zf2cxkfl3nnuybianq",
                            "virtual_router_ip": "10.0.3.1",
                            "virtual_router_mac": "00:00:17:F2:F4:94"
                        },
                        "meta": {
                            "e2bfb730-ecaa-11e6-8f88-34363bc7c4c0": {
                                "create": 300000000000,
                                "delete": 300000000000,
                                "update": 300000000000
                            }
                        },
                        "tainted": false
                    },
                    "deposed": [],
                    "provider": ""
                },
                "baremetal_core_subnet.bastion-subnet": {
                    "type": "baremetal_core_subnet",
                    "depends_on": [
                        "baremetal_core_dhcp_options.bastion1-dhcp",
                        "baremetal_core_route_table.route-table",
                        "baremetal_core_security_list.bastion-sl",
                        "baremetal_core_virtual_network.vcn",
                        "data.baremetal_identity_availability_domains.ads"
                    ],
                    "primary": {
                        "id": "ocid1.subnet.oc1.phx.aaaaaaaaa5cmptvfujxk2xzeeyynucbt72onf3xzv2npeniknuh2d4s243ka",
                        "attributes": {
                            "availability_domain": "pILZ:PHX-AD-1",
                            "cidr_block": "10.0.1.0/28",
                            "compartment_id": "ocid1.compartment.oc1..aaaaaaaapj7xxlndxbcrmhw6cftylvdndmyetzmz2aanqy5vk3gciiro5hpa",
                            "dhcp_options_id": "ocid1.dhcpoptions.oc1.phx.aaaaaaaa5ap5wntmorwfotxwaomhksmtlp7kp4u3be457xkpg4hqrnhxbt2a",
                            "display_name": "BASTION",
                            "dns_label": "bastion",
                            "id": "ocid1.subnet.oc1.phx.aaaaaaaaa5cmptvfujxk2xzeeyynucbt72onf3xzv2npeniknuh2d4s243ka",
                            "route_table_id": "ocid1.routetable.oc1.phx.aaaaaaaash23ykrg3trjgnckzumwuhsafadbfsbotc25natmuprszjhvfzha",
                            "security_list_ids.#": "1",
                            "security_list_ids.2205444513": "ocid1.securitylist.oc1.phx.aaaaaaaaco6jr2jq5djqucxy6cb4x4qtv6ugrw4mafjlpxhhu6mexvjni65q",
                            "state": "AVAILABLE",
                            "time_created": "2017-05-15 23:24:03.205 +0000 UTC",
                            "vcn_id": "ocid1.vcn.oc1.phx.aaaaaaaabks33kjucoibn567crdtodsmcxrcz3yrf7zf2cxkfl3nnuybianq",
                            "virtual_router_ip": "10.0.1.1",
                            "virtual_router_mac": "00:00:17:F2:F4:94"
                        },
                        "meta": {
                            "e2bfb730-ecaa-11e6-8f88-34363bc7c4c0": {
                                "create": 300000000000,
                                "delete": 300000000000,
                                "update": 300000000000
                            }
                        },
                        "tainted": false
                    },
                    "deposed": [],
                    "provider": ""
                },
                "baremetal_core_subnet.lb-subnet-1": {
                    "type": "baremetal_core_subnet",
                    "depends_on": [
                        "baremetal_core_route_table.route-table",
                        "baremetal_core_security_list.lb-sl",
                        "baremetal_core_virtual_network.vcn",
                        "data.baremetal_identity_availability_domains.ads"
                    ],
                    "primary": {
                        "id": "ocid1.subnet.oc1.phx.aaaaaaaae7bgszfqwgcyp5hm427mle5mbaaie43kzsjpz5knn53rywasgj6q",
                        "attributes": {
                            "availability_domain": "pILZ:PHX-AD-1",
                            "cidr_block": "10.0.2.0/28",
                            "compartment_id": "ocid1.compartment.oc1..aaaaaaaapj7xxlndxbcrmhw6cftylvdndmyetzmz2aanqy5vk3gciiro5hpa",
                            "dhcp_options_id": "ocid1.dhcpoptions.oc1.phx.aaaaaaaatuol534bzoa35f4fs4sbg7thlm6ojh23bhcwknhoatjytt6sl6pa",
                            "display_name": "LB-AD1",
                            "dns_label": "lb1",
                            "id": "ocid1.subnet.oc1.phx.aaaaaaaae7bgszfqwgcyp5hm427mle5mbaaie43kzsjpz5knn53rywasgj6q",
                            "route_table_id": "ocid1.routetable.oc1.phx.aaaaaaaash23ykrg3trjgnckzumwuhsafadbfsbotc25natmuprszjhvfzha",
                            "security_list_ids.#": "1",
                            "security_list_ids.3235607413": "ocid1.securitylist.oc1.phx.aaaaaaaamu7gwi5urgl57wfs24uhz6eoztdi75g5oyumvoutoya6vufk4bka",
                            "state": "AVAILABLE",
                            "time_created": "2017-05-15 23:24:04.846 +0000 UTC",
                            "vcn_id": "ocid1.vcn.oc1.phx.aaaaaaaabks33kjucoibn567crdtodsmcxrcz3yrf7zf2cxkfl3nnuybianq",
                            "virtual_router_ip": "10.0.2.1",
                            "virtual_router_mac": "00:00:17:F2:F4:94"
                        },
                        "meta": {
                            "e2bfb730-ecaa-11e6-8f88-34363bc7c4c0": {
                                "create": 300000000000,
                                "delete": 300000000000,
                                "update": 300000000000
                            }
                        },
                        "tainted": false
                    },
                    "deposed": [],
                    "provider": ""
                },
                "baremetal_core_subnet.lb-subnet-2": {
                    "type": "baremetal_core_subnet",
                    "depends_on": [
                        "baremetal_core_route_table.route-table",
                        "baremetal_core_security_list.lb-sl",
                        "baremetal_core_virtual_network.vcn",
                        "data.baremetal_identity_availability_domains.ads"
                    ],
                    "primary": {
                        "id": "ocid1.subnet.oc1.phx.aaaaaaaazqm4esciul2qrwy4aoqiy4ttiqx452mfmyz2xn5ybdzmtjzafona",
                        "attributes": {
                            "availability_domain": "pILZ:PHX-AD-2",
                            "cidr_block": "10.0.2.16/28",
                            "compartment_id": "ocid1.compartment.oc1..aaaaaaaapj7xxlndxbcrmhw6cftylvdndmyetzmz2aanqy5vk3gciiro5hpa",
                            "dhcp_options_id": "ocid1.dhcpoptions.oc1.phx.aaaaaaaatuol534bzoa35f4fs4sbg7thlm6ojh23bhcwknhoatjytt6sl6pa",
                            "display_name": "LB-AD2",
                            "dns_label": "lb2",
                            "id": "ocid1.subnet.oc1.phx.aaaaaaaazqm4esciul2qrwy4aoqiy4ttiqx452mfmyz2xn5ybdzmtjzafona",
                            "route_table_id": "ocid1.routetable.oc1.phx.aaaaaaaash23ykrg3trjgnckzumwuhsafadbfsbotc25natmuprszjhvfzha",
                            "security_list_ids.#": "1",
                            "security_list_ids.3235607413": "ocid1.securitylist.oc1.phx.aaaaaaaamu7gwi5urgl57wfs24uhz6eoztdi75g5oyumvoutoya6vufk4bka",
                            "state": "AVAILABLE",
                            "time_created": "2017-05-15 23:24:04.558 +0000 UTC",
                            "vcn_id": "ocid1.vcn.oc1.phx.aaaaaaaabks33kjucoibn567crdtodsmcxrcz3yrf7zf2cxkfl3nnuybianq",
                            "virtual_router_ip": "10.0.2.17",
                            "virtual_router_mac": "00:00:17:F2:F4:94"
                        },
                        "meta": {
                            "e2bfb730-ecaa-11e6-8f88-34363bc7c4c0": {
                                "create": 300000000000,
                                "delete": 300000000000,
                                "update": 300000000000
                            }
                        },
                        "tainted": false
                    },
                    "deposed": [],
                    "provider": ""
                },
                "baremetal_core_virtual_network.vcn": {
                    "type": "baremetal_core_virtual_network",
                    "depends_on": [],
                    "primary": {
                        "id": "ocid1.vcn.oc1.phx.aaaaaaaabks33kjucoibn567crdtodsmcxrcz3yrf7zf2cxkfl3nnuybianq",
                        "attributes": {
                            "cidr_block": "10.0.0.0/16",
                            "compartment_id": "ocid1.compartment.oc1..aaaaaaaapj7xxlndxbcrmhw6cftylvdndmyetzmz2aanqy5vk3gciiro5hpa",
                            "default_dhcp_options_id": "ocid1.dhcpoptions.oc1.phx.aaaaaaaatuol534bzoa35f4fs4sbg7thlm6ojh23bhcwknhoatjytt6sl6pa",
                            "default_route_table_id": "ocid1.routetable.oc1.phx.aaaaaaaayp7z6ywei3e2ejyuz6smf66mayr4rwucuxr2e5jq6rorfedzmmua",
                            "default_security_list_id": "ocid1.securitylist.oc1.phx.aaaaaaaawfcql4jzu4cbymdd3ruh6snpe54jtpwwoj64mhuentk332huzwiq",
                            "display_name": "local-Tomcat-Network",
                            "dns_label": "tomcat",
                            "id": "ocid1.vcn.oc1.phx.aaaaaaaabks33kjucoibn567crdtodsmcxrcz3yrf7zf2cxkfl3nnuybianq",
                            "state": "AVAILABLE",
                            "time_created": "2017-05-15 23:24:02.237 +0000 UTC"
                        },
                        "meta": {
                            "e2bfb730-ecaa-11e6-8f88-34363bc7c4c0": {
                                "create": 300000000000,
                                "delete": 300000000000,
                                "update": 300000000000
                            }
                        },
                        "tainted": false
                    },
                    "deposed": [],
                    "provider": ""
                },
                "data.baremetal_identity_availability_domains.ads": {
                    "type": "baremetal_identity_availability_domains",
                    "depends_on": [],
                    "primary": {
                        "id": "2017-05-15 23:24:02.007255607 +0000 UTC",
                        "attributes": {
                            "availability_domains.#": "3",
                            "availability_domains.0.compartment_id": "ocid1.tenancy.oc1..aaaaaaaay7s6icq755xqlytpl33i7ysjzzb2kv3vk3itg5ilsxanrzqmsaha",
                            "availability_domains.0.name": "pILZ:PHX-AD-1",
                            "availability_domains.1.compartment_id": "ocid1.tenancy.oc1..aaaaaaaay7s6icq755xqlytpl33i7ysjzzb2kv3vk3itg5ilsxanrzqmsaha",
                            "availability_domains.1.name": "pILZ:PHX-AD-2",
                            "availability_domains.2.compartment_id": "ocid1.tenancy.oc1..aaaaaaaay7s6icq755xqlytpl33i7ysjzzb2kv3vk3itg5ilsxanrzqmsaha",
                            "availability_domains.2.name": "pILZ:PHX-AD-3",
                            "compartment_id": "ocid1.tenancy.oc1..aaaaaaaay7s6icq755xqlytpl33i7ysjzzb2kv3vk3itg5ilsxanrzqmsaha",
                            "id": "2017-05-15 23:24:02.007255607 +0000 UTC"
                        },
                        "meta": {},
                        "tainted": false
                    },
                    "deposed": [],
                    "provider": ""
                }
            },
            "depends_on": []
        },
        {
            "path": [
                "root",
                "bastion-1"
            ],
            "outputs": {
                "ocid": {
                    "sensitive": false,
                    "type": "list",
                    "value": [
                        "ocid1.instance.oc1.phx.abyhqljsgekqork4iftdsontgdyd5knztuqtq2yqbbf6hfxu7b3p6wmxmu5a"
                    ]
                },
                "private_ip": {
                    "sensitive": false,
                    "type": "list",
                    "value": [
                        "10.0.1.2"
                    ]
                },
                "public_ip": {
                    "sensitive": false,
                    "type": "list",
                    "value": [
                        "129.146.37.196"
                    ]
                }
            },
            "resources": {
                "baremetal_core_instance.standard-server": {
                    "type": "baremetal_core_instance",
                    "depends_on": [],
                    "primary": {
                        "id": "ocid1.instance.oc1.phx.abyhqljsgekqork4iftdsontgdyd5knztuqtq2yqbbf6hfxu7b3p6wmxmu5a",
                        "attributes": {
                            "availability_domain": "pILZ:PHX-AD-1",
                            "compartment_id": "ocid1.compartment.oc1..aaaaaaaapj7xxlndxbcrmhw6cftylvdndmyetzmz2aanqy5vk3gciiro5hpa",
                            "display_name": "local-bastion-1",
                            "id": "ocid1.instance.oc1.phx.abyhqljsgekqork4iftdsontgdyd5knztuqtq2yqbbf6hfxu7b3p6wmxmu5a",
                            "image": "ocid1.image.oc1.phx.aaaaaaaaclseho77fcdfgejstt2bflkugcx5waa6bhconbokvhdp3qw7txlq",
                            "metadata.%": "1",
                            "metadata.ssh_authorized_keys": "ssh-rsa AAAAB3NzaC1yc2EAAAADAQABAAABAQC0G5R0I21xfA0PyCFOI+TCRqSGtuEbAO9c7zRsE652jQ/LDGLS6uCL+U3eB4+e8FnnRF3A1IB9jPO7pLvhbL9nlD2PbOwqmWMp4W3a8xyjjHEcTaQ9Hc085GDtUki6hyW4+jtJ3GdK5Wp7liH438tND6EAdVeUcrt07/o99eKeDjtTd6R5AeL08JPW7OuEYLcYHH2ZkMyu795XuWAIQXeDMfbnLj6gcTgyftVZViGPoELO39Cl7g/JxVXsnNTCVtTa5CRRmaF/mKVcGuj+5fiTafx8CNh/6hkBm2hryBdTcSwGkiZgXs1GkOfmEEkk+61kNJbpHSo0FiBz1h4B91zD jamescalise@Jamess-MacBook-Pro.local",
                            "region": "phx",
                            "shape": "VM.Standard1.1",
                            "state": "RUNNING",
                            "subnet_id": "ocid1.subnet.oc1.phx.aaaaaaaaa5cmptvfujxk2xzeeyynucbt72onf3xzv2npeniknuh2d4s243ka",
                            "time_created": "2017-05-15 23:24:13.953 +0000 UTC"
                        },
                        "meta": {
                            "e2bfb730-ecaa-11e6-8f88-34363bc7c4c0": {
                                "create": 7200000000000,
                                "delete": 7200000000000,
                                "update": 7200000000000
                            }
                        },
                        "tainted": false
                    },
                    "deposed": [],
                    "provider": ""
                },
                "data.baremetal_core_vnic.vnic": {
                    "type": "baremetal_core_vnic",
                    "depends_on": [
                        "data.baremetal_core_vnic_attachments.vnics"
                    ],
                    "primary": {
                        "id": "ocid1.vnic.oc1.phx.abyhqljsamdkvxhqratxsqazddos23yjdzkmrcxzbgwmlaaqlcvmmfgwqyua",
                        "attributes": {
                            "availability_domain": "pILZ:PHX-AD-1",
                            "compartment_id": "ocid1.compartment.oc1..aaaaaaaapj7xxlndxbcrmhw6cftylvdndmyetzmz2aanqy5vk3gciiro5hpa",
                            "display_name": "local-bastion-1",
                            "id": "ocid1.vnic.oc1.phx.abyhqljsamdkvxhqratxsqazddos23yjdzkmrcxzbgwmlaaqlcvmmfgwqyua",
                            "private_ip_address": "10.0.1.2",
                            "public_ip_address": "129.146.37.196",
                            "state": "AVAILABLE",
                            "subnet_id": "ocid1.subnet.oc1.phx.aaaaaaaaa5cmptvfujxk2xzeeyynucbt72onf3xzv2npeniknuh2d4s243ka",
                            "vnic_id": "ocid1.vnic.oc1.phx.abyhqljsamdkvxhqratxsqazddos23yjdzkmrcxzbgwmlaaqlcvmmfgwqyua"
                        },
                        "meta": {},
                        "tainted": false
                    },
                    "deposed": [],
                    "provider": ""
                },
                "data.baremetal_core_vnic_attachments.vnics": {
                    "type": "baremetal_core_vnic_attachments",
                    "depends_on": [
                        "baremetal_core_instance.standard-server"
                    ],
                    "primary": {
                        "id": "2017-05-15 23:24:47.773045337 +0000 UTC",
                        "attributes": {
                            "availability_domain": "pILZ:PHX-AD-1",
                            "compartment_id": "ocid1.compartment.oc1..aaaaaaaapj7xxlndxbcrmhw6cftylvdndmyetzmz2aanqy5vk3gciiro5hpa",
                            "id": "2017-05-15 23:24:47.773045337 +0000 UTC",
                            "instance_id": "ocid1.instance.oc1.phx.abyhqljsgekqork4iftdsontgdyd5knztuqtq2yqbbf6hfxu7b3p6wmxmu5a",
                            "vnic_attachments.#": "1",
                            "vnic_attachments.0.availability_domain": "pILZ:PHX-AD-1",
                            "vnic_attachments.0.compartment_id": "ocid1.compartment.oc1..aaaaaaaapj7xxlndxbcrmhw6cftylvdndmyetzmz2aanqy5vk3gciiro5hpa",
                            "vnic_attachments.0.display_name": "",
                            "vnic_attachments.0.id": "ocid1.vnicattachment.oc1.phx.abyhqljs5ct3hdro6mnepfu4w267xk2hfzerpzfbm32ilaaipkusdo4vjltq",
                            "vnic_attachments.0.instance_id": "ocid1.instance.oc1.phx.abyhqljsgekqork4iftdsontgdyd5knztuqtq2yqbbf6hfxu7b3p6wmxmu5a",
                            "vnic_attachments.0.state": "ATTACHED",
                            "vnic_attachments.0.subnet_id": "ocid1.subnet.oc1.phx.aaaaaaaaa5cmptvfujxk2xzeeyynucbt72onf3xzv2npeniknuh2d4s243ka",
                            "vnic_attachments.0.time_created": "Mon, 15 May 2017 23:24:17 UTC",
                            "vnic_attachments.0.vnic_id": "ocid1.vnic.oc1.phx.abyhqljsamdkvxhqratxsqazddos23yjdzkmrcxzbgwmlaaqlcvmmfgwqyua"
                        },
                        "meta": {},
                        "tainted": false
                    },
                    "deposed": [],
                    "provider": ""
                }
            },
            "depends_on": []
        },
        {
            "path": [
                "root",
                "tomcat-server"
            ],
            "outputs": {
                "ocid": {
                    "sensitive": false,
                    "type": "list",
                    "value": [
                        "ocid1.instance.oc1.phx.abyhqljstmqlimrqcpp6wg2vdor776k6pxlj4iodidioob5ah365hp4hyuwq"
                    ]
                },
                "private_ip": {
                    "sensitive": false,
                    "type": "list",
                    "value": [
                        "10.0.3.2"
                    ]
                },
                "public_ip": {
                    "sensitive": false,
                    "type": "list",
                    "value": [
                        "129.146.37.203"
                    ]
                }
            },
            "resources": {
                "null_resource.server_instance_config": {
                    "type": "null_resource",
                    "depends_on": [
                        "module.tomcat-server"
                    ],
                    "primary": {
                        "id": "5891850927164942829",
                        "attributes": {
                            "id": "5891850927164942829"
                        },
                        "meta": {},
                        "tainted": false
                    },
                    "deposed": [],
                    "provider": ""
                }
            },
            "depends_on": []
        },
        {
            "path": [
                "root",
                "tomcat-server",
                "tomcat-server"
            ],
            "outputs": {
                "ocid": {
                    "sensitive": false,
                    "type": "list",
                    "value": [
                        "ocid1.instance.oc1.phx.abyhqljstmqlimrqcpp6wg2vdor776k6pxlj4iodidioob5ah365hp4hyuwq"
                    ]
                },
                "private_ip": {
                    "sensitive": false,
                    "type": "list",
                    "value": [
                        "10.0.3.2"
                    ]
                },
                "public_ip": {
                    "sensitive": false,
                    "type": "list",
                    "value": [
                        "129.146.37.203"
                    ]
                }
            },
            "resources": {
                "baremetal_core_instance.standard-server": {
                    "type": "baremetal_core_instance",
                    "depends_on": [],
                    "primary": {
                        "id": "ocid1.instance.oc1.phx.abyhqljstmqlimrqcpp6wg2vdor776k6pxlj4iodidioob5ah365hp4hyuwq",
                        "attributes": {
                            "availability_domain": "pILZ:PHX-AD-1",
                            "compartment_id": "ocid1.compartment.oc1..aaaaaaaapj7xxlndxbcrmhw6cftylvdndmyetzmz2aanqy5vk3gciiro5hpa",
                            "display_name": "local-tomcat",
                            "id": "ocid1.instance.oc1.phx.abyhqljstmqlimrqcpp6wg2vdor776k6pxlj4iodidioob5ah365hp4hyuwq",
                            "image": "ocid1.image.oc1.phx.aaaaaaaawcvuel67op5mvot77kfrtruywsxy6byvx7haac5b6uih45migqrq",
                            "metadata.%": "1",
                            "metadata.ssh_authorized_keys": "ssh-rsa AAAAB3NzaC1yc2EAAAADAQABAAABAQC0G5R0I21xfA0PyCFOI+TCRqSGtuEbAO9c7zRsE652jQ/LDGLS6uCL+U3eB4+e8FnnRF3A1IB9jPO7pLvhbL9nlD2PbOwqmWMp4W3a8xyjjHEcTaQ9Hc085GDtUki6hyW4+jtJ3GdK5Wp7liH438tND6EAdVeUcrt07/o99eKeDjtTd6R5AeL08JPW7OuEYLcYHH2ZkMyu795XuWAIQXeDMfbnLj6gcTgyftVZViGPoELO39Cl7g/JxVXsnNTCVtTa5CRRmaF/mKVcGuj+5fiTafx8CNh/6hkBm2hryBdTcSwGkiZgXs1GkOfmEEkk+61kNJbpHSo0FiBz1h4B91zD jamescalise@Jamess-MacBook-Pro.local",
                            "region": "phx",
                            "shape": "BM.Standard1.36",
                            "state": "RUNNING",
                            "subnet_id": "ocid1.subnet.oc1.phx.aaaaaaaaac22glybivjhe74isb5j57ethfrrnjnfxfl472wfgxpxu6eh77da",
                            "time_created": "2017-05-15 23:24:14.644 +0000 UTC"
                        },
                        "meta": {
                            "e2bfb730-ecaa-11e6-8f88-34363bc7c4c0": {
                                "create": 7200000000000,
                                "delete": 7200000000000,
                                "update": 7200000000000
                            }
                        },
                        "tainted": false
                    },
                    "deposed": [],
                    "provider": ""
                },
                "data.baremetal_core_vnic.vnic": {
                    "type": "baremetal_core_vnic",
                    "depends_on": [
                        "data.baremetal_core_vnic_attachments.vnics"
                    ],
                    "primary": {
                        "id": "ocid1.vnic.oc1.phx.abyhqljsrndpuegf3imu64rfqaymja4zml6ci26qyaxlc4oemlkmj4k5nh5a",
                        "attributes": {
                            "availability_domain": "pILZ:PHX-AD-1",
                            "compartment_id": "ocid1.compartment.oc1..aaaaaaaapj7xxlndxbcrmhw6cftylvdndmyetzmz2aanqy5vk3gciiro5hpa",
                            "display_name": "local-tomcat",
                            "id": "ocid1.vnic.oc1.phx.abyhqljsrndpuegf3imu64rfqaymja4zml6ci26qyaxlc4oemlkmj4k5nh5a",
                            "private_ip_address": "10.0.3.2",
                            "public_ip_address": "129.146.37.203",
                            "state": "AVAILABLE",
                            "subnet_id": "ocid1.subnet.oc1.phx.aaaaaaaaac22glybivjhe74isb5j57ethfrrnjnfxfl472wfgxpxu6eh77da",
                            "vnic_id": "ocid1.vnic.oc1.phx.abyhqljsrndpuegf3imu64rfqaymja4zml6ci26qyaxlc4oemlkmj4k5nh5a"
                        },
                        "meta": {},
                        "tainted": false
                    },
                    "deposed": [],
                    "provider": ""
                },
                "data.baremetal_core_vnic_attachments.vnics": {
                    "type": "baremetal_core_vnic_attachments",
                    "depends_on": [
                        "baremetal_core_instance.standard-server"
                    ],
                    "primary": {
                        "id": "2017-05-15 23:27:39.128335589 +0000 UTC",
                        "attributes": {
                            "availability_domain": "pILZ:PHX-AD-1",
                            "compartment_id": "ocid1.compartment.oc1..aaaaaaaapj7xxlndxbcrmhw6cftylvdndmyetzmz2aanqy5vk3gciiro5hpa",
                            "id": "2017-05-15 23:27:39.128335589 +0000 UTC",
                            "instance_id": "ocid1.instance.oc1.phx.abyhqljstmqlimrqcpp6wg2vdor776k6pxlj4iodidioob5ah365hp4hyuwq",
                            "vnic_attachments.#": "1",
                            "vnic_attachments.0.availability_domain": "pILZ:PHX-AD-1",
                            "vnic_attachments.0.compartment_id": "ocid1.compartment.oc1..aaaaaaaapj7xxlndxbcrmhw6cftylvdndmyetzmz2aanqy5vk3gciiro5hpa",
                            "vnic_attachments.0.display_name": "",
                            "vnic_attachments.0.id": "ocid1.vnicattachment.oc1.phx.abyhqljslz2fibd43rp5ksmql45p37l37xinbxrytpjxmgsdrp6l73fcfvgq",
                            "vnic_attachments.0.instance_id": "ocid1.instance.oc1.phx.abyhqljstmqlimrqcpp6wg2vdor776k6pxlj4iodidioob5ah365hp4hyuwq",
                            "vnic_attachments.0.state": "ATTACHED",
                            "vnic_attachments.0.subnet_id": "ocid1.subnet.oc1.phx.aaaaaaaaac22glybivjhe74isb5j57ethfrrnjnfxfl472wfgxpxu6eh77da",
                            "vnic_attachments.0.time_created": "Mon, 15 May 2017 23:24:18 UTC",
                            "vnic_attachments.0.vnic_id": "ocid1.vnic.oc1.phx.abyhqljsrndpuegf3imu64rfqaymja4zml6ci26qyaxlc4oemlkmj4k5nh5a"
                        },
                        "meta": {},
                        "tainted": false
                    },
                    "deposed": [],
                    "provider": ""
                }
            },
            "depends_on": []
        }
    ]
}
