{
    "version": 3,
    "terraform_version": "0.9.4",
    "serial": 0,
    "lineage": "1bacaa9f-5c2a-49b8-b812-6217df758a53",
    "modules": [
        {
            "path": [
                "root"
            ],
            "outputs": {},
            "resources": {
                "baremetal_core_dhcp_options.app1-dhcp": {
                    "type": "baremetal_core_dhcp_options",
                    "depends_on": [
                        "baremetal_core_virtual_network.vcn"
                    ],
                    "primary": {
                        "id": "ocid1.dhcpoptions.oc1.phx.aaaaaaaaxbeas7gtlwfqqmxlhhoz2amaxkx6qe56s55c362un46si5xu2avq",
                        "attributes": {
                            "compartment_id": "ocid1.compartment.oc1..aaaaaaaapj7xxlndxbcrmhw6cftylvdndmyetzmz2aanqy5vk3gciiro5hpa",
                            "display_name": "app-dhcp",
                            "id": "ocid1.dhcpoptions.oc1.phx.aaaaaaaaxbeas7gtlwfqqmxlhhoz2amaxkx6qe56s55c362un46si5xu2avq",
                            "options.#": "2",
                            "options.0.custom_dns_servers.#": "0",
                            "options.0.search_domain_names.#": "0",
                            "options.0.server_type": "VcnLocalPlusInternet",
                            "options.0.type": "DomainNameServer",
                            "options.1.custom_dns_servers.#": "0",
                            "options.1.search_domain_names.#": "1",
                            "options.1.search_domain_names.0": "app1.tomcat.oraclevcn.com",
                            "options.1.server_type": "",
                            "options.1.type": "SearchDomain",
                            "state": "AVAILABLE",
                            "time_created": "2017-05-11 22:57:41.397 +0000 UTC",
                            "vcn_id": "ocid1.vcn.oc1.phx.aaaaaaaacqt6isr6odnovuerfooo4d7ckzlb45mbkie5jrjwkuhy5qsby6ba"
                        },
                        "meta": {
                            "e2bfb730-ecaa-11e6-8f88-34363bc7c4c0": {
                                "create": 300000000000,
                                "delete": 300000000000,
                                "update": 300000000000
                            }
                        },
                        "tainted": false
                    },
                    "deposed": [],
                    "provider": ""
                },
                "baremetal_core_dhcp_options.bastion1-dhcp": {
                    "type": "baremetal_core_dhcp_options",
                    "depends_on": [
                        "baremetal_core_virtual_network.vcn"
                    ],
                    "primary": {
                        "id": "ocid1.dhcpoptions.oc1.phx.aaaaaaaa6kaun2u46ckxle4dewcyt3fuapah7gr73fk5l5db2tsmii3bffba",
                        "attributes": {
                            "compartment_id": "ocid1.compartment.oc1..aaaaaaaapj7xxlndxbcrmhw6cftylvdndmyetzmz2aanqy5vk3gciiro5hpa",
                            "display_name": "bastion-dhcp",
                            "id": "ocid1.dhcpoptions.oc1.phx.aaaaaaaa6kaun2u46ckxle4dewcyt3fuapah7gr73fk5l5db2tsmii3bffba",
                            "options.#": "2",
                            "options.0.custom_dns_servers.#": "0",
                            "options.0.search_domain_names.#": "0",
                            "options.0.server_type": "VcnLocalPlusInternet",
                            "options.0.type": "DomainNameServer",
                            "options.1.custom_dns_servers.#": "0",
                            "options.1.search_domain_names.#": "1",
                            "options.1.search_domain_names.0": "BASTION1.tomcat.oraclevcn.com",
                            "options.1.server_type": "",
                            "options.1.type": "SearchDomain",
                            "state": "AVAILABLE",
                            "time_created": "2017-05-11 22:57:41.35 +0000 UTC",
                            "vcn_id": "ocid1.vcn.oc1.phx.aaaaaaaacqt6isr6odnovuerfooo4d7ckzlb45mbkie5jrjwkuhy5qsby6ba"
                        },
                        "meta": {
                            "e2bfb730-ecaa-11e6-8f88-34363bc7c4c0": {
                                "create": 300000000000,
                                "delete": 300000000000,
                                "update": 300000000000
                            }
                        },
                        "tainted": false
                    },
                    "deposed": [],
                    "provider": ""
                },
                "baremetal_core_internet_gateway.internet-gateway": {
                    "type": "baremetal_core_internet_gateway",
                    "depends_on": [
                        "baremetal_core_virtual_network.vcn"
                    ],
                    "primary": {
                        "id": "ocid1.internetgateway.oc1.phx.aaaaaaaa6x5ybfppthwqal6xqlgaujcmhli7evsdbzkhjd6gshruvrbh5fza",
                        "attributes": {
                            "compartment_id": "ocid1.compartment.oc1..aaaaaaaapj7xxlndxbcrmhw6cftylvdndmyetzmz2aanqy5vk3gciiro5hpa",
                            "display_name": "Public-IG",
                            "enabled": "true",
                            "id": "ocid1.internetgateway.oc1.phx.aaaaaaaa6x5ybfppthwqal6xqlgaujcmhli7evsdbzkhjd6gshruvrbh5fza",
                            "state": "AVAILABLE",
                            "time_created": "2017-05-11 22:57:41.059 +0000 UTC",
                            "time_modified": "0001-01-01 00:00:00 +0000 UTC",
                            "vcn_id": "ocid1.vcn.oc1.phx.aaaaaaaacqt6isr6odnovuerfooo4d7ckzlb45mbkie5jrjwkuhy5qsby6ba"
                        },
                        "meta": {
                            "e2bfb730-ecaa-11e6-8f88-34363bc7c4c0": {
                                "create": 300000000000,
                                "delete": 300000000000,
                                "update": 300000000000
                            }
                        },
                        "tainted": false
                    },
                    "deposed": [],
                    "provider": ""
                },
                "baremetal_core_route_table.route-table": {
                    "type": "baremetal_core_route_table",
                    "depends_on": [
                        "baremetal_core_internet_gateway.internet-gateway",
                        "baremetal_core_virtual_network.vcn"
                    ],
                    "primary": {
                        "id": "ocid1.routetable.oc1.phx.aaaaaaaa5kbxanhzznij3wtybxnc7fb5zgg3apprlg3etzx6vdtmjxf5juga",
                        "attributes": {
                            "compartment_id": "ocid1.compartment.oc1..aaaaaaaapj7xxlndxbcrmhw6cftylvdndmyetzmz2aanqy5vk3gciiro5hpa",
                            "display_name": "Public-RT",
                            "id": "ocid1.routetable.oc1.phx.aaaaaaaa5kbxanhzznij3wtybxnc7fb5zgg3apprlg3etzx6vdtmjxf5juga",
                            "route_rules.#": "1",
                            "route_rules.0.cidr_block": "0.0.0.0/0",
                            "route_rules.0.network_entity_id": "ocid1.internetgateway.oc1.phx.aaaaaaaa6x5ybfppthwqal6xqlgaujcmhli7evsdbzkhjd6gshruvrbh5fza",
                            "state": "AVAILABLE",
                            "time_created": "2017-05-11 22:57:41.675 +0000 UTC",
                            "time_modified": "0001-01-01 00:00:00 +0000 UTC",
                            "vcn_id": "ocid1.vcn.oc1.phx.aaaaaaaacqt6isr6odnovuerfooo4d7ckzlb45mbkie5jrjwkuhy5qsby6ba"
                        },
                        "meta": {
                            "e2bfb730-ecaa-11e6-8f88-34363bc7c4c0": {
                                "create": 300000000000,
                                "delete": 300000000000,
                                "update": 300000000000
                            }
                        },
                        "tainted": false
                    },
                    "deposed": [],
                    "provider": ""
                },
                "baremetal_core_security_list.app-sl": {
                    "type": "baremetal_core_security_list",
                    "depends_on": [
                        "baremetal_core_virtual_network.vcn"
                    ],
                    "primary": {
                        "id": "ocid1.securitylist.oc1.phx.aaaaaaaaqlckdf4ioryvy6s6ks4j6w76fr3ck6l3hsanszrzteykuyaycmuq",
                        "attributes": {
                            "compartment_id": "ocid1.compartment.oc1..aaaaaaaapj7xxlndxbcrmhw6cftylvdndmyetzmz2aanqy5vk3gciiro5hpa",
                            "display_name": "APP-SL",
                            "egress_security_rules.#": "1",
                            "egress_security_rules.0.destination": "0.0.0.0/0",
                            "egress_security_rules.0.icmp_options.#": "0",
                            "egress_security_rules.0.protocol": "6",
                            "egress_security_rules.0.stateless": "false",
                            "egress_security_rules.0.tcp_options.#": "0",
                            "egress_security_rules.0.udp_options.#": "0",
                            "id": "ocid1.securitylist.oc1.phx.aaaaaaaaqlckdf4ioryvy6s6ks4j6w76fr3ck6l3hsanszrzteykuyaycmuq",
                            "ingress_security_rules.#": "2",
                            "ingress_security_rules.0.icmp_options.#": "0",
                            "ingress_security_rules.0.protocol": "6",
                            "ingress_security_rules.0.source": "0.0.0.0/0",
                            "ingress_security_rules.0.stateless": "false",
                            "ingress_security_rules.0.tcp_options.#": "1",
                            "ingress_security_rules.0.tcp_options.0.max": "8080",
                            "ingress_security_rules.0.tcp_options.0.min": "8080",
                            "ingress_security_rules.0.udp_options.#": "0",
                            "ingress_security_rules.1.icmp_options.#": "0",
                            "ingress_security_rules.1.protocol": "6",
                            "ingress_security_rules.1.source": "10.0.1.0/24",
                            "ingress_security_rules.1.stateless": "false",
                            "ingress_security_rules.1.tcp_options.#": "1",
                            "ingress_security_rules.1.tcp_options.0.max": "22",
                            "ingress_security_rules.1.tcp_options.0.min": "22",
                            "ingress_security_rules.1.udp_options.#": "0",
                            "state": "AVAILABLE",
                            "time_created": "2017-05-11 22:57:41.366 +0000 UTC",
                            "vcn_id": "ocid1.vcn.oc1.phx.aaaaaaaacqt6isr6odnovuerfooo4d7ckzlb45mbkie5jrjwkuhy5qsby6ba"
                        },
                        "meta": {
                            "e2bfb730-ecaa-11e6-8f88-34363bc7c4c0": {
                                "create": 300000000000,
                                "delete": 300000000000,
                                "update": 300000000000
                            }
                        },
                        "tainted": false
                    },
                    "deposed": [],
                    "provider": ""
                },
                "baremetal_core_security_list.bastion-sl": {
                    "type": "baremetal_core_security_list",
                    "depends_on": [
                        "baremetal_core_virtual_network.vcn"
                    ],
                    "primary": {
                        "id": "ocid1.securitylist.oc1.phx.aaaaaaaaarem2qk3umjbpzivzgv5tg3q46j7jmwcxsbuqfau5gmkkpv77u3q",
                        "attributes": {
                            "compartment_id": "ocid1.compartment.oc1..aaaaaaaapj7xxlndxbcrmhw6cftylvdndmyetzmz2aanqy5vk3gciiro5hpa",
                            "display_name": "BASTION-SL",
                            "egress_security_rules.#": "1",
                            "egress_security_rules.0.destination": "0.0.0.0/0",
                            "egress_security_rules.0.icmp_options.#": "0",
                            "egress_security_rules.0.protocol": "6",
                            "egress_security_rules.0.stateless": "false",
                            "egress_security_rules.0.tcp_options.#": "0",
                            "egress_security_rules.0.udp_options.#": "0",
                            "id": "ocid1.securitylist.oc1.phx.aaaaaaaaarem2qk3umjbpzivzgv5tg3q46j7jmwcxsbuqfau5gmkkpv77u3q",
                            "ingress_security_rules.#": "1",
                            "ingress_security_rules.0.icmp_options.#": "0",
                            "ingress_security_rules.0.protocol": "6",
                            "ingress_security_rules.0.source": "0.0.0.0/0",
                            "ingress_security_rules.0.stateless": "false",
                            "ingress_security_rules.0.tcp_options.#": "1",
                            "ingress_security_rules.0.tcp_options.0.max": "22",
                            "ingress_security_rules.0.tcp_options.0.min": "22",
                            "ingress_security_rules.0.udp_options.#": "0",
                            "state": "AVAILABLE",
                            "time_created": "2017-05-11 22:57:41.347 +0000 UTC",
                            "vcn_id": "ocid1.vcn.oc1.phx.aaaaaaaacqt6isr6odnovuerfooo4d7ckzlb45mbkie5jrjwkuhy5qsby6ba"
                        },
                        "meta": {
                            "e2bfb730-ecaa-11e6-8f88-34363bc7c4c0": {
                                "create": 300000000000,
                                "delete": 300000000000,
                                "update": 300000000000
                            }
                        },
                        "tainted": false
                    },
                    "deposed": [],
                    "provider": ""
                },
                "baremetal_core_security_list.lb-sl": {
                    "type": "baremetal_core_security_list",
                    "depends_on": [
                        "baremetal_core_virtual_network.vcn"
                    ],
                    "primary": {
                        "id": "ocid1.securitylist.oc1.phx.aaaaaaaaxswfmeuze4gcnlrcbcw3ljodzmesky5mf3u2xztqwkcu3arue7aq",
                        "attributes": {
                            "compartment_id": "ocid1.compartment.oc1..aaaaaaaapj7xxlndxbcrmhw6cftylvdndmyetzmz2aanqy5vk3gciiro5hpa",
                            "display_name": "APP-SL",
                            "egress_security_rules.#": "1",
                            "egress_security_rules.0.destination": "0.0.0.0/0",
                            "egress_security_rules.0.icmp_options.#": "0",
                            "egress_security_rules.0.protocol": "6",
                            "egress_security_rules.0.stateless": "false",
                            "egress_security_rules.0.tcp_options.#": "0",
                            "egress_security_rules.0.udp_options.#": "0",
                            "id": "ocid1.securitylist.oc1.phx.aaaaaaaaxswfmeuze4gcnlrcbcw3ljodzmesky5mf3u2xztqwkcu3arue7aq",
                            "ingress_security_rules.#": "1",
                            "ingress_security_rules.0.icmp_options.#": "0",
                            "ingress_security_rules.0.protocol": "6",
                            "ingress_security_rules.0.source": "0.0.0.0/0",
                            "ingress_security_rules.0.stateless": "false",
                            "ingress_security_rules.0.tcp_options.#": "1",
                            "ingress_security_rules.0.tcp_options.0.max": "8080",
                            "ingress_security_rules.0.tcp_options.0.min": "8080",
                            "ingress_security_rules.0.udp_options.#": "0",
                            "state": "AVAILABLE",
                            "time_created": "2017-05-11 22:57:41.262 +0000 UTC",
                            "vcn_id": "ocid1.vcn.oc1.phx.aaaaaaaacqt6isr6odnovuerfooo4d7ckzlb45mbkie5jrjwkuhy5qsby6ba"
                        },
                        "meta": {
                            "e2bfb730-ecaa-11e6-8f88-34363bc7c4c0": {
                                "create": 300000000000,
                                "delete": 300000000000,
                                "update": 300000000000
                            }
                        },
                        "tainted": false
                    },
                    "deposed": [],
                    "provider": ""
                },
                "baremetal_core_subnet.app-subnet-1": {
                    "type": "baremetal_core_subnet",
                    "depends_on": [
                        "baremetal_core_dhcp_options.app1-dhcp",
                        "baremetal_core_route_table.route-table",
                        "baremetal_core_security_list.app-sl",
                        "baremetal_core_virtual_network.vcn",
                        "data.baremetal_identity_availability_domains.ads"
                    ],
                    "primary": {
                        "id": "ocid1.subnet.oc1.phx.aaaaaaaa5piku3h4mv54ku3bnccqttpnaynemuorptloffsxwmgkfidsm5oa",
                        "attributes": {
                            "availability_domain": "pILZ:PHX-AD-1",
                            "cidr_block": "10.0.3.0/28",
                            "compartment_id": "ocid1.compartment.oc1..aaaaaaaapj7xxlndxbcrmhw6cftylvdndmyetzmz2aanqy5vk3gciiro5hpa",
                            "dhcp_options_id": "ocid1.dhcpoptions.oc1.phx.aaaaaaaaxbeas7gtlwfqqmxlhhoz2amaxkx6qe56s55c362un46si5xu2avq",
                            "display_name": "APP",
                            "dns_label": "app",
                            "id": "ocid1.subnet.oc1.phx.aaaaaaaa5piku3h4mv54ku3bnccqttpnaynemuorptloffsxwmgkfidsm5oa",
                            "route_table_id": "ocid1.routetable.oc1.phx.aaaaaaaa5kbxanhzznij3wtybxnc7fb5zgg3apprlg3etzx6vdtmjxf5juga",
                            "security_list_ids.#": "1",
                            "security_list_ids.1542445092": "ocid1.securitylist.oc1.phx.aaaaaaaaqlckdf4ioryvy6s6ks4j6w76fr3ck6l3hsanszrzteykuyaycmuq",
                            "state": "AVAILABLE",
                            "time_created": "2017-05-11 22:57:42.222 +0000 UTC",
                            "vcn_id": "ocid1.vcn.oc1.phx.aaaaaaaacqt6isr6odnovuerfooo4d7ckzlb45mbkie5jrjwkuhy5qsby6ba",
                            "virtual_router_ip": "10.0.3.1",
                            "virtual_router_mac": "00:00:17:D8:95:91"
                        },
                        "meta": {
                            "e2bfb730-ecaa-11e6-8f88-34363bc7c4c0": {
                                "create": 300000000000,
                                "delete": 300000000000,
                                "update": 300000000000
                            }
                        },
                        "tainted": false
                    },
                    "deposed": [],
                    "provider": ""
                },
                "baremetal_core_subnet.bastion-subnet": {
                    "type": "baremetal_core_subnet",
                    "depends_on": [
                        "baremetal_core_dhcp_options.bastion1-dhcp",
                        "baremetal_core_route_table.route-table",
                        "baremetal_core_security_list.bastion-sl",
                        "baremetal_core_virtual_network.vcn",
                        "data.baremetal_identity_availability_domains.ads"
                    ],
                    "primary": {
                        "id": "ocid1.subnet.oc1.phx.aaaaaaaad3v4lan4mh4hm4j7hruwcmqlak5yxjvcsylr5z3jmvhsnpd6vu4q",
                        "attributes": {
                            "availability_domain": "pILZ:PHX-AD-1",
                            "cidr_block": "10.0.1.0/28",
                            "compartment_id": "ocid1.compartment.oc1..aaaaaaaapj7xxlndxbcrmhw6cftylvdndmyetzmz2aanqy5vk3gciiro5hpa",
                            "dhcp_options_id": "ocid1.dhcpoptions.oc1.phx.aaaaaaaa6kaun2u46ckxle4dewcyt3fuapah7gr73fk5l5db2tsmii3bffba",
                            "display_name": "BASTION",
                            "dns_label": "bastion",
                            "id": "ocid1.subnet.oc1.phx.aaaaaaaad3v4lan4mh4hm4j7hruwcmqlak5yxjvcsylr5z3jmvhsnpd6vu4q",
                            "route_table_id": "ocid1.routetable.oc1.phx.aaaaaaaa5kbxanhzznij3wtybxnc7fb5zgg3apprlg3etzx6vdtmjxf5juga",
                            "security_list_ids.#": "1",
                            "security_list_ids.2365644638": "ocid1.securitylist.oc1.phx.aaaaaaaaarem2qk3umjbpzivzgv5tg3q46j7jmwcxsbuqfau5gmkkpv77u3q",
                            "state": "AVAILABLE",
                            "time_created": "2017-05-11 22:57:42.606 +0000 UTC",
                            "vcn_id": "ocid1.vcn.oc1.phx.aaaaaaaacqt6isr6odnovuerfooo4d7ckzlb45mbkie5jrjwkuhy5qsby6ba",
                            "virtual_router_ip": "10.0.1.1",
                            "virtual_router_mac": "00:00:17:D8:95:91"
                        },
                        "meta": {
                            "e2bfb730-ecaa-11e6-8f88-34363bc7c4c0": {
                                "create": 300000000000,
                                "delete": 300000000000,
                                "update": 300000000000
                            }
                        },
                        "tainted": false
                    },
                    "deposed": [],
                    "provider": ""
                },
                "baremetal_core_subnet.lb-subnet-1": {
                    "type": "baremetal_core_subnet",
                    "depends_on": [
                        "baremetal_core_route_table.route-table",
                        "baremetal_core_security_list.lb-sl",
                        "baremetal_core_virtual_network.vcn",
                        "data.baremetal_identity_availability_domains.ads"
                    ],
                    "primary": {
                        "id": "ocid1.subnet.oc1.phx.aaaaaaaa5eaowjf43j3xanr2o4p5i7jj7fmw2xvwvqkmoucow7vln2y4suhq",
                        "attributes": {
                            "availability_domain": "pILZ:PHX-AD-1",
                            "cidr_block": "10.0.2.0/28",
                            "compartment_id": "ocid1.compartment.oc1..aaaaaaaapj7xxlndxbcrmhw6cftylvdndmyetzmz2aanqy5vk3gciiro5hpa",
                            "dhcp_options_id": "ocid1.dhcpoptions.oc1.phx.aaaaaaaawipmbmabw7ngd2ie4i5dvaz4wap46ihoai2x4lovldapyx5e6l3a",
                            "display_name": "LB-AD1",
                            "dns_label": "lb1",
                            "id": "ocid1.subnet.oc1.phx.aaaaaaaa5eaowjf43j3xanr2o4p5i7jj7fmw2xvwvqkmoucow7vln2y4suhq",
                            "route_table_id": "ocid1.routetable.oc1.phx.aaaaaaaa5kbxanhzznij3wtybxnc7fb5zgg3apprlg3etzx6vdtmjxf5juga",
                            "security_list_ids.#": "1",
                            "security_list_ids.2731620165": "ocid1.securitylist.oc1.phx.aaaaaaaaxswfmeuze4gcnlrcbcw3ljodzmesky5mf3u2xztqwkcu3arue7aq",
                            "state": "AVAILABLE",
                            "time_created": "2017-05-11 22:57:42.832 +0000 UTC",
                            "vcn_id": "ocid1.vcn.oc1.phx.aaaaaaaacqt6isr6odnovuerfooo4d7ckzlb45mbkie5jrjwkuhy5qsby6ba",
                            "virtual_router_ip": "10.0.2.1",
                            "virtual_router_mac": "00:00:17:D8:95:91"
                        },
                        "meta": {
                            "e2bfb730-ecaa-11e6-8f88-34363bc7c4c0": {
                                "create": 300000000000,
                                "delete": 300000000000,
                                "update": 300000000000
                            }
                        },
                        "tainted": false
                    },
                    "deposed": [],
                    "provider": ""
                },
                "baremetal_core_subnet.lb-subnet-2": {
                    "type": "baremetal_core_subnet",
                    "depends_on": [
                        "baremetal_core_route_table.route-table",
                        "baremetal_core_security_list.lb-sl",
                        "baremetal_core_virtual_network.vcn",
                        "data.baremetal_identity_availability_domains.ads"
                    ],
                    "primary": {
                        "id": "ocid1.subnet.oc1.phx.aaaaaaaacyq7hdnxspus4cd3ewclxyp633lhhru6hiqt6aabzkt4scze2jfa",
                        "attributes": {
                            "availability_domain": "pILZ:PHX-AD-2",
                            "cidr_block": "10.0.2.16/28",
                            "compartment_id": "ocid1.compartment.oc1..aaaaaaaapj7xxlndxbcrmhw6cftylvdndmyetzmz2aanqy5vk3gciiro5hpa",
                            "dhcp_options_id": "ocid1.dhcpoptions.oc1.phx.aaaaaaaawipmbmabw7ngd2ie4i5dvaz4wap46ihoai2x4lovldapyx5e6l3a",
                            "display_name": "LB-AD2",
                            "dns_label": "lb2",
                            "id": "ocid1.subnet.oc1.phx.aaaaaaaacyq7hdnxspus4cd3ewclxyp633lhhru6hiqt6aabzkt4scze2jfa",
                            "route_table_id": "ocid1.routetable.oc1.phx.aaaaaaaa5kbxanhzznij3wtybxnc7fb5zgg3apprlg3etzx6vdtmjxf5juga",
                            "security_list_ids.#": "1",
                            "security_list_ids.2731620165": "ocid1.securitylist.oc1.phx.aaaaaaaaxswfmeuze4gcnlrcbcw3ljodzmesky5mf3u2xztqwkcu3arue7aq",
                            "state": "AVAILABLE",
                            "time_created": "2017-05-11 22:57:42.045 +0000 UTC",
                            "vcn_id": "ocid1.vcn.oc1.phx.aaaaaaaacqt6isr6odnovuerfooo4d7ckzlb45mbkie5jrjwkuhy5qsby6ba",
                            "virtual_router_ip": "10.0.2.17",
                            "virtual_router_mac": "00:00:17:D8:95:91"
                        },
                        "meta": {
                            "e2bfb730-ecaa-11e6-8f88-34363bc7c4c0": {
                                "create": 300000000000,
                                "delete": 300000000000,
                                "update": 300000000000
                            }
                        },
                        "tainted": false
                    },
                    "deposed": [],
                    "provider": ""
                },
                "baremetal_core_virtual_network.vcn": {
                    "type": "baremetal_core_virtual_network",
                    "depends_on": [],
                    "primary": {
                        "id": "ocid1.vcn.oc1.phx.aaaaaaaacqt6isr6odnovuerfooo4d7ckzlb45mbkie5jrjwkuhy5qsby6ba",
                        "attributes": {
                            "cidr_block": "10.0.0.0/16",
                            "compartment_id": "ocid1.compartment.oc1..aaaaaaaapj7xxlndxbcrmhw6cftylvdndmyetzmz2aanqy5vk3gciiro5hpa",
                            "default_dhcp_options_id": "ocid1.dhcpoptions.oc1.phx.aaaaaaaawipmbmabw7ngd2ie4i5dvaz4wap46ihoai2x4lovldapyx5e6l3a",
                            "default_route_table_id": "ocid1.routetable.oc1.phx.aaaaaaaaexsbpm32xhzlk27o4aykg2ukwowdeid4abz3nl64udqkzwq3xlpq",
                            "default_security_list_id": "ocid1.securitylist.oc1.phx.aaaaaaaar6zd6gddyg3djpwtg2djwlwyr2ijd6dln5s2ciccc5rsscu6qvvq",
                            "display_name": "local-Tomcat-Network",
                            "dns_label": "tomcat",
                            "id": "ocid1.vcn.oc1.phx.aaaaaaaacqt6isr6odnovuerfooo4d7ckzlb45mbkie5jrjwkuhy5qsby6ba",
                            "state": "AVAILABLE",
                            "time_created": "2017-05-11 22:57:40.624 +0000 UTC"
                        },
                        "meta": {
                            "e2bfb730-ecaa-11e6-8f88-34363bc7c4c0": {
                                "create": 300000000000,
                                "delete": 300000000000,
                                "update": 300000000000
                            }
                        },
                        "tainted": false
                    },
                    "deposed": [],
                    "provider": ""
                },
                "data.baremetal_identity_availability_domains.ads": {
                    "type": "baremetal_identity_availability_domains",
                    "depends_on": [],
                    "primary": {
                        "id": "2017-05-11 22:57:40.18980685 +0000 UTC",
                        "attributes": {
                            "availability_domains.#": "3",
                            "availability_domains.0.compartment_id": "ocid1.tenancy.oc1..aaaaaaaay7s6icq755xqlytpl33i7ysjzzb2kv3vk3itg5ilsxanrzqmsaha",
                            "availability_domains.0.name": "pILZ:PHX-AD-1",
                            "availability_domains.1.compartment_id": "ocid1.tenancy.oc1..aaaaaaaay7s6icq755xqlytpl33i7ysjzzb2kv3vk3itg5ilsxanrzqmsaha",
                            "availability_domains.1.name": "pILZ:PHX-AD-2",
                            "availability_domains.2.compartment_id": "ocid1.tenancy.oc1..aaaaaaaay7s6icq755xqlytpl33i7ysjzzb2kv3vk3itg5ilsxanrzqmsaha",
                            "availability_domains.2.name": "pILZ:PHX-AD-3",
                            "compartment_id": "ocid1.tenancy.oc1..aaaaaaaay7s6icq755xqlytpl33i7ysjzzb2kv3vk3itg5ilsxanrzqmsaha",
                            "id": "2017-05-11 22:57:40.18980685 +0000 UTC"
                        },
                        "meta": {},
                        "tainted": false
                    },
                    "deposed": [],
                    "provider": ""
                }
            },
            "depends_on": []
        },
        {
            "path": [
                "root",
                "bastion-1"
            ],
            "outputs": {
                "ocid": {
                    "sensitive": false,
                    "type": "list",
                    "value": [
                        "ocid1.instance.oc1.phx.abyhqljsqxdtej2iyyj3nx6eazyngr7q3h7yk5hsiy4obt7wd5oaqgzd6roq"
                    ]
                },
                "private_ip": {
                    "sensitive": false,
                    "type": "list",
                    "value": [
                        "10.0.1.2"
                    ]
                },
                "public_ip": {
                    "sensitive": false,
                    "type": "list",
                    "value": [
                        "129.146.39.61"
                    ]
                }
            },
            "resources": {
                "baremetal_core_instance.standard-server": {
                    "type": "baremetal_core_instance",
                    "depends_on": [],
                    "primary": {
                        "id": "ocid1.instance.oc1.phx.abyhqljsqxdtej2iyyj3nx6eazyngr7q3h7yk5hsiy4obt7wd5oaqgzd6roq",
                        "attributes": {
                            "availability_domain": "pILZ:PHX-AD-1",
                            "compartment_id": "ocid1.compartment.oc1..aaaaaaaapj7xxlndxbcrmhw6cftylvdndmyetzmz2aanqy5vk3gciiro5hpa",
                            "display_name": "local-bastion-1",
                            "id": "ocid1.instance.oc1.phx.abyhqljsqxdtej2iyyj3nx6eazyngr7q3h7yk5hsiy4obt7wd5oaqgzd6roq",
                            "image": "ocid1.image.oc1.phx.aaaaaaaaclseho77fcdfgejstt2bflkugcx5waa6bhconbokvhdp3qw7txlq",
                            "metadata.%": "1",
                            "metadata.ssh_authorized_keys": "ssh-rsa AAAAB3NzaC1yc2EAAAADAQABAAABAQC0G5R0I21xfA0PyCFOI+TCRqSGtuEbAO9c7zRsE652jQ/LDGLS6uCL+U3eB4+e8FnnRF3A1IB9jPO7pLvhbL9nlD2PbOwqmWMp4W3a8xyjjHEcTaQ9Hc085GDtUki6hyW4+jtJ3GdK5Wp7liH438tND6EAdVeUcrt07/o99eKeDjtTd6R5AeL08JPW7OuEYLcYHH2ZkMyu795XuWAIQXeDMfbnLj6gcTgyftVZViGPoELO39Cl7g/JxVXsnNTCVtTa5CRRmaF/mKVcGuj+5fiTafx8CNh/6hkBm2hryBdTcSwGkiZgXs1GkOfmEEkk+61kNJbpHSo0FiBz1h4B91zD jamescalise@Jamess-MacBook-Pro.local",
                            "region": "phx",
                            "shape": "VM.Standard1.1",
                            "state": "RUNNING",
                            "subnet_id": "ocid1.subnet.oc1.phx.aaaaaaaad3v4lan4mh4hm4j7hruwcmqlak5yxjvcsylr5z3jmvhsnpd6vu4q",
                            "time_created": "2017-05-11 22:57:53.726 +0000 UTC"
                        },
                        "meta": {
                            "e2bfb730-ecaa-11e6-8f88-34363bc7c4c0": {
                                "create": 7200000000000,
                                "delete": 7200000000000,
                                "update": 7200000000000
                            }
                        },
                        "tainted": false
                    },
                    "deposed": [],
                    "provider": ""
                },
                "data.baremetal_core_vnic.vnic": {
                    "type": "baremetal_core_vnic",
                    "depends_on": [
                        "data.baremetal_core_vnic_attachments.vnics"
                    ],
                    "primary": {
                        "id": "ocid1.vnic.oc1.phx.abyhqljse72ectdj4o6sye7hrv5hq5zsacnquuv6kogc6zzdyxymylqgh3ua",
                        "attributes": {
                            "availability_domain": "pILZ:PHX-AD-1",
                            "compartment_id": "ocid1.compartment.oc1..aaaaaaaapj7xxlndxbcrmhw6cftylvdndmyetzmz2aanqy5vk3gciiro5hpa",
                            "display_name": "local-bastion-1",
                            "id": "ocid1.vnic.oc1.phx.abyhqljse72ectdj4o6sye7hrv5hq5zsacnquuv6kogc6zzdyxymylqgh3ua",
                            "private_ip_address": "10.0.1.2",
                            "public_ip_address": "129.146.39.61",
                            "state": "AVAILABLE",
                            "subnet_id": "ocid1.subnet.oc1.phx.aaaaaaaad3v4lan4mh4hm4j7hruwcmqlak5yxjvcsylr5z3jmvhsnpd6vu4q",
                            "vnic_id": "ocid1.vnic.oc1.phx.abyhqljse72ectdj4o6sye7hrv5hq5zsacnquuv6kogc6zzdyxymylqgh3ua"
                        },
                        "meta": {},
                        "tainted": false
                    },
                    "deposed": [],
                    "provider": ""
                },
                "data.baremetal_core_vnic_attachments.vnics": {
                    "type": "baremetal_core_vnic_attachments",
                    "depends_on": [
                        "baremetal_core_instance.standard-server"
                    ],
                    "primary": {
                        "id": "2017-05-11 22:58:27.98024271 +0000 UTC",
                        "attributes": {
                            "availability_domain": "pILZ:PHX-AD-1",
                            "compartment_id": "ocid1.compartment.oc1..aaaaaaaapj7xxlndxbcrmhw6cftylvdndmyetzmz2aanqy5vk3gciiro5hpa",
                            "id": "2017-05-11 22:58:27.98024271 +0000 UTC",
                            "instance_id": "ocid1.instance.oc1.phx.abyhqljsqxdtej2iyyj3nx6eazyngr7q3h7yk5hsiy4obt7wd5oaqgzd6roq",
                            "vnic_attachments.#": "1",
                            "vnic_attachments.0.availability_domain": "pILZ:PHX-AD-1",
                            "vnic_attachments.0.compartment_id": "ocid1.compartment.oc1..aaaaaaaapj7xxlndxbcrmhw6cftylvdndmyetzmz2aanqy5vk3gciiro5hpa",
                            "vnic_attachments.0.display_name": "",
                            "vnic_attachments.0.id": "ocid1.vnicattachment.oc1.phx.abyhqljsknwhyupqexzalyqeicad4edwjl3o4coay4jn53glybejmay54odq",
                            "vnic_attachments.0.instance_id": "ocid1.instance.oc1.phx.abyhqljsqxdtej2iyyj3nx6eazyngr7q3h7yk5hsiy4obt7wd5oaqgzd6roq",
                            "vnic_attachments.0.state": "ATTACHED",
                            "vnic_attachments.0.subnet_id": "ocid1.subnet.oc1.phx.aaaaaaaad3v4lan4mh4hm4j7hruwcmqlak5yxjvcsylr5z3jmvhsnpd6vu4q",
                            "vnic_attachments.0.time_created": "Thu, 11 May 2017 22:57:57 UTC",
                            "vnic_attachments.0.vnic_id": "ocid1.vnic.oc1.phx.abyhqljse72ectdj4o6sye7hrv5hq5zsacnquuv6kogc6zzdyxymylqgh3ua"
                        },
                        "meta": {},
                        "tainted": false
                    },
                    "deposed": [],
                    "provider": ""
                }
            },
            "depends_on": []
        },
        {
            "path": [
                "root",
                "tomcat-server"
            ],
            "outputs": {
                "ocid": {
                    "sensitive": false,
                    "type": "list",
                    "value": [
                        "ocid1.instance.oc1.phx.abyhqljsnanlcf34aeuu6nrekgtg3qgf3lnivqwi27e44vwxpu3gtrvzptla"
                    ]
                },
                "private_ip": {
                    "sensitive": false,
                    "type": "list",
                    "value": [
                        "10.0.3.2"
                    ]
                },
                "public_ip": {
                    "sensitive": false,
                    "type": "list",
                    "value": [
                        "129.146.39.39"
                    ]
                }
            },
            "resources": {
                "null_resource.server_instance_config": {
                    "type": "null_resource",
                    "depends_on": [
                        "module.tomcat-server"
                    ],
                    "primary": {
                        "id": "8400429265937515344",
                        "attributes": {
                            "id": "8400429265937515344"
                        },
                        "meta": {},
                        "tainted": true
                    },
                    "deposed": [],
                    "provider": ""
                }
            },
            "depends_on": []
        },
        {
            "path": [
                "root",
                "tomcat-server",
                "tomcat-server"
            ],
            "outputs": {
                "ocid": {
                    "sensitive": false,
                    "type": "list",
                    "value": [
                        "ocid1.instance.oc1.phx.abyhqljsnanlcf34aeuu6nrekgtg3qgf3lnivqwi27e44vwxpu3gtrvzptla"
                    ]
                },
                "private_ip": {
                    "sensitive": false,
                    "type": "list",
                    "value": [
                        "10.0.3.2"
                    ]
                },
                "public_ip": {
                    "sensitive": false,
                    "type": "list",
                    "value": [
                        "129.146.39.39"
                    ]
                }
            },
            "resources": {
                "baremetal_core_instance.standard-server": {
                    "type": "baremetal_core_instance",
                    "depends_on": [],
                    "primary": {
                        "id": "ocid1.instance.oc1.phx.abyhqljsnanlcf34aeuu6nrekgtg3qgf3lnivqwi27e44vwxpu3gtrvzptla",
                        "attributes": {
                            "availability_domain": "pILZ:PHX-AD-1",
                            "compartment_id": "ocid1.compartment.oc1..aaaaaaaapj7xxlndxbcrmhw6cftylvdndmyetzmz2aanqy5vk3gciiro5hpa",
                            "display_name": "local-tomcat",
                            "id": "ocid1.instance.oc1.phx.abyhqljsnanlcf34aeuu6nrekgtg3qgf3lnivqwi27e44vwxpu3gtrvzptla",
                            "image": "ocid1.image.oc1.phx.aaaaaaaawcvuel67op5mvot77kfrtruywsxy6byvx7haac5b6uih45migqrq",
                            "metadata.%": "1",
                            "metadata.ssh_authorized_keys": "ssh-rsa AAAAB3NzaC1yc2EAAAADAQABAAABAQC0G5R0I21xfA0PyCFOI+TCRqSGtuEbAO9c7zRsE652jQ/LDGLS6uCL+U3eB4+e8FnnRF3A1IB9jPO7pLvhbL9nlD2PbOwqmWMp4W3a8xyjjHEcTaQ9Hc085GDtUki6hyW4+jtJ3GdK5Wp7liH438tND6EAdVeUcrt07/o99eKeDjtTd6R5AeL08JPW7OuEYLcYHH2ZkMyu795XuWAIQXeDMfbnLj6gcTgyftVZViGPoELO39Cl7g/JxVXsnNTCVtTa5CRRmaF/mKVcGuj+5fiTafx8CNh/6hkBm2hryBdTcSwGkiZgXs1GkOfmEEkk+61kNJbpHSo0FiBz1h4B91zD jamescalise@Jamess-MacBook-Pro.local",
                            "region": "phx",
                            "shape": "BM.Standard1.36",
                            "state": "RUNNING",
                            "subnet_id": "ocid1.subnet.oc1.phx.aaaaaaaa5piku3h4mv54ku3bnccqttpnaynemuorptloffsxwmgkfidsm5oa",
                            "time_created": "2017-05-11 22:57:53.318 +0000 UTC"
                        },
                        "meta": {
                            "e2bfb730-ecaa-11e6-8f88-34363bc7c4c0": {
                                "create": 7200000000000,
                                "delete": 7200000000000,
                                "update": 7200000000000
                            }
                        },
                        "tainted": false
                    },
                    "deposed": [],
                    "provider": ""
                },
                "data.baremetal_core_vnic.vnic": {
                    "type": "baremetal_core_vnic",
                    "depends_on": [
                        "data.baremetal_core_vnic_attachments.vnics"
                    ],
                    "primary": {
                        "id": "ocid1.vnic.oc1.phx.abyhqljsysuiiobaaehlqtnujihahnvrmiu7vejky64j5n5r2xzttbqlg67q",
                        "attributes": {
                            "availability_domain": "pILZ:PHX-AD-1",
                            "compartment_id": "ocid1.compartment.oc1..aaaaaaaapj7xxlndxbcrmhw6cftylvdndmyetzmz2aanqy5vk3gciiro5hpa",
                            "display_name": "local-tomcat",
                            "id": "ocid1.vnic.oc1.phx.abyhqljsysuiiobaaehlqtnujihahnvrmiu7vejky64j5n5r2xzttbqlg67q",
                            "private_ip_address": "10.0.3.2",
                            "public_ip_address": "129.146.39.39",
                            "state": "AVAILABLE",
                            "subnet_id": "ocid1.subnet.oc1.phx.aaaaaaaa5piku3h4mv54ku3bnccqttpnaynemuorptloffsxwmgkfidsm5oa",
                            "vnic_id": "ocid1.vnic.oc1.phx.abyhqljsysuiiobaaehlqtnujihahnvrmiu7vejky64j5n5r2xzttbqlg67q"
                        },
                        "meta": {},
                        "tainted": false
                    },
                    "deposed": [],
                    "provider": ""
                },
                "data.baremetal_core_vnic_attachments.vnics": {
                    "type": "baremetal_core_vnic_attachments",
                    "depends_on": [
                        "baremetal_core_instance.standard-server"
                    ],
                    "primary": {
                        "id": "2017-05-11 23:01:59.840020455 +0000 UTC",
                        "attributes": {
                            "availability_domain": "pILZ:PHX-AD-1",
                            "compartment_id": "ocid1.compartment.oc1..aaaaaaaapj7xxlndxbcrmhw6cftylvdndmyetzmz2aanqy5vk3gciiro5hpa",
                            "id": "2017-05-11 23:01:59.840020455 +0000 UTC",
                            "instance_id": "ocid1.instance.oc1.phx.abyhqljsnanlcf34aeuu6nrekgtg3qgf3lnivqwi27e44vwxpu3gtrvzptla",
                            "vnic_attachments.#": "1",
                            "vnic_attachments.0.availability_domain": "pILZ:PHX-AD-1",
                            "vnic_attachments.0.compartment_id": "ocid1.compartment.oc1..aaaaaaaapj7xxlndxbcrmhw6cftylvdndmyetzmz2aanqy5vk3gciiro5hpa",
                            "vnic_attachments.0.display_name": "",
                            "vnic_attachments.0.id": "ocid1.vnicattachment.oc1.phx.abyhqljshprq2raf2lum2slh43rrrrkz6w7ub2bnbokjlfgg7q33gzpyn3jq",
                            "vnic_attachments.0.instance_id": "ocid1.instance.oc1.phx.abyhqljsnanlcf34aeuu6nrekgtg3qgf3lnivqwi27e44vwxpu3gtrvzptla",
                            "vnic_attachments.0.state": "ATTACHED",
                            "vnic_attachments.0.subnet_id": "ocid1.subnet.oc1.phx.aaaaaaaa5piku3h4mv54ku3bnccqttpnaynemuorptloffsxwmgkfidsm5oa",
                            "vnic_attachments.0.time_created": "Thu, 11 May 2017 22:57:56 UTC",
                            "vnic_attachments.0.vnic_id": "ocid1.vnic.oc1.phx.abyhqljsysuiiobaaehlqtnujihahnvrmiu7vejky64j5n5r2xzttbqlg67q"
                        },
                        "meta": {},
                        "tainted": false
                    },
                    "deposed": [],
                    "provider": ""
                }
            },
            "depends_on": []
        }
    ]
}
