{
    "version": 3,
    "terraform_version": "0.9.4",
    "serial": 1,
    "lineage": "35f68264-86b8-4c78-a993-15787d6a8eeb",
    "modules": [
        {
            "path": [
                "root"
            ],
            "outputs": {},
            "resources": {
                "baremetal_core_dhcp_options.app1-dhcp": {
                    "type": "baremetal_core_dhcp_options",
                    "depends_on": [
                        "baremetal_core_virtual_network.vcn"
                    ],
                    "primary": {
                        "id": "ocid1.dhcpoptions.oc1.phx.aaaaaaaa5l6wvf62acuuvxymstfm4p47zfg4osrsygea65skhhr6uz7pjl5a",
                        "attributes": {
                            "compartment_id": "ocid1.compartment.oc1..aaaaaaaapj7xxlndxbcrmhw6cftylvdndmyetzmz2aanqy5vk3gciiro5hpa",
                            "display_name": "app-dhcp",
                            "id": "ocid1.dhcpoptions.oc1.phx.aaaaaaaa5l6wvf62acuuvxymstfm4p47zfg4osrsygea65skhhr6uz7pjl5a",
                            "options.#": "2",
                            "options.0.custom_dns_servers.#": "0",
                            "options.0.search_domain_names.#": "0",
                            "options.0.server_type": "VcnLocalPlusInternet",
                            "options.0.type": "DomainNameServer",
                            "options.1.custom_dns_servers.#": "0",
                            "options.1.search_domain_names.#": "1",
                            "options.1.search_domain_names.0": "app1.tomcat.oraclevcn.com",
                            "options.1.server_type": "",
                            "options.1.type": "SearchDomain",
                            "state": "AVAILABLE",
                            "time_created": "2017-05-12 15:05:48.571 +0000 UTC",
                            "vcn_id": "ocid1.vcn.oc1.phx.aaaaaaaaopplzzd67ilshzcuixbk2dksafke7u5ml3qcvhcv5mftfpztq2oq"
                        },
                        "meta": {
                            "e2bfb730-ecaa-11e6-8f88-34363bc7c4c0": {
                                "create": 300000000000,
                                "delete": 300000000000,
                                "update": 300000000000
                            }
                        },
                        "tainted": false
                    },
                    "deposed": [],
                    "provider": ""
                },
                "baremetal_core_dhcp_options.bastion1-dhcp": {
                    "type": "baremetal_core_dhcp_options",
                    "depends_on": [
                        "baremetal_core_virtual_network.vcn"
                    ],
                    "primary": {
                        "id": "ocid1.dhcpoptions.oc1.phx.aaaaaaaaadar5akb76pfdbwlne5hpm4f72u6rhz5763uc54js4jh4y4oritq",
                        "attributes": {
                            "compartment_id": "ocid1.compartment.oc1..aaaaaaaapj7xxlndxbcrmhw6cftylvdndmyetzmz2aanqy5vk3gciiro5hpa",
                            "display_name": "bastion-dhcp",
                            "id": "ocid1.dhcpoptions.oc1.phx.aaaaaaaaadar5akb76pfdbwlne5hpm4f72u6rhz5763uc54js4jh4y4oritq",
                            "options.#": "2",
                            "options.0.custom_dns_servers.#": "0",
                            "options.0.search_domain_names.#": "0",
                            "options.0.server_type": "VcnLocalPlusInternet",
                            "options.0.type": "DomainNameServer",
                            "options.1.custom_dns_servers.#": "0",
                            "options.1.search_domain_names.#": "1",
                            "options.1.search_domain_names.0": "BASTION1.tomcat.oraclevcn.com",
                            "options.1.server_type": "",
                            "options.1.type": "SearchDomain",
                            "state": "AVAILABLE",
                            "time_created": "2017-05-12 15:05:48.555 +0000 UTC",
                            "vcn_id": "ocid1.vcn.oc1.phx.aaaaaaaaopplzzd67ilshzcuixbk2dksafke7u5ml3qcvhcv5mftfpztq2oq"
                        },
                        "meta": {
                            "e2bfb730-ecaa-11e6-8f88-34363bc7c4c0": {
                                "create": 300000000000,
                                "delete": 300000000000,
                                "update": 300000000000
                            }
                        },
                        "tainted": false
                    },
                    "deposed": [],
                    "provider": ""
                },
                "baremetal_core_internet_gateway.internet-gateway": {
                    "type": "baremetal_core_internet_gateway",
                    "depends_on": [
                        "baremetal_core_virtual_network.vcn"
                    ],
                    "primary": {
                        "id": "ocid1.internetgateway.oc1.phx.aaaaaaaawa3szmcd2u4qvmengkvhdldbrzfmmdx7swrdl4mucgz534nrw3aq",
                        "attributes": {
                            "compartment_id": "ocid1.compartment.oc1..aaaaaaaapj7xxlndxbcrmhw6cftylvdndmyetzmz2aanqy5vk3gciiro5hpa",
                            "display_name": "Public-IG",
                            "enabled": "true",
                            "id": "ocid1.internetgateway.oc1.phx.aaaaaaaawa3szmcd2u4qvmengkvhdldbrzfmmdx7swrdl4mucgz534nrw3aq",
                            "state": "AVAILABLE",
                            "time_created": "2017-05-12 15:05:48.301 +0000 UTC",
                            "time_modified": "0001-01-01 00:00:00 +0000 UTC",
                            "vcn_id": "ocid1.vcn.oc1.phx.aaaaaaaaopplzzd67ilshzcuixbk2dksafke7u5ml3qcvhcv5mftfpztq2oq"
                        },
                        "meta": {
                            "e2bfb730-ecaa-11e6-8f88-34363bc7c4c0": {
                                "create": 300000000000,
                                "delete": 300000000000,
                                "update": 300000000000
                            }
                        },
                        "tainted": false
                    },
                    "deposed": [],
                    "provider": ""
                },
                "baremetal_core_route_table.route-table": {
                    "type": "baremetal_core_route_table",
                    "depends_on": [
                        "baremetal_core_internet_gateway.internet-gateway",
                        "baremetal_core_virtual_network.vcn"
                    ],
                    "primary": {
                        "id": "ocid1.routetable.oc1.phx.aaaaaaaaa56rlovxdesibozjdx7fvzuyarckwyxe6we5drim3obakxpvfdga",
                        "attributes": {
                            "compartment_id": "ocid1.compartment.oc1..aaaaaaaapj7xxlndxbcrmhw6cftylvdndmyetzmz2aanqy5vk3gciiro5hpa",
                            "display_name": "Public-RT",
                            "id": "ocid1.routetable.oc1.phx.aaaaaaaaa56rlovxdesibozjdx7fvzuyarckwyxe6we5drim3obakxpvfdga",
                            "route_rules.#": "1",
                            "route_rules.0.cidr_block": "0.0.0.0/0",
                            "route_rules.0.network_entity_id": "ocid1.internetgateway.oc1.phx.aaaaaaaawa3szmcd2u4qvmengkvhdldbrzfmmdx7swrdl4mucgz534nrw3aq",
                            "state": "AVAILABLE",
                            "time_created": "2017-05-12 15:05:48.709 +0000 UTC",
                            "time_modified": "0001-01-01 00:00:00 +0000 UTC",
                            "vcn_id": "ocid1.vcn.oc1.phx.aaaaaaaaopplzzd67ilshzcuixbk2dksafke7u5ml3qcvhcv5mftfpztq2oq"
                        },
                        "meta": {
                            "e2bfb730-ecaa-11e6-8f88-34363bc7c4c0": {
                                "create": 300000000000,
                                "delete": 300000000000,
                                "update": 300000000000
                            }
                        },
                        "tainted": false
                    },
                    "deposed": [],
                    "provider": ""
                },
                "baremetal_core_security_list.app-sl": {
                    "type": "baremetal_core_security_list",
                    "depends_on": [
                        "baremetal_core_virtual_network.vcn"
                    ],
                    "primary": {
                        "id": "ocid1.securitylist.oc1.phx.aaaaaaaarmsyiosfaveqcucsu2swublot3e6c4fqtj72afhyt5e43kt25tua",
                        "attributes": {
                            "compartment_id": "ocid1.compartment.oc1..aaaaaaaapj7xxlndxbcrmhw6cftylvdndmyetzmz2aanqy5vk3gciiro5hpa",
                            "display_name": "APP-SL",
                            "egress_security_rules.#": "1",
                            "egress_security_rules.0.destination": "0.0.0.0/0",
                            "egress_security_rules.0.icmp_options.#": "0",
                            "egress_security_rules.0.protocol": "6",
                            "egress_security_rules.0.stateless": "false",
                            "egress_security_rules.0.tcp_options.#": "0",
                            "egress_security_rules.0.udp_options.#": "0",
                            "id": "ocid1.securitylist.oc1.phx.aaaaaaaarmsyiosfaveqcucsu2swublot3e6c4fqtj72afhyt5e43kt25tua",
                            "ingress_security_rules.#": "2",
                            "ingress_security_rules.0.icmp_options.#": "0",
                            "ingress_security_rules.0.protocol": "6",
                            "ingress_security_rules.0.source": "0.0.0.0/0",
                            "ingress_security_rules.0.stateless": "false",
                            "ingress_security_rules.0.tcp_options.#": "1",
                            "ingress_security_rules.0.tcp_options.0.max": "8080",
                            "ingress_security_rules.0.tcp_options.0.min": "8080",
                            "ingress_security_rules.0.udp_options.#": "0",
                            "ingress_security_rules.1.icmp_options.#": "0",
                            "ingress_security_rules.1.protocol": "6",
                            "ingress_security_rules.1.source": "10.0.1.0/24",
                            "ingress_security_rules.1.stateless": "false",
                            "ingress_security_rules.1.tcp_options.#": "1",
                            "ingress_security_rules.1.tcp_options.0.max": "22",
                            "ingress_security_rules.1.tcp_options.0.min": "22",
                            "ingress_security_rules.1.udp_options.#": "0",
                            "state": "AVAILABLE",
                            "time_created": "2017-05-12 15:05:48.563 +0000 UTC",
                            "vcn_id": "ocid1.vcn.oc1.phx.aaaaaaaaopplzzd67ilshzcuixbk2dksafke7u5ml3qcvhcv5mftfpztq2oq"
                        },
                        "meta": {
                            "e2bfb730-ecaa-11e6-8f88-34363bc7c4c0": {
                                "create": 300000000000,
                                "delete": 300000000000,
                                "update": 300000000000
                            }
                        },
                        "tainted": false
                    },
                    "deposed": [],
                    "provider": ""
                },
                "baremetal_core_security_list.bastion-sl": {
                    "type": "baremetal_core_security_list",
                    "depends_on": [
                        "baremetal_core_virtual_network.vcn"
                    ],
                    "primary": {
                        "id": "ocid1.securitylist.oc1.phx.aaaaaaaa65n4qawpylxvetllbkk7y6pighnfi4drq73u7lpkoskvkxqyhcwq",
                        "attributes": {
                            "compartment_id": "ocid1.compartment.oc1..aaaaaaaapj7xxlndxbcrmhw6cftylvdndmyetzmz2aanqy5vk3gciiro5hpa",
                            "display_name": "BASTION-SL",
                            "egress_security_rules.#": "1",
                            "egress_security_rules.0.destination": "0.0.0.0/0",
                            "egress_security_rules.0.icmp_options.#": "0",
                            "egress_security_rules.0.protocol": "6",
                            "egress_security_rules.0.stateless": "false",
                            "egress_security_rules.0.tcp_options.#": "0",
                            "egress_security_rules.0.udp_options.#": "0",
                            "id": "ocid1.securitylist.oc1.phx.aaaaaaaa65n4qawpylxvetllbkk7y6pighnfi4drq73u7lpkoskvkxqyhcwq",
                            "ingress_security_rules.#": "1",
                            "ingress_security_rules.0.icmp_options.#": "0",
                            "ingress_security_rules.0.protocol": "6",
                            "ingress_security_rules.0.source": "0.0.0.0/0",
                            "ingress_security_rules.0.stateless": "false",
                            "ingress_security_rules.0.tcp_options.#": "1",
                            "ingress_security_rules.0.tcp_options.0.max": "22",
                            "ingress_security_rules.0.tcp_options.0.min": "22",
                            "ingress_security_rules.0.udp_options.#": "0",
                            "state": "AVAILABLE",
                            "time_created": "2017-05-12 15:05:48.575 +0000 UTC",
                            "vcn_id": "ocid1.vcn.oc1.phx.aaaaaaaaopplzzd67ilshzcuixbk2dksafke7u5ml3qcvhcv5mftfpztq2oq"
                        },
                        "meta": {
                            "e2bfb730-ecaa-11e6-8f88-34363bc7c4c0": {
                                "create": 300000000000,
                                "delete": 300000000000,
                                "update": 300000000000
                            }
                        },
                        "tainted": false
                    },
                    "deposed": [],
                    "provider": ""
                },
                "baremetal_core_security_list.lb-sl": {
                    "type": "baremetal_core_security_list",
                    "depends_on": [
                        "baremetal_core_virtual_network.vcn"
                    ],
                    "primary": {
                        "id": "ocid1.securitylist.oc1.phx.aaaaaaaangopqyztjuyreh5knjvoogsx3ptitvokep2ctyysofxbay6sedyq",
                        "attributes": {
                            "compartment_id": "ocid1.compartment.oc1..aaaaaaaapj7xxlndxbcrmhw6cftylvdndmyetzmz2aanqy5vk3gciiro5hpa",
                            "display_name": "APP-SL",
                            "egress_security_rules.#": "1",
                            "egress_security_rules.0.destination": "0.0.0.0/0",
                            "egress_security_rules.0.icmp_options.#": "0",
                            "egress_security_rules.0.protocol": "6",
                            "egress_security_rules.0.stateless": "false",
                            "egress_security_rules.0.tcp_options.#": "0",
                            "egress_security_rules.0.udp_options.#": "0",
                            "id": "ocid1.securitylist.oc1.phx.aaaaaaaangopqyztjuyreh5knjvoogsx3ptitvokep2ctyysofxbay6sedyq",
                            "ingress_security_rules.#": "1",
                            "ingress_security_rules.0.icmp_options.#": "0",
                            "ingress_security_rules.0.protocol": "6",
                            "ingress_security_rules.0.source": "0.0.0.0/0",
                            "ingress_security_rules.0.stateless": "false",
                            "ingress_security_rules.0.tcp_options.#": "1",
                            "ingress_security_rules.0.tcp_options.0.max": "8080",
                            "ingress_security_rules.0.tcp_options.0.min": "8080",
                            "ingress_security_rules.0.udp_options.#": "0",
                            "state": "AVAILABLE",
                            "time_created": "2017-05-12 15:05:48.557 +0000 UTC",
                            "vcn_id": "ocid1.vcn.oc1.phx.aaaaaaaaopplzzd67ilshzcuixbk2dksafke7u5ml3qcvhcv5mftfpztq2oq"
                        },
                        "meta": {
                            "e2bfb730-ecaa-11e6-8f88-34363bc7c4c0": {
                                "create": 300000000000,
                                "delete": 300000000000,
                                "update": 300000000000
                            }
                        },
                        "tainted": false
                    },
                    "deposed": [],
                    "provider": ""
                },
                "baremetal_core_subnet.app-subnet-1": {
                    "type": "baremetal_core_subnet",
                    "depends_on": [
                        "baremetal_core_dhcp_options.app1-dhcp",
                        "baremetal_core_route_table.route-table",
                        "baremetal_core_security_list.app-sl",
                        "baremetal_core_virtual_network.vcn",
                        "data.baremetal_identity_availability_domains.ads"
                    ],
                    "primary": {
                        "id": "ocid1.subnet.oc1.phx.aaaaaaaa4yg5pkkpwsh6ek5md4xivrfbcvnvunnv2ksgnftehuaybkwlt6oq",
                        "attributes": {
                            "availability_domain": "pILZ:PHX-AD-1",
                            "cidr_block": "10.0.3.0/28",
                            "compartment_id": "ocid1.compartment.oc1..aaaaaaaapj7xxlndxbcrmhw6cftylvdndmyetzmz2aanqy5vk3gciiro5hpa",
                            "dhcp_options_id": "ocid1.dhcpoptions.oc1.phx.aaaaaaaa5l6wvf62acuuvxymstfm4p47zfg4osrsygea65skhhr6uz7pjl5a",
                            "display_name": "APP",
                            "dns_label": "app",
                            "id": "ocid1.subnet.oc1.phx.aaaaaaaa4yg5pkkpwsh6ek5md4xivrfbcvnvunnv2ksgnftehuaybkwlt6oq",
                            "route_table_id": "ocid1.routetable.oc1.phx.aaaaaaaaa56rlovxdesibozjdx7fvzuyarckwyxe6we5drim3obakxpvfdga",
                            "security_list_ids.#": "1",
                            "security_list_ids.3780860102": "ocid1.securitylist.oc1.phx.aaaaaaaarmsyiosfaveqcucsu2swublot3e6c4fqtj72afhyt5e43kt25tua",
                            "state": "AVAILABLE",
                            "time_created": "2017-05-12 15:05:50.322 +0000 UTC",
                            "vcn_id": "ocid1.vcn.oc1.phx.aaaaaaaaopplzzd67ilshzcuixbk2dksafke7u5ml3qcvhcv5mftfpztq2oq",
                            "virtual_router_ip": "10.0.3.1",
                            "virtual_router_mac": "00:00:17:C0:63:11"
                        },
                        "meta": {
                            "e2bfb730-ecaa-11e6-8f88-34363bc7c4c0": {
                                "create": 300000000000,
                                "delete": 300000000000,
                                "update": 300000000000
                            }
                        },
                        "tainted": false
                    },
                    "deposed": [],
                    "provider": ""
                },
                "baremetal_core_subnet.bastion-subnet": {
                    "type": "baremetal_core_subnet",
                    "depends_on": [
                        "baremetal_core_dhcp_options.bastion1-dhcp",
                        "baremetal_core_route_table.route-table",
                        "baremetal_core_security_list.bastion-sl",
                        "baremetal_core_virtual_network.vcn",
                        "data.baremetal_identity_availability_domains.ads"
                    ],
                    "primary": {
                        "id": "ocid1.subnet.oc1.phx.aaaaaaaatpzeha7yy4igbe7ozycyfhgp72hxbvo5ockjkl6c3gjqtgcpydea",
                        "attributes": {
                            "availability_domain": "pILZ:PHX-AD-1",
                            "cidr_block": "10.0.1.0/28",
                            "compartment_id": "ocid1.compartment.oc1..aaaaaaaapj7xxlndxbcrmhw6cftylvdndmyetzmz2aanqy5vk3gciiro5hpa",
                            "dhcp_options_id": "ocid1.dhcpoptions.oc1.phx.aaaaaaaaadar5akb76pfdbwlne5hpm4f72u6rhz5763uc54js4jh4y4oritq",
                            "display_name": "BASTION",
                            "dns_label": "bastion",
                            "id": "ocid1.subnet.oc1.phx.aaaaaaaatpzeha7yy4igbe7ozycyfhgp72hxbvo5ockjkl6c3gjqtgcpydea",
                            "route_table_id": "ocid1.routetable.oc1.phx.aaaaaaaaa56rlovxdesibozjdx7fvzuyarckwyxe6we5drim3obakxpvfdga",
                            "security_list_ids.#": "1",
                            "security_list_ids.3035347930": "ocid1.securitylist.oc1.phx.aaaaaaaa65n4qawpylxvetllbkk7y6pighnfi4drq73u7lpkoskvkxqyhcwq",
                            "state": "AVAILABLE",
                            "time_created": "2017-05-12 15:05:49.725 +0000 UTC",
                            "vcn_id": "ocid1.vcn.oc1.phx.aaaaaaaaopplzzd67ilshzcuixbk2dksafke7u5ml3qcvhcv5mftfpztq2oq",
                            "virtual_router_ip": "10.0.1.1",
                            "virtual_router_mac": "00:00:17:C0:63:11"
                        },
                        "meta": {
                            "e2bfb730-ecaa-11e6-8f88-34363bc7c4c0": {
                                "create": 300000000000,
                                "delete": 300000000000,
                                "update": 300000000000
                            }
                        },
                        "tainted": false
                    },
                    "deposed": [],
                    "provider": ""
                },
                "baremetal_core_subnet.lb-subnet-1": {
                    "type": "baremetal_core_subnet",
                    "depends_on": [
                        "baremetal_core_route_table.route-table",
                        "baremetal_core_security_list.lb-sl",
                        "baremetal_core_virtual_network.vcn",
                        "data.baremetal_identity_availability_domains.ads"
                    ],
                    "primary": {
                        "id": "ocid1.subnet.oc1.phx.aaaaaaaasgy65ijwnvp4rvq2d5wu4hdgg4yumt3ud6u3k3vycusf2mkuwjxa",
                        "attributes": {
                            "availability_domain": "pILZ:PHX-AD-1",
                            "cidr_block": "10.0.2.0/28",
                            "compartment_id": "ocid1.compartment.oc1..aaaaaaaapj7xxlndxbcrmhw6cftylvdndmyetzmz2aanqy5vk3gciiro5hpa",
                            "dhcp_options_id": "ocid1.dhcpoptions.oc1.phx.aaaaaaaa4hbqzkvqsts2rlede2difbiliut7b43laoyf2h3i4doifszoj2aa",
                            "display_name": "LB-AD1",
                            "dns_label": "lb1",
                            "id": "ocid1.subnet.oc1.phx.aaaaaaaasgy65ijwnvp4rvq2d5wu4hdgg4yumt3ud6u3k3vycusf2mkuwjxa",
                            "route_table_id": "ocid1.routetable.oc1.phx.aaaaaaaaa56rlovxdesibozjdx7fvzuyarckwyxe6we5drim3obakxpvfdga",
                            "security_list_ids.#": "1",
                            "security_list_ids.3472900907": "ocid1.securitylist.oc1.phx.aaaaaaaangopqyztjuyreh5knjvoogsx3ptitvokep2ctyysofxbay6sedyq",
                            "state": "AVAILABLE",
                            "time_created": "2017-05-12 15:05:53.261 +0000 UTC",
                            "vcn_id": "ocid1.vcn.oc1.phx.aaaaaaaaopplzzd67ilshzcuixbk2dksafke7u5ml3qcvhcv5mftfpztq2oq",
                            "virtual_router_ip": "10.0.2.1",
                            "virtual_router_mac": "00:00:17:C0:63:11"
                        },
                        "meta": {
                            "e2bfb730-ecaa-11e6-8f88-34363bc7c4c0": {
                                "create": 300000000000,
                                "delete": 300000000000,
                                "update": 300000000000
                            }
                        },
                        "tainted": false
                    },
                    "deposed": [],
                    "provider": ""
                },
                "baremetal_core_subnet.lb-subnet-2": {
                    "type": "baremetal_core_subnet",
                    "depends_on": [
                        "baremetal_core_route_table.route-table",
                        "baremetal_core_security_list.lb-sl",
                        "baremetal_core_virtual_network.vcn",
                        "data.baremetal_identity_availability_domains.ads"
                    ],
                    "primary": {
                        "id": "ocid1.subnet.oc1.phx.aaaaaaaazxbetgw2bd4ddi4uumcqx7pedsrsvz3cytc723xf34tg3llgwcda",
                        "attributes": {
                            "availability_domain": "pILZ:PHX-AD-2",
                            "cidr_block": "10.0.2.16/28",
                            "compartment_id": "ocid1.compartment.oc1..aaaaaaaapj7xxlndxbcrmhw6cftylvdndmyetzmz2aanqy5vk3gciiro5hpa",
                            "dhcp_options_id": "ocid1.dhcpoptions.oc1.phx.aaaaaaaa4hbqzkvqsts2rlede2difbiliut7b43laoyf2h3i4doifszoj2aa",
                            "display_name": "LB-AD2",
                            "dns_label": "lb2",
                            "id": "ocid1.subnet.oc1.phx.aaaaaaaazxbetgw2bd4ddi4uumcqx7pedsrsvz3cytc723xf34tg3llgwcda",
                            "route_table_id": "ocid1.routetable.oc1.phx.aaaaaaaaa56rlovxdesibozjdx7fvzuyarckwyxe6we5drim3obakxpvfdga",
                            "security_list_ids.#": "1",
                            "security_list_ids.3472900907": "ocid1.securitylist.oc1.phx.aaaaaaaangopqyztjuyreh5knjvoogsx3ptitvokep2ctyysofxbay6sedyq",
                            "state": "AVAILABLE",
                            "time_created": "2017-05-12 15:05:51.265 +0000 UTC",
                            "vcn_id": "ocid1.vcn.oc1.phx.aaaaaaaaopplzzd67ilshzcuixbk2dksafke7u5ml3qcvhcv5mftfpztq2oq",
                            "virtual_router_ip": "10.0.2.17",
                            "virtual_router_mac": "00:00:17:C0:63:11"
                        },
                        "meta": {
                            "e2bfb730-ecaa-11e6-8f88-34363bc7c4c0": {
                                "create": 300000000000,
                                "delete": 300000000000,
                                "update": 300000000000
                            }
                        },
                        "tainted": false
                    },
                    "deposed": [],
                    "provider": ""
                },
                "baremetal_core_virtual_network.vcn": {
                    "type": "baremetal_core_virtual_network",
                    "depends_on": [],
                    "primary": {
                        "id": "ocid1.vcn.oc1.phx.aaaaaaaaopplzzd67ilshzcuixbk2dksafke7u5ml3qcvhcv5mftfpztq2oq",
                        "attributes": {
                            "cidr_block": "10.0.0.0/16",
                            "compartment_id": "ocid1.compartment.oc1..aaaaaaaapj7xxlndxbcrmhw6cftylvdndmyetzmz2aanqy5vk3gciiro5hpa",
                            "default_dhcp_options_id": "ocid1.dhcpoptions.oc1.phx.aaaaaaaa4hbqzkvqsts2rlede2difbiliut7b43laoyf2h3i4doifszoj2aa",
                            "default_route_table_id": "ocid1.routetable.oc1.phx.aaaaaaaay6ug4gtyc3ddplcgwswqhzhhcetrrcqi6x5icz2vigps7fn3wcba",
                            "default_security_list_id": "ocid1.securitylist.oc1.phx.aaaaaaaa2fdy53ndzg4axuokx4hju2zz26m2tdh3sxeyz2jpn65f2tgdb63q",
                            "display_name": "local-Tomcat-Network",
                            "dns_label": "tomcat",
                            "id": "ocid1.vcn.oc1.phx.aaaaaaaaopplzzd67ilshzcuixbk2dksafke7u5ml3qcvhcv5mftfpztq2oq",
                            "state": "AVAILABLE",
                            "time_created": "2017-05-12 15:05:47.608 +0000 UTC"
                        },
                        "meta": {
                            "e2bfb730-ecaa-11e6-8f88-34363bc7c4c0": {
                                "create": 300000000000,
                                "delete": 300000000000,
                                "update": 300000000000
                            }
                        },
                        "tainted": false
                    },
                    "deposed": [],
                    "provider": ""
                },
                "data.baremetal_identity_availability_domains.ads": {
                    "type": "baremetal_identity_availability_domains",
                    "depends_on": [],
                    "primary": {
                        "id": "2017-05-12 15:05:47.086745455 +0000 UTC",
                        "attributes": {
                            "availability_domains.#": "3",
                            "availability_domains.0.compartment_id": "ocid1.tenancy.oc1..aaaaaaaay7s6icq755xqlytpl33i7ysjzzb2kv3vk3itg5ilsxanrzqmsaha",
                            "availability_domains.0.name": "pILZ:PHX-AD-1",
                            "availability_domains.1.compartment_id": "ocid1.tenancy.oc1..aaaaaaaay7s6icq755xqlytpl33i7ysjzzb2kv3vk3itg5ilsxanrzqmsaha",
                            "availability_domains.1.name": "pILZ:PHX-AD-2",
                            "availability_domains.2.compartment_id": "ocid1.tenancy.oc1..aaaaaaaay7s6icq755xqlytpl33i7ysjzzb2kv3vk3itg5ilsxanrzqmsaha",
                            "availability_domains.2.name": "pILZ:PHX-AD-3",
                            "compartment_id": "ocid1.tenancy.oc1..aaaaaaaay7s6icq755xqlytpl33i7ysjzzb2kv3vk3itg5ilsxanrzqmsaha",
                            "id": "2017-05-12 15:05:47.086745455 +0000 UTC"
                        },
                        "meta": {},
                        "tainted": false
                    },
                    "deposed": [],
                    "provider": ""
                }
            },
            "depends_on": []
        },
        {
            "path": [
                "root",
                "bastion-1"
            ],
            "outputs": {
                "ocid": {
                    "sensitive": false,
                    "type": "list",
                    "value": [
                        "ocid1.instance.oc1.phx.abyhqljsghdvoej66js6axvfgw35xixyppwbqohy24nvk2fvvw5xbftz5lbq"
                    ]
                },
                "private_ip": {
                    "sensitive": false,
                    "type": "list",
                    "value": [
                        "10.0.1.2"
                    ]
                },
                "public_ip": {
                    "sensitive": false,
                    "type": "list",
                    "value": [
                        "129.146.26.104"
                    ]
                }
            },
            "resources": {
                "baremetal_core_instance.standard-server": {
                    "type": "baremetal_core_instance",
                    "depends_on": [],
                    "primary": {
                        "id": "ocid1.instance.oc1.phx.abyhqljsghdvoej66js6axvfgw35xixyppwbqohy24nvk2fvvw5xbftz5lbq",
                        "attributes": {
                            "availability_domain": "pILZ:PHX-AD-1",
                            "compartment_id": "ocid1.compartment.oc1..aaaaaaaapj7xxlndxbcrmhw6cftylvdndmyetzmz2aanqy5vk3gciiro5hpa",
                            "display_name": "local-bastion-1",
                            "id": "ocid1.instance.oc1.phx.abyhqljsghdvoej66js6axvfgw35xixyppwbqohy24nvk2fvvw5xbftz5lbq",
                            "image": "ocid1.image.oc1.phx.aaaaaaaaclseho77fcdfgejstt2bflkugcx5waa6bhconbokvhdp3qw7txlq",
                            "metadata.%": "1",
                            "metadata.ssh_authorized_keys": "ssh-rsa AAAAB3NzaC1yc2EAAAADAQABAAABAQC0G5R0I21xfA0PyCFOI+TCRqSGtuEbAO9c7zRsE652jQ/LDGLS6uCL+U3eB4+e8FnnRF3A1IB9jPO7pLvhbL9nlD2PbOwqmWMp4W3a8xyjjHEcTaQ9Hc085GDtUki6hyW4+jtJ3GdK5Wp7liH438tND6EAdVeUcrt07/o99eKeDjtTd6R5AeL08JPW7OuEYLcYHH2ZkMyu795XuWAIQXeDMfbnLj6gcTgyftVZViGPoELO39Cl7g/JxVXsnNTCVtTa5CRRmaF/mKVcGuj+5fiTafx8CNh/6hkBm2hryBdTcSwGkiZgXs1GkOfmEEkk+61kNJbpHSo0FiBz1h4B91zD jamescalise@Jamess-MacBook-Pro.local",
                            "region": "phx",
                            "shape": "VM.Standard1.1",
                            "state": "RUNNING",
                            "subnet_id": "ocid1.subnet.oc1.phx.aaaaaaaatpzeha7yy4igbe7ozycyfhgp72hxbvo5ockjkl6c3gjqtgcpydea",
                            "time_created": "2017-05-12 15:06:00.934 +0000 UTC"
                        },
                        "meta": {
                            "e2bfb730-ecaa-11e6-8f88-34363bc7c4c0": {
                                "create": 7200000000000,
                                "delete": 7200000000000,
                                "update": 7200000000000
                            }
                        },
                        "tainted": false
                    },
                    "deposed": [],
                    "provider": ""
                },
                "data.baremetal_core_vnic.vnic": {
                    "type": "baremetal_core_vnic",
                    "depends_on": [
                        "data.baremetal_core_vnic_attachments.vnics"
                    ],
                    "primary": {
                        "id": "ocid1.vnic.oc1.phx.abyhqljsetx5w6z4ag7gdyx34rhqcb55tbgaxcqlpp3qyjbrnqqgm7qnvnqq",
                        "attributes": {
                            "availability_domain": "pILZ:PHX-AD-1",
                            "compartment_id": "ocid1.compartment.oc1..aaaaaaaapj7xxlndxbcrmhw6cftylvdndmyetzmz2aanqy5vk3gciiro5hpa",
                            "display_name": "local-bastion-1",
                            "id": "ocid1.vnic.oc1.phx.abyhqljsetx5w6z4ag7gdyx34rhqcb55tbgaxcqlpp3qyjbrnqqgm7qnvnqq",
                            "private_ip_address": "10.0.1.2",
                            "public_ip_address": "129.146.26.104",
                            "state": "AVAILABLE",
                            "subnet_id": "ocid1.subnet.oc1.phx.aaaaaaaatpzeha7yy4igbe7ozycyfhgp72hxbvo5ockjkl6c3gjqtgcpydea",
                            "vnic_id": "ocid1.vnic.oc1.phx.abyhqljsetx5w6z4ag7gdyx34rhqcb55tbgaxcqlpp3qyjbrnqqgm7qnvnqq"
                        },
                        "meta": {},
                        "tainted": false
                    },
                    "deposed": [],
                    "provider": ""
                },
                "data.baremetal_core_vnic_attachments.vnics": {
                    "type": "baremetal_core_vnic_attachments",
                    "depends_on": [
                        "baremetal_core_instance.standard-server"
                    ],
                    "primary": {
                        "id": "2017-05-12 15:06:35.275097221 +0000 UTC",
                        "attributes": {
                            "availability_domain": "pILZ:PHX-AD-1",
                            "compartment_id": "ocid1.compartment.oc1..aaaaaaaapj7xxlndxbcrmhw6cftylvdndmyetzmz2aanqy5vk3gciiro5hpa",
                            "id": "2017-05-12 15:06:35.275097221 +0000 UTC",
                            "instance_id": "ocid1.instance.oc1.phx.abyhqljsghdvoej66js6axvfgw35xixyppwbqohy24nvk2fvvw5xbftz5lbq",
                            "vnic_attachments.#": "1",
                            "vnic_attachments.0.availability_domain": "pILZ:PHX-AD-1",
                            "vnic_attachments.0.compartment_id": "ocid1.compartment.oc1..aaaaaaaapj7xxlndxbcrmhw6cftylvdndmyetzmz2aanqy5vk3gciiro5hpa",
                            "vnic_attachments.0.display_name": "",
                            "vnic_attachments.0.id": "ocid1.vnicattachment.oc1.phx.abyhqljswop5qw2t5ekzeoohqnccb56ofldjll7nrbbdl5bzfwmbuyrk7rra",
                            "vnic_attachments.0.instance_id": "ocid1.instance.oc1.phx.abyhqljsghdvoej66js6axvfgw35xixyppwbqohy24nvk2fvvw5xbftz5lbq",
                            "vnic_attachments.0.state": "ATTACHED",
                            "vnic_attachments.0.subnet_id": "ocid1.subnet.oc1.phx.aaaaaaaatpzeha7yy4igbe7ozycyfhgp72hxbvo5ockjkl6c3gjqtgcpydea",
                            "vnic_attachments.0.time_created": "Fri, 12 May 2017 15:06:06 UTC",
                            "vnic_attachments.0.vnic_id": "ocid1.vnic.oc1.phx.abyhqljsetx5w6z4ag7gdyx34rhqcb55tbgaxcqlpp3qyjbrnqqgm7qnvnqq"
                        },
                        "meta": {},
                        "tainted": false
                    },
                    "deposed": [],
                    "provider": ""
                }
            },
            "depends_on": []
        },
        {
            "path": [
                "root",
                "tomcat-server"
            ],
            "outputs": {
                "ocid": {
                    "sensitive": false,
                    "type": "list",
                    "value": [
                        "ocid1.instance.oc1.phx.abyhqljsjlsh57coisyzhgnrlzbkfvltcoqrvx53mype5wss2vytabl2yh3q"
                    ]
                },
                "private_ip": {
                    "sensitive": false,
                    "type": "list",
                    "value": [
                        "10.0.3.2"
                    ]
                },
                "public_ip": {
                    "sensitive": false,
                    "type": "list",
                    "value": [
                        "129.146.25.46"
                    ]
                }
            },
            "resources": {
                "null_resource.server_instance_config": {
                    "type": "null_resource",
                    "depends_on": [
                        "module.tomcat-server"
                    ],
                    "primary": {
                        "id": "106757359973680478",
                        "attributes": {
                            "id": "106757359973680478"
                        },
                        "meta": {},
                        "tainted": true
                    },
                    "deposed": [],
                    "provider": ""
                }
            },
            "depends_on": []
        },
        {
            "path": [
                "root",
                "tomcat-server",
                "tomcat-server"
            ],
            "outputs": {
                "ocid": {
                    "sensitive": false,
                    "type": "list",
                    "value": [
                        "ocid1.instance.oc1.phx.abyhqljsjlsh57coisyzhgnrlzbkfvltcoqrvx53mype5wss2vytabl2yh3q"
                    ]
                },
                "private_ip": {
                    "sensitive": false,
                    "type": "list",
                    "value": [
                        "10.0.3.2"
                    ]
                },
                "public_ip": {
                    "sensitive": false,
                    "type": "list",
                    "value": [
                        "129.146.25.46"
                    ]
                }
            },
            "resources": {
                "baremetal_core_instance.standard-server": {
                    "type": "baremetal_core_instance",
                    "depends_on": [],
                    "primary": {
                        "id": "ocid1.instance.oc1.phx.abyhqljsjlsh57coisyzhgnrlzbkfvltcoqrvx53mype5wss2vytabl2yh3q",
                        "attributes": {
                            "availability_domain": "pILZ:PHX-AD-1",
                            "compartment_id": "ocid1.compartment.oc1..aaaaaaaapj7xxlndxbcrmhw6cftylvdndmyetzmz2aanqy5vk3gciiro5hpa",
                            "display_name": "local-tomcat",
                            "id": "ocid1.instance.oc1.phx.abyhqljsjlsh57coisyzhgnrlzbkfvltcoqrvx53mype5wss2vytabl2yh3q",
                            "image": "ocid1.image.oc1.phx.aaaaaaaawcvuel67op5mvot77kfrtruywsxy6byvx7haac5b6uih45migqrq",
                            "metadata.%": "1",
                            "metadata.ssh_authorized_keys": "ssh-rsa AAAAB3NzaC1yc2EAAAADAQABAAABAQC0G5R0I21xfA0PyCFOI+TCRqSGtuEbAO9c7zRsE652jQ/LDGLS6uCL+U3eB4+e8FnnRF3A1IB9jPO7pLvhbL9nlD2PbOwqmWMp4W3a8xyjjHEcTaQ9Hc085GDtUki6hyW4+jtJ3GdK5Wp7liH438tND6EAdVeUcrt07/o99eKeDjtTd6R5AeL08JPW7OuEYLcYHH2ZkMyu795XuWAIQXeDMfbnLj6gcTgyftVZViGPoELO39Cl7g/JxVXsnNTCVtTa5CRRmaF/mKVcGuj+5fiTafx8CNh/6hkBm2hryBdTcSwGkiZgXs1GkOfmEEkk+61kNJbpHSo0FiBz1h4B91zD jamescalise@Jamess-MacBook-Pro.local",
                            "region": "phx",
                            "shape": "BM.Standard1.36",
                            "state": "RUNNING",
                            "subnet_id": "ocid1.subnet.oc1.phx.aaaaaaaa4yg5pkkpwsh6ek5md4xivrfbcvnvunnv2ksgnftehuaybkwlt6oq",
                            "time_created": "2017-05-12 15:06:01.596 +0000 UTC"
                        },
                        "meta": {
                            "e2bfb730-ecaa-11e6-8f88-34363bc7c4c0": {
                                "create": 7200000000000,
                                "delete": 7200000000000,
                                "update": 7200000000000
                            }
                        },
                        "tainted": false
                    },
                    "deposed": [],
                    "provider": ""
                },
                "data.baremetal_core_vnic.vnic": {
                    "type": "baremetal_core_vnic",
                    "depends_on": [
                        "data.baremetal_core_vnic_attachments.vnics"
                    ],
                    "primary": {
                        "id": "ocid1.vnic.oc1.phx.abyhqljsdus55j6lepdqzvcms3gcyk6ly2kasozszkb6yve6vdvabhocehpa",
                        "attributes": {
                            "availability_domain": "pILZ:PHX-AD-1",
                            "compartment_id": "ocid1.compartment.oc1..aaaaaaaapj7xxlndxbcrmhw6cftylvdndmyetzmz2aanqy5vk3gciiro5hpa",
                            "display_name": "local-tomcat",
                            "id": "ocid1.vnic.oc1.phx.abyhqljsdus55j6lepdqzvcms3gcyk6ly2kasozszkb6yve6vdvabhocehpa",
                            "private_ip_address": "10.0.3.2",
                            "public_ip_address": "129.146.25.46",
                            "state": "AVAILABLE",
                            "subnet_id": "ocid1.subnet.oc1.phx.aaaaaaaa4yg5pkkpwsh6ek5md4xivrfbcvnvunnv2ksgnftehuaybkwlt6oq",
                            "vnic_id": "ocid1.vnic.oc1.phx.abyhqljsdus55j6lepdqzvcms3gcyk6ly2kasozszkb6yve6vdvabhocehpa"
                        },
                        "meta": {},
                        "tainted": false
                    },
                    "deposed": [],
                    "provider": ""
                },
                "data.baremetal_core_vnic_attachments.vnics": {
                    "type": "baremetal_core_vnic_attachments",
                    "depends_on": [
                        "baremetal_core_instance.standard-server"
                    ],
                    "primary": {
                        "id": "2017-05-12 15:10:38.279507147 +0000 UTC",
                        "attributes": {
                            "availability_domain": "pILZ:PHX-AD-1",
                            "compartment_id": "ocid1.compartment.oc1..aaaaaaaapj7xxlndxbcrmhw6cftylvdndmyetzmz2aanqy5vk3gciiro5hpa",
                            "id": "2017-05-12 15:10:38.279507147 +0000 UTC",
                            "instance_id": "ocid1.instance.oc1.phx.abyhqljsjlsh57coisyzhgnrlzbkfvltcoqrvx53mype5wss2vytabl2yh3q",
                            "vnic_attachments.#": "1",
                            "vnic_attachments.0.availability_domain": "pILZ:PHX-AD-1",
                            "vnic_attachments.0.compartment_id": "ocid1.compartment.oc1..aaaaaaaapj7xxlndxbcrmhw6cftylvdndmyetzmz2aanqy5vk3gciiro5hpa",
                            "vnic_attachments.0.display_name": "",
                            "vnic_attachments.0.id": "ocid1.vnicattachment.oc1.phx.abyhqljsefiaozflkhole7z6hpmjzplwmije4553wfthtd6qbio5myrf37zq",
                            "vnic_attachments.0.instance_id": "ocid1.instance.oc1.phx.abyhqljsjlsh57coisyzhgnrlzbkfvltcoqrvx53mype5wss2vytabl2yh3q",
                            "vnic_attachments.0.state": "ATTACHED",
                            "vnic_attachments.0.subnet_id": "ocid1.subnet.oc1.phx.aaaaaaaa4yg5pkkpwsh6ek5md4xivrfbcvnvunnv2ksgnftehuaybkwlt6oq",
                            "vnic_attachments.0.time_created": "Fri, 12 May 2017 15:06:05 UTC",
                            "vnic_attachments.0.vnic_id": "ocid1.vnic.oc1.phx.abyhqljsdus55j6lepdqzvcms3gcyk6ly2kasozszkb6yve6vdvabhocehpa"
                        },
                        "meta": {},
                        "tainted": false
                    },
                    "deposed": [],
                    "provider": ""
                }
            },
            "depends_on": []
        }
    ]
}
