{
    "version": 3,
    "terraform_version": "0.9.4",
    "serial": 2,
    "lineage": "35f68264-86b8-4c78-a993-15787d6a8eeb",
    "modules": [
        {
            "path": [
                "root"
            ],
            "outputs": {},
            "resources": {
                "baremetal_core_dhcp_options.app1-dhcp": {
                    "type": "baremetal_core_dhcp_options",
                    "depends_on": [
                        "baremetal_core_virtual_network.vcn"
                    ],
                    "primary": {
                        "id": "ocid1.dhcpoptions.oc1.phx.aaaaaaaa2fzlf6fer4eghwfynp4gdfivksz64bmfg7gw73dqrlmihhxrymea",
                        "attributes": {
                            "compartment_id": "ocid1.compartment.oc1..aaaaaaaapj7xxlndxbcrmhw6cftylvdndmyetzmz2aanqy5vk3gciiro5hpa",
                            "display_name": "app-dhcp",
                            "id": "ocid1.dhcpoptions.oc1.phx.aaaaaaaa2fzlf6fer4eghwfynp4gdfivksz64bmfg7gw73dqrlmihhxrymea",
                            "options.#": "2",
                            "options.0.custom_dns_servers.#": "0",
                            "options.0.search_domain_names.#": "0",
                            "options.0.server_type": "VcnLocalPlusInternet",
                            "options.0.type": "DomainNameServer",
                            "options.1.custom_dns_servers.#": "0",
                            "options.1.search_domain_names.#": "1",
                            "options.1.search_domain_names.0": "app1.tomcat.oraclevcn.com",
                            "options.1.server_type": "",
                            "options.1.type": "SearchDomain",
                            "state": "AVAILABLE",
                            "time_created": "2017-05-12 15:16:37.447 +0000 UTC",
                            "vcn_id": "ocid1.vcn.oc1.phx.aaaaaaaaqdewiwoelibx43fprfwvpe5xr7mdsf2akdtvtbvb5hft3gyimdja"
                        },
                        "meta": {
                            "e2bfb730-ecaa-11e6-8f88-34363bc7c4c0": {
                                "create": 300000000000,
                                "delete": 300000000000,
                                "update": 300000000000
                            }
                        },
                        "tainted": false
                    },
                    "deposed": [],
                    "provider": ""
                },
                "baremetal_core_dhcp_options.bastion1-dhcp": {
                    "type": "baremetal_core_dhcp_options",
                    "depends_on": [
                        "baremetal_core_virtual_network.vcn"
                    ],
                    "primary": {
                        "id": "ocid1.dhcpoptions.oc1.phx.aaaaaaaab3s5kuvz2xovdbav3tlsemfsjhay7bsborithyan37ro4gmi3qwq",
                        "attributes": {
                            "compartment_id": "ocid1.compartment.oc1..aaaaaaaapj7xxlndxbcrmhw6cftylvdndmyetzmz2aanqy5vk3gciiro5hpa",
                            "display_name": "bastion-dhcp",
                            "id": "ocid1.dhcpoptions.oc1.phx.aaaaaaaab3s5kuvz2xovdbav3tlsemfsjhay7bsborithyan37ro4gmi3qwq",
                            "options.#": "2",
                            "options.0.custom_dns_servers.#": "0",
                            "options.0.search_domain_names.#": "0",
                            "options.0.server_type": "VcnLocalPlusInternet",
                            "options.0.type": "DomainNameServer",
                            "options.1.custom_dns_servers.#": "0",
                            "options.1.search_domain_names.#": "1",
                            "options.1.search_domain_names.0": "BASTION1.tomcat.oraclevcn.com",
                            "options.1.server_type": "",
                            "options.1.type": "SearchDomain",
                            "state": "AVAILABLE",
                            "time_created": "2017-05-12 15:16:37.424 +0000 UTC",
                            "vcn_id": "ocid1.vcn.oc1.phx.aaaaaaaaqdewiwoelibx43fprfwvpe5xr7mdsf2akdtvtbvb5hft3gyimdja"
                        },
                        "meta": {
                            "e2bfb730-ecaa-11e6-8f88-34363bc7c4c0": {
                                "create": 300000000000,
                                "delete": 300000000000,
                                "update": 300000000000
                            }
                        },
                        "tainted": false
                    },
                    "deposed": [],
                    "provider": ""
                },
                "baremetal_core_internet_gateway.internet-gateway": {
                    "type": "baremetal_core_internet_gateway",
                    "depends_on": [
                        "baremetal_core_virtual_network.vcn"
                    ],
                    "primary": {
                        "id": "ocid1.internetgateway.oc1.phx.aaaaaaaawa3szmcd2u4qvmengkvhdldbrzfmmdx7swrdl4mucgz534nrw3aq",
                        "attributes": {
                            "compartment_id": "ocid1.compartment.oc1..aaaaaaaapj7xxlndxbcrmhw6cftylvdndmyetzmz2aanqy5vk3gciiro5hpa",
                            "display_name": "Public-IG",
                            "enabled": "true",
                            "id": "ocid1.internetgateway.oc1.phx.aaaaaaaawa3szmcd2u4qvmengkvhdldbrzfmmdx7swrdl4mucgz534nrw3aq",
                            "state": "AVAILABLE",
                            "time_created": "2017-05-12 15:05:48.301 +0000 UTC",
                            "time_modified": "0001-01-01 00:00:00 +0000 UTC",
                            "vcn_id": "ocid1.vcn.oc1.phx.aaaaaaaaopplzzd67ilshzcuixbk2dksafke7u5ml3qcvhcv5mftfpztq2oq"
                        },
                        "meta": {},
                        "tainted": false
                    },
                    "deposed": [],
                    "provider": ""
                },
                "baremetal_core_security_list.app-sl": {
                    "type": "baremetal_core_security_list",
                    "depends_on": [
                        "baremetal_core_virtual_network.vcn"
                    ],
                    "primary": {
                        "id": "ocid1.securitylist.oc1.phx.aaaaaaaahrbjlszqwf7immqhbdqevjgadzoyvywfkje5srec4nl53myqessq",
                        "attributes": {
                            "compartment_id": "ocid1.compartment.oc1..aaaaaaaapj7xxlndxbcrmhw6cftylvdndmyetzmz2aanqy5vk3gciiro5hpa",
                            "display_name": "APP-SL",
                            "egress_security_rules.#": "1",
                            "egress_security_rules.0.destination": "0.0.0.0/0",
                            "egress_security_rules.0.icmp_options.#": "0",
                            "egress_security_rules.0.protocol": "6",
                            "egress_security_rules.0.stateless": "false",
                            "egress_security_rules.0.tcp_options.#": "0",
                            "egress_security_rules.0.udp_options.#": "0",
                            "id": "ocid1.securitylist.oc1.phx.aaaaaaaahrbjlszqwf7immqhbdqevjgadzoyvywfkje5srec4nl53myqessq",
                            "ingress_security_rules.#": "2",
                            "ingress_security_rules.0.icmp_options.#": "0",
                            "ingress_security_rules.0.protocol": "6",
                            "ingress_security_rules.0.source": "0.0.0.0/0",
                            "ingress_security_rules.0.stateless": "false",
                            "ingress_security_rules.0.tcp_options.#": "1",
                            "ingress_security_rules.0.tcp_options.0.max": "8080",
                            "ingress_security_rules.0.tcp_options.0.min": "8080",
                            "ingress_security_rules.0.udp_options.#": "0",
                            "ingress_security_rules.1.icmp_options.#": "0",
                            "ingress_security_rules.1.protocol": "6",
                            "ingress_security_rules.1.source": "10.0.1.0/24",
                            "ingress_security_rules.1.stateless": "false",
                            "ingress_security_rules.1.tcp_options.#": "1",
                            "ingress_security_rules.1.tcp_options.0.max": "22",
                            "ingress_security_rules.1.tcp_options.0.min": "22",
                            "ingress_security_rules.1.udp_options.#": "0",
                            "state": "AVAILABLE",
                            "time_created": "2017-05-12 15:16:37.655 +0000 UTC",
                            "vcn_id": "ocid1.vcn.oc1.phx.aaaaaaaaqdewiwoelibx43fprfwvpe5xr7mdsf2akdtvtbvb5hft3gyimdja"
                        },
                        "meta": {
                            "e2bfb730-ecaa-11e6-8f88-34363bc7c4c0": {
                                "create": 300000000000,
                                "delete": 300000000000,
                                "update": 300000000000
                            }
                        },
                        "tainted": false
                    },
                    "deposed": [],
                    "provider": ""
                },
                "baremetal_core_security_list.bastion-sl": {
                    "type": "baremetal_core_security_list",
                    "depends_on": [
                        "baremetal_core_virtual_network.vcn"
                    ],
                    "primary": {
                        "id": "ocid1.securitylist.oc1.phx.aaaaaaaanp4qp6m53lrokar7awv4vjqhuxh4juucadmgsvev64vgkdn67u5q",
                        "attributes": {
                            "compartment_id": "ocid1.compartment.oc1..aaaaaaaapj7xxlndxbcrmhw6cftylvdndmyetzmz2aanqy5vk3gciiro5hpa",
                            "display_name": "BASTION-SL",
                            "egress_security_rules.#": "1",
                            "egress_security_rules.0.destination": "0.0.0.0/0",
                            "egress_security_rules.0.icmp_options.#": "0",
                            "egress_security_rules.0.protocol": "6",
                            "egress_security_rules.0.stateless": "false",
                            "egress_security_rules.0.tcp_options.#": "0",
                            "egress_security_rules.0.udp_options.#": "0",
                            "id": "ocid1.securitylist.oc1.phx.aaaaaaaanp4qp6m53lrokar7awv4vjqhuxh4juucadmgsvev64vgkdn67u5q",
                            "ingress_security_rules.#": "1",
                            "ingress_security_rules.0.icmp_options.#": "0",
                            "ingress_security_rules.0.protocol": "6",
                            "ingress_security_rules.0.source": "0.0.0.0/0",
                            "ingress_security_rules.0.stateless": "false",
                            "ingress_security_rules.0.tcp_options.#": "1",
                            "ingress_security_rules.0.tcp_options.0.max": "22",
                            "ingress_security_rules.0.tcp_options.0.min": "22",
                            "ingress_security_rules.0.udp_options.#": "0",
                            "state": "AVAILABLE",
                            "time_created": "2017-05-12 15:16:37.679 +0000 UTC",
                            "vcn_id": "ocid1.vcn.oc1.phx.aaaaaaaaqdewiwoelibx43fprfwvpe5xr7mdsf2akdtvtbvb5hft3gyimdja"
                        },
                        "meta": {
                            "e2bfb730-ecaa-11e6-8f88-34363bc7c4c0": {
                                "create": 300000000000,
                                "delete": 300000000000,
                                "update": 300000000000
                            }
                        },
                        "tainted": false
                    },
                    "deposed": [],
                    "provider": ""
                },
                "baremetal_core_security_list.lb-sl": {
                    "type": "baremetal_core_security_list",
                    "depends_on": [
                        "baremetal_core_virtual_network.vcn"
                    ],
                    "primary": {
                        "id": "ocid1.securitylist.oc1.phx.aaaaaaaa3qfisglbkeje4rovrmea22vbp5jjy3fdwfhtzytfxcoaa4ixk74q",
                        "attributes": {
                            "compartment_id": "ocid1.compartment.oc1..aaaaaaaapj7xxlndxbcrmhw6cftylvdndmyetzmz2aanqy5vk3gciiro5hpa",
                            "display_name": "APP-SL",
                            "egress_security_rules.#": "1",
                            "egress_security_rules.0.destination": "0.0.0.0/0",
                            "egress_security_rules.0.icmp_options.#": "0",
                            "egress_security_rules.0.protocol": "6",
                            "egress_security_rules.0.stateless": "false",
                            "egress_security_rules.0.tcp_options.#": "0",
                            "egress_security_rules.0.udp_options.#": "0",
                            "id": "ocid1.securitylist.oc1.phx.aaaaaaaa3qfisglbkeje4rovrmea22vbp5jjy3fdwfhtzytfxcoaa4ixk74q",
                            "ingress_security_rules.#": "1",
                            "ingress_security_rules.0.icmp_options.#": "0",
                            "ingress_security_rules.0.protocol": "6",
                            "ingress_security_rules.0.source": "0.0.0.0/0",
                            "ingress_security_rules.0.stateless": "false",
                            "ingress_security_rules.0.tcp_options.#": "1",
                            "ingress_security_rules.0.tcp_options.0.max": "8080",
                            "ingress_security_rules.0.tcp_options.0.min": "8080",
                            "ingress_security_rules.0.udp_options.#": "0",
                            "state": "AVAILABLE",
                            "time_created": "2017-05-12 15:16:37.691 +0000 UTC",
                            "vcn_id": "ocid1.vcn.oc1.phx.aaaaaaaaqdewiwoelibx43fprfwvpe5xr7mdsf2akdtvtbvb5hft3gyimdja"
                        },
                        "meta": {
                            "e2bfb730-ecaa-11e6-8f88-34363bc7c4c0": {
                                "create": 300000000000,
                                "delete": 300000000000,
                                "update": 300000000000
                            }
                        },
                        "tainted": false
                    },
                    "deposed": [],
                    "provider": ""
                },
                "baremetal_core_virtual_network.vcn": {
                    "type": "baremetal_core_virtual_network",
                    "depends_on": [],
                    "primary": {
                        "id": "ocid1.vcn.oc1.phx.aaaaaaaaqdewiwoelibx43fprfwvpe5xr7mdsf2akdtvtbvb5hft3gyimdja",
                        "attributes": {
                            "cidr_block": "10.0.0.0/16",
                            "compartment_id": "ocid1.compartment.oc1..aaaaaaaapj7xxlndxbcrmhw6cftylvdndmyetzmz2aanqy5vk3gciiro5hpa",
                            "default_dhcp_options_id": "ocid1.dhcpoptions.oc1.phx.aaaaaaaazscrndak3qmrntqtdexvfop3najgz4b7bpkt5ap3wfzcrhpgtppq",
                            "default_route_table_id": "ocid1.routetable.oc1.phx.aaaaaaaalshqbmphektohutr2m5bpzmejftjepci6nkxd37u4zxutsasvbda",
                            "default_security_list_id": "ocid1.securitylist.oc1.phx.aaaaaaaacvyo57onzqizggbzbcqtcznbjidp4cxne5wqpllnexwosnxiigia",
                            "display_name": "local-Tomcat-Network",
                            "dns_label": "tomcat",
                            "id": "ocid1.vcn.oc1.phx.aaaaaaaaqdewiwoelibx43fprfwvpe5xr7mdsf2akdtvtbvb5hft3gyimdja",
                            "state": "AVAILABLE",
                            "time_created": "2017-05-12 15:16:36.929 +0000 UTC"
                        },
                        "meta": {
                            "e2bfb730-ecaa-11e6-8f88-34363bc7c4c0": {
                                "create": 300000000000,
                                "delete": 300000000000,
                                "update": 300000000000
                            }
                        },
                        "tainted": false
                    },
                    "deposed": [],
                    "provider": ""
                },
                "data.baremetal_identity_availability_domains.ads": {
                    "type": "baremetal_identity_availability_domains",
                    "depends_on": [],
                    "primary": {
                        "id": "2017-05-12 15:16:35.371823823 +0000 UTC",
                        "attributes": {
                            "availability_domains.#": "3",
                            "availability_domains.0.compartment_id": "ocid1.tenancy.oc1..aaaaaaaay7s6icq755xqlytpl33i7ysjzzb2kv3vk3itg5ilsxanrzqmsaha",
                            "availability_domains.0.name": "pILZ:PHX-AD-1",
                            "availability_domains.1.compartment_id": "ocid1.tenancy.oc1..aaaaaaaay7s6icq755xqlytpl33i7ysjzzb2kv3vk3itg5ilsxanrzqmsaha",
                            "availability_domains.1.name": "pILZ:PHX-AD-2",
                            "availability_domains.2.compartment_id": "ocid1.tenancy.oc1..aaaaaaaay7s6icq755xqlytpl33i7ysjzzb2kv3vk3itg5ilsxanrzqmsaha",
                            "availability_domains.2.name": "pILZ:PHX-AD-3",
                            "compartment_id": "ocid1.tenancy.oc1..aaaaaaaay7s6icq755xqlytpl33i7ysjzzb2kv3vk3itg5ilsxanrzqmsaha",
                            "id": "2017-05-12 15:16:35.371823823 +0000 UTC"
                        },
                        "meta": {},
                        "tainted": false
                    },
                    "deposed": [],
                    "provider": ""
                }
            },
            "depends_on": []
        },
        {
            "path": [
                "root",
                "bastion-1"
            ],
            "outputs": {
                "ocid": {
                    "sensitive": false,
                    "type": "list",
                    "value": [
                        "ocid1.instance.oc1.phx.abyhqljsghdvoej66js6axvfgw35xixyppwbqohy24nvk2fvvw5xbftz5lbq"
                    ]
                }
            },
            "resources": {
                "data.baremetal_core_vnic_attachments.vnics": {
                    "type": "baremetal_core_vnic_attachments",
                    "depends_on": [
                        "baremetal_core_instance.standard-server"
                    ],
                    "primary": {
                        "id": "2017-05-12 15:16:36.42171442 +0000 UTC",
                        "attributes": {
                            "availability_domain": "pILZ:PHX-AD-1",
                            "compartment_id": "ocid1.compartment.oc1..aaaaaaaapj7xxlndxbcrmhw6cftylvdndmyetzmz2aanqy5vk3gciiro5hpa",
                            "id": "2017-05-12 15:16:36.42171442 +0000 UTC",
                            "instance_id": "ocid1.instance.oc1.phx.abyhqljsghdvoej66js6axvfgw35xixyppwbqohy24nvk2fvvw5xbftz5lbq",
                            "vnic_attachments.#": "1",
                            "vnic_attachments.0.availability_domain": "pILZ:PHX-AD-1",
                            "vnic_attachments.0.compartment_id": "ocid1.compartment.oc1..aaaaaaaapj7xxlndxbcrmhw6cftylvdndmyetzmz2aanqy5vk3gciiro5hpa",
                            "vnic_attachments.0.display_name": "",
                            "vnic_attachments.0.id": "ocid1.vnicattachment.oc1.phx.abyhqljswop5qw2t5ekzeoohqnccb56ofldjll7nrbbdl5bzfwmbuyrk7rra",
                            "vnic_attachments.0.instance_id": "ocid1.instance.oc1.phx.abyhqljsghdvoej66js6axvfgw35xixyppwbqohy24nvk2fvvw5xbftz5lbq",
                            "vnic_attachments.0.state": "DETACHED",
                            "vnic_attachments.0.subnet_id": "ocid1.subnet.oc1.phx.aaaaaaaatpzeha7yy4igbe7ozycyfhgp72hxbvo5ockjkl6c3gjqtgcpydea",
                            "vnic_attachments.0.time_created": "Fri, 12 May 2017 15:06:06 UTC",
                            "vnic_attachments.0.vnic_id": "ocid1.vnic.oc1.phx.abyhqljsetx5w6z4ag7gdyx34rhqcb55tbgaxcqlpp3qyjbrnqqgm7qnvnqq"
                        },
                        "meta": {},
                        "tainted": false
                    },
                    "deposed": [],
                    "provider": ""
                }
            },
            "depends_on": []
        },
        {
            "path": [
                "root",
                "tomcat-server"
            ],
            "outputs": {
                "ocid": {
                    "sensitive": false,
                    "type": "list",
                    "value": [
                        "ocid1.instance.oc1.phx.abyhqljsjlsh57coisyzhgnrlzbkfvltcoqrvx53mype5wss2vytabl2yh3q"
                    ]
                }
            },
            "resources": {},
            "depends_on": []
        },
        {
            "path": [
                "root",
                "tomcat-server",
                "tomcat-server"
            ],
            "outputs": {
                "ocid": {
                    "sensitive": false,
                    "type": "list",
                    "value": [
                        "ocid1.instance.oc1.phx.abyhqljsjlsh57coisyzhgnrlzbkfvltcoqrvx53mype5wss2vytabl2yh3q"
                    ]
                }
            },
            "resources": {
                "data.baremetal_core_vnic_attachments.vnics": {
                    "type": "baremetal_core_vnic_attachments",
                    "depends_on": [
                        "baremetal_core_instance.standard-server"
                    ],
                    "primary": {
                        "id": "2017-05-12 15:16:36.341998234 +0000 UTC",
                        "attributes": {
                            "availability_domain": "pILZ:PHX-AD-1",
                            "compartment_id": "ocid1.compartment.oc1..aaaaaaaapj7xxlndxbcrmhw6cftylvdndmyetzmz2aanqy5vk3gciiro5hpa",
                            "id": "2017-05-12 15:16:36.341998234 +0000 UTC",
                            "instance_id": "ocid1.instance.oc1.phx.abyhqljsjlsh57coisyzhgnrlzbkfvltcoqrvx53mype5wss2vytabl2yh3q",
                            "vnic_attachments.#": "1",
                            "vnic_attachments.0.availability_domain": "pILZ:PHX-AD-1",
                            "vnic_attachments.0.compartment_id": "ocid1.compartment.oc1..aaaaaaaapj7xxlndxbcrmhw6cftylvdndmyetzmz2aanqy5vk3gciiro5hpa",
                            "vnic_attachments.0.display_name": "",
                            "vnic_attachments.0.id": "ocid1.vnicattachment.oc1.phx.abyhqljsefiaozflkhole7z6hpmjzplwmije4553wfthtd6qbio5myrf37zq",
                            "vnic_attachments.0.instance_id": "ocid1.instance.oc1.phx.abyhqljsjlsh57coisyzhgnrlzbkfvltcoqrvx53mype5wss2vytabl2yh3q",
                            "vnic_attachments.0.state": "DETACHED",
                            "vnic_attachments.0.subnet_id": "ocid1.subnet.oc1.phx.aaaaaaaa4yg5pkkpwsh6ek5md4xivrfbcvnvunnv2ksgnftehuaybkwlt6oq",
                            "vnic_attachments.0.time_created": "Fri, 12 May 2017 15:06:05 UTC",
                            "vnic_attachments.0.vnic_id": "ocid1.vnic.oc1.phx.abyhqljsdus55j6lepdqzvcms3gcyk6ly2kasozszkb6yve6vdvabhocehpa"
                        },
                        "meta": {},
                        "tainted": false
                    },
                    "deposed": [],
                    "provider": ""
                }
            },
            "depends_on": []
        }
    ]
}
