{
    "version": 3,
    "terraform_version": "0.9.4",
    "serial": 2,
    "lineage": "c5ab2549-cd76-4151-91f3-362d66de6d63",
    "modules": [
        {
            "path": [
                "root"
            ],
            "outputs": {},
            "resources": {
                "baremetal_core_dhcp_options.app-dhcp": {
                    "type": "baremetal_core_dhcp_options",
                    "depends_on": [
                        "baremetal_core_virtual_network.vcn"
                    ],
                    "primary": {
                        "id": "ocid1.dhcpoptions.oc1.iad.aaaaaaaatzdpojhqk3pxjukpylbpp4bi2spn663naol52kzngd7sqivhjbfa",
                        "attributes": {
                            "compartment_id": "ocid1.compartment.oc1..aaaaaaaapj7xxlndxbcrmhw6cftylvdndmyetzmz2aanqy5vk3gciiro5hpa",
                            "display_name": "app-dhcp",
                            "id": "ocid1.dhcpoptions.oc1.iad.aaaaaaaatzdpojhqk3pxjukpylbpp4bi2spn663naol52kzngd7sqivhjbfa",
                            "options.#": "2",
                            "options.0.custom_dns_servers.#": "0",
                            "options.0.search_domain_names.#": "0",
                            "options.0.server_type": "VcnLocalPlusInternet",
                            "options.0.type": "DomainNameServer",
                            "options.1.custom_dns_servers.#": "0",
                            "options.1.search_domain_names.#": "1",
                            "options.1.search_domain_names.0": "app.avitek-dev.oraclevcn.com",
                            "options.1.server_type": "",
                            "options.1.type": "SearchDomain",
                            "state": "AVAILABLE",
                            "time_created": "2017-05-16 08:44:23.661 +0000 UTC",
                            "vcn_id": "ocid1.vcn.oc1.iad.aaaaaaaa36ai2qjrsew7ivrok4ryzwokiuvmvizsq4f5waxlb4qn2wdogyqq"
                        },
                        "meta": {
                            "e2bfb730-ecaa-11e6-8f88-34363bc7c4c0": {
                                "create": 300000000000,
                                "delete": 300000000000,
                                "update": 300000000000
                            }
                        },
                        "tainted": false
                    },
                    "deposed": [],
                    "provider": ""
                },
                "baremetal_core_dhcp_options.bastion-dhcp": {
                    "type": "baremetal_core_dhcp_options",
                    "depends_on": [
                        "baremetal_core_virtual_network.vcn"
                    ],
                    "primary": {
                        "id": "ocid1.dhcpoptions.oc1.iad.aaaaaaaawfm53kcndbd5p2s3qz5zmg63emzxbm3e5v5gll2aotedqvwmox6a",
                        "attributes": {
                            "compartment_id": "ocid1.compartment.oc1..aaaaaaaapj7xxlndxbcrmhw6cftylvdndmyetzmz2aanqy5vk3gciiro5hpa",
                            "display_name": "bastion-dhcp",
                            "id": "ocid1.dhcpoptions.oc1.iad.aaaaaaaawfm53kcndbd5p2s3qz5zmg63emzxbm3e5v5gll2aotedqvwmox6a",
                            "options.#": "2",
                            "options.0.custom_dns_servers.#": "0",
                            "options.0.search_domain_names.#": "0",
                            "options.0.server_type": "VcnLocalPlusInternet",
                            "options.0.type": "DomainNameServer",
                            "options.1.custom_dns_servers.#": "0",
                            "options.1.search_domain_names.#": "1",
                            "options.1.search_domain_names.0": "bastion.avitek-dev.oraclevcn.com",
                            "options.1.server_type": "",
                            "options.1.type": "SearchDomain",
                            "state": "AVAILABLE",
                            "time_created": "2017-05-16 08:44:23.653 +0000 UTC",
                            "vcn_id": "ocid1.vcn.oc1.iad.aaaaaaaa36ai2qjrsew7ivrok4ryzwokiuvmvizsq4f5waxlb4qn2wdogyqq"
                        },
                        "meta": {
                            "e2bfb730-ecaa-11e6-8f88-34363bc7c4c0": {
                                "create": 300000000000,
                                "delete": 300000000000,
                                "update": 300000000000
                            }
                        },
                        "tainted": false
                    },
                    "deposed": [],
                    "provider": ""
                },
                "baremetal_core_dhcp_options.db-dhcp": {
                    "type": "baremetal_core_dhcp_options",
                    "depends_on": [
                        "baremetal_core_virtual_network.vcn"
                    ],
                    "primary": {
                        "id": "ocid1.dhcpoptions.oc1.iad.aaaaaaaae2nveub3ymi3ka4w2d4gycxwj4eyta3u2cv2tlsuarjtlifgyx5q",
                        "attributes": {
                            "compartment_id": "ocid1.compartment.oc1..aaaaaaaapj7xxlndxbcrmhw6cftylvdndmyetzmz2aanqy5vk3gciiro5hpa",
                            "display_name": "db-dhcp",
                            "id": "ocid1.dhcpoptions.oc1.iad.aaaaaaaae2nveub3ymi3ka4w2d4gycxwj4eyta3u2cv2tlsuarjtlifgyx5q",
                            "options.#": "2",
                            "options.0.custom_dns_servers.#": "0",
                            "options.0.search_domain_names.#": "0",
                            "options.0.server_type": "VcnLocalPlusInternet",
                            "options.0.type": "DomainNameServer",
                            "options.1.custom_dns_servers.#": "0",
                            "options.1.search_domain_names.#": "1",
                            "options.1.search_domain_names.0": "db.avitek-dev.oraclevcn.com",
                            "options.1.server_type": "",
                            "options.1.type": "SearchDomain",
                            "state": "AVAILABLE",
                            "time_created": "2017-05-16 08:44:23.649 +0000 UTC",
                            "vcn_id": "ocid1.vcn.oc1.iad.aaaaaaaa36ai2qjrsew7ivrok4ryzwokiuvmvizsq4f5waxlb4qn2wdogyqq"
                        },
                        "meta": {
                            "e2bfb730-ecaa-11e6-8f88-34363bc7c4c0": {
                                "create": 300000000000,
                                "delete": 300000000000,
                                "update": 300000000000
                            }
                        },
                        "tainted": false
                    },
                    "deposed": [],
                    "provider": ""
                },
                "baremetal_core_internet_gateway.internet-gateway": {
                    "type": "baremetal_core_internet_gateway",
                    "depends_on": [
                        "baremetal_core_virtual_network.vcn"
                    ],
                    "primary": {
                        "id": "ocid1.internetgateway.oc1.iad.aaaaaaaakxodmnd47g7ik4pjhgonjcu5ctle4o3hnb52hb3pxggvgg46sqba",
                        "attributes": {
                            "compartment_id": "ocid1.compartment.oc1..aaaaaaaapj7xxlndxbcrmhw6cftylvdndmyetzmz2aanqy5vk3gciiro5hpa",
                            "display_name": "Public-IG",
                            "enabled": "true",
                            "id": "ocid1.internetgateway.oc1.iad.aaaaaaaakxodmnd47g7ik4pjhgonjcu5ctle4o3hnb52hb3pxggvgg46sqba",
                            "state": "AVAILABLE",
                            "time_created": "2017-05-16 08:44:23.581 +0000 UTC",
                            "time_modified": "0001-01-01 00:00:00 +0000 UTC",
                            "vcn_id": "ocid1.vcn.oc1.iad.aaaaaaaa36ai2qjrsew7ivrok4ryzwokiuvmvizsq4f5waxlb4qn2wdogyqq"
                        },
                        "meta": {
                            "e2bfb730-ecaa-11e6-8f88-34363bc7c4c0": {
                                "create": 300000000000,
                                "delete": 300000000000,
                                "update": 300000000000
                            }
                        },
                        "tainted": false
                    },
                    "deposed": [],
                    "provider": ""
                },
                "baremetal_core_route_table.route-table": {
                    "type": "baremetal_core_route_table",
                    "depends_on": [
                        "baremetal_core_internet_gateway.internet-gateway",
                        "baremetal_core_virtual_network.vcn"
                    ],
                    "primary": {
                        "id": "ocid1.routetable.oc1.iad.aaaaaaaaqoec6plifpo2lfumfssr3qpbv6k6ilo7xgpl45m26lf5ucadi53q",
                        "attributes": {
                            "compartment_id": "ocid1.compartment.oc1..aaaaaaaapj7xxlndxbcrmhw6cftylvdndmyetzmz2aanqy5vk3gciiro5hpa",
                            "display_name": "Public-RT",
                            "id": "ocid1.routetable.oc1.iad.aaaaaaaaqoec6plifpo2lfumfssr3qpbv6k6ilo7xgpl45m26lf5ucadi53q",
                            "route_rules.#": "1",
                            "route_rules.0.cidr_block": "0.0.0.0/0",
                            "route_rules.0.network_entity_id": "ocid1.internetgateway.oc1.iad.aaaaaaaakxodmnd47g7ik4pjhgonjcu5ctle4o3hnb52hb3pxggvgg46sqba",
                            "state": "AVAILABLE",
                            "time_created": "2017-05-16 08:44:23.951 +0000 UTC",
                            "time_modified": "0001-01-01 00:00:00 +0000 UTC",
                            "vcn_id": "ocid1.vcn.oc1.iad.aaaaaaaa36ai2qjrsew7ivrok4ryzwokiuvmvizsq4f5waxlb4qn2wdogyqq"
                        },
                        "meta": {
                            "e2bfb730-ecaa-11e6-8f88-34363bc7c4c0": {
                                "create": 300000000000,
                                "delete": 300000000000,
                                "update": 300000000000
                            }
                        },
                        "tainted": false
                    },
                    "deposed": [],
                    "provider": ""
                },
                "baremetal_core_security_list.app-sl": {
                    "type": "baremetal_core_security_list",
                    "depends_on": [
                        "baremetal_core_virtual_network.vcn"
                    ],
                    "primary": {
                        "id": "ocid1.securitylist.oc1.iad.aaaaaaaagzrwafwyz7mnkqu4zj6pgovcaxr3ghskjsp7wcmdrf2pmuzsr4hq",
                        "attributes": {
                            "compartment_id": "ocid1.compartment.oc1..aaaaaaaapj7xxlndxbcrmhw6cftylvdndmyetzmz2aanqy5vk3gciiro5hpa",
                            "display_name": "APP-SL",
                            "egress_security_rules.#": "1",
                            "egress_security_rules.0.destination": "0.0.0.0/0",
                            "egress_security_rules.0.icmp_options.#": "0",
                            "egress_security_rules.0.protocol": "6",
                            "egress_security_rules.0.stateless": "false",
                            "egress_security_rules.0.tcp_options.#": "0",
                            "egress_security_rules.0.udp_options.#": "0",
                            "id": "ocid1.securitylist.oc1.iad.aaaaaaaagzrwafwyz7mnkqu4zj6pgovcaxr3ghskjsp7wcmdrf2pmuzsr4hq",
                            "ingress_security_rules.#": "2",
                            "ingress_security_rules.0.icmp_options.#": "0",
                            "ingress_security_rules.0.protocol": "6",
                            "ingress_security_rules.0.source": "0.0.0.0/0",
                            "ingress_security_rules.0.stateless": "false",
                            "ingress_security_rules.0.tcp_options.#": "1",
                            "ingress_security_rules.0.tcp_options.0.max": "8080",
                            "ingress_security_rules.0.tcp_options.0.min": "8080",
                            "ingress_security_rules.0.udp_options.#": "0",
                            "ingress_security_rules.1.icmp_options.#": "0",
                            "ingress_security_rules.1.protocol": "6",
                            "ingress_security_rules.1.source": "10.0.1.0/24",
                            "ingress_security_rules.1.stateless": "false",
                            "ingress_security_rules.1.tcp_options.#": "1",
                            "ingress_security_rules.1.tcp_options.0.max": "22",
                            "ingress_security_rules.1.tcp_options.0.min": "22",
                            "ingress_security_rules.1.udp_options.#": "0",
                            "state": "AVAILABLE",
                            "time_created": "2017-05-16 08:44:23.708 +0000 UTC",
                            "vcn_id": "ocid1.vcn.oc1.iad.aaaaaaaa36ai2qjrsew7ivrok4ryzwokiuvmvizsq4f5waxlb4qn2wdogyqq"
                        },
                        "meta": {
                            "e2bfb730-ecaa-11e6-8f88-34363bc7c4c0": {
                                "create": 300000000000,
                                "delete": 300000000000,
                                "update": 300000000000
                            }
                        },
                        "tainted": false
                    },
                    "deposed": [],
                    "provider": ""
                },
                "baremetal_core_security_list.bastion-sl": {
                    "type": "baremetal_core_security_list",
                    "depends_on": [
                        "baremetal_core_virtual_network.vcn"
                    ],
                    "primary": {
                        "id": "ocid1.securitylist.oc1.iad.aaaaaaaatkwut5qcddbf4itsxs3tyz54ujfw3q6ebkqfkn4mtwl2c6bbqn3q",
                        "attributes": {
                            "compartment_id": "ocid1.compartment.oc1..aaaaaaaapj7xxlndxbcrmhw6cftylvdndmyetzmz2aanqy5vk3gciiro5hpa",
                            "display_name": "BASTION-SL",
                            "egress_security_rules.#": "1",
                            "egress_security_rules.0.destination": "0.0.0.0/0",
                            "egress_security_rules.0.icmp_options.#": "0",
                            "egress_security_rules.0.protocol": "6",
                            "egress_security_rules.0.stateless": "false",
                            "egress_security_rules.0.tcp_options.#": "0",
                            "egress_security_rules.0.udp_options.#": "0",
                            "id": "ocid1.securitylist.oc1.iad.aaaaaaaatkwut5qcddbf4itsxs3tyz54ujfw3q6ebkqfkn4mtwl2c6bbqn3q",
                            "ingress_security_rules.#": "1",
                            "ingress_security_rules.0.icmp_options.#": "0",
                            "ingress_security_rules.0.protocol": "6",
                            "ingress_security_rules.0.source": "0.0.0.0/0",
                            "ingress_security_rules.0.stateless": "false",
                            "ingress_security_rules.0.tcp_options.#": "1",
                            "ingress_security_rules.0.tcp_options.0.max": "22",
                            "ingress_security_rules.0.tcp_options.0.min": "22",
                            "ingress_security_rules.0.udp_options.#": "0",
                            "state": "AVAILABLE",
                            "time_created": "2017-05-16 08:44:23.386 +0000 UTC",
                            "vcn_id": "ocid1.vcn.oc1.iad.aaaaaaaa36ai2qjrsew7ivrok4ryzwokiuvmvizsq4f5waxlb4qn2wdogyqq"
                        },
                        "meta": {
                            "e2bfb730-ecaa-11e6-8f88-34363bc7c4c0": {
                                "create": 300000000000,
                                "delete": 300000000000,
                                "update": 300000000000
                            }
                        },
                        "tainted": false
                    },
                    "deposed": [],
                    "provider": ""
                },
                "baremetal_core_security_list.db-sl": {
                    "type": "baremetal_core_security_list",
                    "depends_on": [
                        "baremetal_core_virtual_network.vcn"
                    ],
                    "primary": {
                        "id": "ocid1.securitylist.oc1.iad.aaaaaaaakd74p446424ola3x2tm3jne3bnhowiowbivmyrfrnh6xun7z3irq",
                        "attributes": {
                            "compartment_id": "ocid1.compartment.oc1..aaaaaaaapj7xxlndxbcrmhw6cftylvdndmyetzmz2aanqy5vk3gciiro5hpa",
                            "display_name": "DB-SL",
                            "egress_security_rules.#": "1",
                            "egress_security_rules.0.destination": "0.0.0.0/0",
                            "egress_security_rules.0.icmp_options.#": "0",
                            "egress_security_rules.0.protocol": "6",
                            "egress_security_rules.0.stateless": "false",
                            "egress_security_rules.0.tcp_options.#": "0",
                            "egress_security_rules.0.udp_options.#": "0",
                            "id": "ocid1.securitylist.oc1.iad.aaaaaaaakd74p446424ola3x2tm3jne3bnhowiowbivmyrfrnh6xun7z3irq",
                            "ingress_security_rules.#": "2",
                            "ingress_security_rules.0.icmp_options.#": "0",
                            "ingress_security_rules.0.protocol": "6",
                            "ingress_security_rules.0.source": "0.0.0.0/0",
                            "ingress_security_rules.0.stateless": "false",
                            "ingress_security_rules.0.tcp_options.#": "1",
                            "ingress_security_rules.0.tcp_options.0.max": "3306",
                            "ingress_security_rules.0.tcp_options.0.min": "3306",
                            "ingress_security_rules.0.udp_options.#": "0",
                            "ingress_security_rules.1.icmp_options.#": "0",
                            "ingress_security_rules.1.protocol": "6",
                            "ingress_security_rules.1.source": "10.0.1.0/24",
                            "ingress_security_rules.1.stateless": "false",
                            "ingress_security_rules.1.tcp_options.#": "1",
                            "ingress_security_rules.1.tcp_options.0.max": "22",
                            "ingress_security_rules.1.tcp_options.0.min": "22",
                            "ingress_security_rules.1.udp_options.#": "0",
                            "state": "AVAILABLE",
                            "time_created": "2017-05-16 08:44:23.709 +0000 UTC",
                            "vcn_id": "ocid1.vcn.oc1.iad.aaaaaaaa36ai2qjrsew7ivrok4ryzwokiuvmvizsq4f5waxlb4qn2wdogyqq"
                        },
                        "meta": {
                            "e2bfb730-ecaa-11e6-8f88-34363bc7c4c0": {
                                "create": 300000000000,
                                "delete": 300000000000,
                                "update": 300000000000
                            }
                        },
                        "tainted": false
                    },
                    "deposed": [],
                    "provider": ""
                },
                "baremetal_core_subnet.app-subnet-1": {
                    "type": "baremetal_core_subnet",
                    "depends_on": [
                        "baremetal_core_dhcp_options.app-dhcp",
                        "baremetal_core_route_table.route-table",
                        "baremetal_core_security_list.app-sl",
                        "baremetal_core_virtual_network.vcn",
                        "data.baremetal_identity_availability_domains.ads"
                    ],
                    "primary": {
                        "id": "ocid1.subnet.oc1.iad.aaaaaaaajmec3dvcyz4uodgyflogk63hfsjhcjoepewpizzezzrj7w6ygpka",
                        "attributes": {
                            "availability_domain": "pILZ:US-ASHBURN-AD-1",
                            "cidr_block": "10.0.2.0/28",
                            "compartment_id": "ocid1.compartment.oc1..aaaaaaaapj7xxlndxbcrmhw6cftylvdndmyetzmz2aanqy5vk3gciiro5hpa",
                            "dhcp_options_id": "ocid1.dhcpoptions.oc1.iad.aaaaaaaatzdpojhqk3pxjukpylbpp4bi2spn663naol52kzngd7sqivhjbfa",
                            "display_name": "APP",
                            "dns_label": "app",
                            "id": "ocid1.subnet.oc1.iad.aaaaaaaajmec3dvcyz4uodgyflogk63hfsjhcjoepewpizzezzrj7w6ygpka",
                            "route_table_id": "ocid1.routetable.oc1.iad.aaaaaaaaqoec6plifpo2lfumfssr3qpbv6k6ilo7xgpl45m26lf5ucadi53q",
                            "security_list_ids.#": "1",
                            "security_list_ids.4006254619": "ocid1.securitylist.oc1.iad.aaaaaaaagzrwafwyz7mnkqu4zj6pgovcaxr3ghskjsp7wcmdrf2pmuzsr4hq",
                            "state": "AVAILABLE",
                            "time_created": "2017-05-16 08:44:24.605 +0000 UTC",
                            "vcn_id": "ocid1.vcn.oc1.iad.aaaaaaaa36ai2qjrsew7ivrok4ryzwokiuvmvizsq4f5waxlb4qn2wdogyqq",
                            "virtual_router_ip": "10.0.2.1",
                            "virtual_router_mac": "00:00:17:3A:0F:44"
                        },
                        "meta": {
                            "e2bfb730-ecaa-11e6-8f88-34363bc7c4c0": {
                                "create": 300000000000,
                                "delete": 300000000000,
                                "update": 300000000000
                            }
                        },
                        "tainted": false
                    },
                    "deposed": [],
                    "provider": ""
                },
                "baremetal_core_subnet.bastion-subnet": {
                    "type": "baremetal_core_subnet",
                    "depends_on": [
                        "baremetal_core_dhcp_options.bastion-dhcp",
                        "baremetal_core_route_table.route-table",
                        "baremetal_core_security_list.bastion-sl",
                        "baremetal_core_virtual_network.vcn",
                        "data.baremetal_identity_availability_domains.ads"
                    ],
                    "primary": {
                        "id": "ocid1.subnet.oc1.iad.aaaaaaaavo2kvpxx4flmjdp2dvex2vwe4u4zqexuqbc5drmvk4z4655x33ma",
                        "attributes": {
                            "availability_domain": "pILZ:US-ASHBURN-AD-1",
                            "cidr_block": "10.0.1.0/28",
                            "compartment_id": "ocid1.compartment.oc1..aaaaaaaapj7xxlndxbcrmhw6cftylvdndmyetzmz2aanqy5vk3gciiro5hpa",
                            "dhcp_options_id": "ocid1.dhcpoptions.oc1.iad.aaaaaaaawfm53kcndbd5p2s3qz5zmg63emzxbm3e5v5gll2aotedqvwmox6a",
                            "display_name": "BASTION",
                            "dns_label": "bastion",
                            "id": "ocid1.subnet.oc1.iad.aaaaaaaavo2kvpxx4flmjdp2dvex2vwe4u4zqexuqbc5drmvk4z4655x33ma",
                            "route_table_id": "ocid1.routetable.oc1.iad.aaaaaaaaqoec6plifpo2lfumfssr3qpbv6k6ilo7xgpl45m26lf5ucadi53q",
                            "security_list_ids.#": "1",
                            "security_list_ids.130970173": "ocid1.securitylist.oc1.iad.aaaaaaaatkwut5qcddbf4itsxs3tyz54ujfw3q6ebkqfkn4mtwl2c6bbqn3q",
                            "state": "AVAILABLE",
                            "time_created": "2017-05-16 08:44:24.406 +0000 UTC",
                            "vcn_id": "ocid1.vcn.oc1.iad.aaaaaaaa36ai2qjrsew7ivrok4ryzwokiuvmvizsq4f5waxlb4qn2wdogyqq",
                            "virtual_router_ip": "10.0.1.1",
                            "virtual_router_mac": "00:00:17:3A:0F:44"
                        },
                        "meta": {
                            "e2bfb730-ecaa-11e6-8f88-34363bc7c4c0": {
                                "create": 300000000000,
                                "delete": 300000000000,
                                "update": 300000000000
                            }
                        },
                        "tainted": false
                    },
                    "deposed": [],
                    "provider": ""
                },
                "baremetal_core_subnet.db-subnet-1": {
                    "type": "baremetal_core_subnet",
                    "depends_on": [
                        "baremetal_core_dhcp_options.db-dhcp",
                        "baremetal_core_route_table.route-table",
                        "baremetal_core_security_list.db-sl",
                        "baremetal_core_virtual_network.vcn",
                        "data.baremetal_identity_availability_domains.ads"
                    ],
                    "primary": {
                        "id": "ocid1.subnet.oc1.iad.aaaaaaaahuicfsj2w6txrivqxtj7pifq6mzsdsekyv7mfc3ysekofh5k3rha",
                        "attributes": {
                            "availability_domain": "pILZ:US-ASHBURN-AD-1",
                            "cidr_block": "10.0.3.0/28",
                            "compartment_id": "ocid1.compartment.oc1..aaaaaaaapj7xxlndxbcrmhw6cftylvdndmyetzmz2aanqy5vk3gciiro5hpa",
                            "dhcp_options_id": "ocid1.dhcpoptions.oc1.iad.aaaaaaaae2nveub3ymi3ka4w2d4gycxwj4eyta3u2cv2tlsuarjtlifgyx5q",
                            "display_name": "DB",
                            "dns_label": "db",
                            "id": "ocid1.subnet.oc1.iad.aaaaaaaahuicfsj2w6txrivqxtj7pifq6mzsdsekyv7mfc3ysekofh5k3rha",
                            "route_table_id": "ocid1.routetable.oc1.iad.aaaaaaaaqoec6plifpo2lfumfssr3qpbv6k6ilo7xgpl45m26lf5ucadi53q",
                            "security_list_ids.#": "1",
                            "security_list_ids.86142131": "ocid1.securitylist.oc1.iad.aaaaaaaakd74p446424ola3x2tm3jne3bnhowiowbivmyrfrnh6xun7z3irq",
                            "state": "AVAILABLE",
                            "time_created": "2017-05-16 08:44:24.243 +0000 UTC",
                            "vcn_id": "ocid1.vcn.oc1.iad.aaaaaaaa36ai2qjrsew7ivrok4ryzwokiuvmvizsq4f5waxlb4qn2wdogyqq",
                            "virtual_router_ip": "10.0.3.1",
                            "virtual_router_mac": "00:00:17:3A:0F:44"
                        },
                        "meta": {
                            "e2bfb730-ecaa-11e6-8f88-34363bc7c4c0": {
                                "create": 300000000000,
                                "delete": 300000000000,
                                "update": 300000000000
                            }
                        },
                        "tainted": false
                    },
                    "deposed": [],
                    "provider": ""
                },
                "baremetal_core_virtual_network.vcn": {
                    "type": "baremetal_core_virtual_network",
                    "depends_on": [],
                    "primary": {
                        "id": "ocid1.vcn.oc1.iad.aaaaaaaa36ai2qjrsew7ivrok4ryzwokiuvmvizsq4f5waxlb4qn2wdogyqq",
                        "attributes": {
                            "cidr_block": "10.0.0.0/16",
                            "compartment_id": "ocid1.compartment.oc1..aaaaaaaapj7xxlndxbcrmhw6cftylvdndmyetzmz2aanqy5vk3gciiro5hpa",
                            "default_dhcp_options_id": "ocid1.dhcpoptions.oc1.iad.aaaaaaaaunlgvktsog5i4wmznv37krpqsgz67yvd3jjf3w2j6a2vba2pj5yq",
                            "default_route_table_id": "ocid1.routetable.oc1.iad.aaaaaaaacbit2y7l32bzu6fv2sqpvcdx4yquziissua3aqgaoamk2pbfw7ma",
                            "default_security_list_id": "ocid1.securitylist.oc1.iad.aaaaaaaanmkstjrglbevxotnzwmbr5o76dfysahfdeehb3dzcfwjcxkxsncq",
                            "display_name": "avitek-dev-avitek-Test-Network",
                            "dns_label": "avitek",
                            "id": "ocid1.vcn.oc1.iad.aaaaaaaa36ai2qjrsew7ivrok4ryzwokiuvmvizsq4f5waxlb4qn2wdogyqq",
                            "state": "AVAILABLE",
                            "time_created": "2017-05-16 08:44:23.017 +0000 UTC"
                        },
                        "meta": {
                            "e2bfb730-ecaa-11e6-8f88-34363bc7c4c0": {
                                "create": 300000000000,
                                "delete": 300000000000,
                                "update": 300000000000
                            }
                        },
                        "tainted": false
                    },
                    "deposed": [],
                    "provider": ""
                },
                "data.baremetal_identity_availability_domains.ads": {
                    "type": "baremetal_identity_availability_domains",
                    "depends_on": [],
                    "primary": {
                        "id": "2017-05-16 08:44:22.600012635 +0000 UTC",
                        "attributes": {
                            "availability_domains.#": "3",
                            "availability_domains.0.compartment_id": "ocid1.tenancy.oc1..aaaaaaaay7s6icq755xqlytpl33i7ysjzzb2kv3vk3itg5ilsxanrzqmsaha",
                            "availability_domains.0.name": "pILZ:US-ASHBURN-AD-1",
                            "availability_domains.1.compartment_id": "ocid1.tenancy.oc1..aaaaaaaay7s6icq755xqlytpl33i7ysjzzb2kv3vk3itg5ilsxanrzqmsaha",
                            "availability_domains.1.name": "pILZ:US-ASHBURN-AD-2",
                            "availability_domains.2.compartment_id": "ocid1.tenancy.oc1..aaaaaaaay7s6icq755xqlytpl33i7ysjzzb2kv3vk3itg5ilsxanrzqmsaha",
                            "availability_domains.2.name": "pILZ:US-ASHBURN-AD-3",
                            "compartment_id": "ocid1.tenancy.oc1..aaaaaaaay7s6icq755xqlytpl33i7ysjzzb2kv3vk3itg5ilsxanrzqmsaha",
                            "id": "2017-05-16 08:44:22.600012635 +0000 UTC"
                        },
                        "meta": {},
                        "tainted": false
                    },
                    "deposed": [],
                    "provider": ""
                }
            },
            "depends_on": []
        },
        {
            "path": [
                "root",
                "bastion-1"
            ],
            "outputs": {
                "ocid": {
                    "sensitive": false,
                    "type": "list",
                    "value": [
                        "ocid1.instance.oc1.iad.abuwcljrrfjzuw2jy5dzdesjclyweit42kjd3lxk2en4jxr5r7dczreccixa"
                    ]
                },
                "private_ip": {
                    "sensitive": false,
                    "type": "list",
                    "value": [
                        "10.0.1.2"
                    ]
                },
                "public_ip": {
                    "sensitive": false,
                    "type": "list",
                    "value": [
                        "129.213.28.138"
                    ]
                }
            },
            "resources": {
                "baremetal_core_instance.standard-server": {
                    "type": "baremetal_core_instance",
                    "depends_on": [],
                    "primary": {
                        "id": "ocid1.instance.oc1.iad.abuwcljrrfjzuw2jy5dzdesjclyweit42kjd3lxk2en4jxr5r7dczreccixa",
                        "attributes": {
                            "availability_domain": "pILZ:US-ASHBURN-AD-1",
                            "compartment_id": "ocid1.compartment.oc1..aaaaaaaapj7xxlndxbcrmhw6cftylvdndmyetzmz2aanqy5vk3gciiro5hpa",
                            "display_name": "avitek-dev-bastion",
                            "id": "ocid1.instance.oc1.iad.abuwcljrrfjzuw2jy5dzdesjclyweit42kjd3lxk2en4jxr5r7dczreccixa",
                            "image": "ocid1.image.oc1.iad.aaaaaaaaqosg7kfw6a4usld7fkq4vwgoqkdmirvzmvapi4t3iftgwjeh5qrq",
                            "ipxe_script": "",
                            "metadata.%": "1",
                            "metadata.ssh_authorized_keys": "ssh-rsa AAAAB3NzaC1yc2EAAAADAQABAAABAQC0G5R0I21xfA0PyCFOI+TCRqSGtuEbAO9c7zRsE652jQ/LDGLS6uCL+U3eB4+e8FnnRF3A1IB9jPO7pLvhbL9nlD2PbOwqmWMp4W3a8xyjjHEcTaQ9Hc085GDtUki6hyW4+jtJ3GdK5Wp7liH438tND6EAdVeUcrt07/o99eKeDjtTd6R5AeL08JPW7OuEYLcYHH2ZkMyu795XuWAIQXeDMfbnLj6gcTgyftVZViGPoELO39Cl7g/JxVXsnNTCVtTa5CRRmaF/mKVcGuj+5fiTafx8CNh/6hkBm2hryBdTcSwGkiZgXs1GkOfmEEkk+61kNJbpHSo0FiBz1h4B91zD jamescalise@Jamess-MacBook-Pro.local",
                            "private_ip": "10.0.1.2",
                            "public_ip": "129.213.28.138",
                            "region": "iad",
                            "shape": "VM.Standard1.1",
                            "state": "RUNNING",
                            "subnet_id": "ocid1.subnet.oc1.iad.aaaaaaaavo2kvpxx4flmjdp2dvex2vwe4u4zqexuqbc5drmvk4z4655x33ma",
                            "time_created": "2017-05-16 08:44:35.146 +0000 UTC"
                        },
                        "meta": {
                            "e2bfb730-ecaa-11e6-8f88-34363bc7c4c0": {
                                "create": 7200000000000,
                                "delete": 7200000000000,
                                "update": 7200000000000
                            }
                        },
                        "tainted": false
                    },
                    "deposed": [],
                    "provider": ""
                },
                "data.baremetal_core_vnic.vnic": {
                    "type": "baremetal_core_vnic",
                    "depends_on": [
                        "data.baremetal_core_vnic_attachments.vnics"
                    ],
                    "primary": {
                        "id": "ocid1.vnic.oc1.iad.abuwcljrbzu3dd6sdr6kzfpu4oakobvow7tcr5a762doqepws4p753ye57sq",
                        "attributes": {
                            "availability_domain": "pILZ:US-ASHBURN-AD-1",
                            "compartment_id": "ocid1.compartment.oc1..aaaaaaaapj7xxlndxbcrmhw6cftylvdndmyetzmz2aanqy5vk3gciiro5hpa",
                            "display_name": "avitek-dev-bastion",
                            "hostname_label": "avitek-dev-bastion",
                            "id": "ocid1.vnic.oc1.iad.abuwcljrbzu3dd6sdr6kzfpu4oakobvow7tcr5a762doqepws4p753ye57sq",
                            "private_ip_address": "10.0.1.2",
                            "public_ip_address": "129.213.28.138",
                            "state": "AVAILABLE",
                            "subnet_id": "ocid1.subnet.oc1.iad.aaaaaaaavo2kvpxx4flmjdp2dvex2vwe4u4zqexuqbc5drmvk4z4655x33ma",
                            "vnic_id": "ocid1.vnic.oc1.iad.abuwcljrbzu3dd6sdr6kzfpu4oakobvow7tcr5a762doqepws4p753ye57sq"
                        },
                        "meta": {},
                        "tainted": false
                    },
                    "deposed": [],
                    "provider": ""
                },
                "data.baremetal_core_vnic_attachments.vnics": {
                    "type": "baremetal_core_vnic_attachments",
                    "depends_on": [
                        "baremetal_core_instance.standard-server"
                    ],
                    "primary": {
                        "id": "2017-05-16 08:46:23.662909923 +0000 UTC",
                        "attributes": {
                            "availability_domain": "pILZ:US-ASHBURN-AD-1",
                            "compartment_id": "ocid1.compartment.oc1..aaaaaaaapj7xxlndxbcrmhw6cftylvdndmyetzmz2aanqy5vk3gciiro5hpa",
                            "id": "2017-05-16 08:46:23.662909923 +0000 UTC",
                            "instance_id": "ocid1.instance.oc1.iad.abuwcljrrfjzuw2jy5dzdesjclyweit42kjd3lxk2en4jxr5r7dczreccixa",
                            "vnic_attachments.#": "1",
                            "vnic_attachments.0.availability_domain": "pILZ:US-ASHBURN-AD-1",
                            "vnic_attachments.0.compartment_id": "ocid1.compartment.oc1..aaaaaaaapj7xxlndxbcrmhw6cftylvdndmyetzmz2aanqy5vk3gciiro5hpa",
                            "vnic_attachments.0.display_name": "",
                            "vnic_attachments.0.id": "ocid1.vnicattachment.oc1.iad.abuwcljr52fb7kp66v666hsm42v6wyo4iqr7u7lzb5lp4lirvtgyvpx3x6iq",
                            "vnic_attachments.0.instance_id": "ocid1.instance.oc1.iad.abuwcljrrfjzuw2jy5dzdesjclyweit42kjd3lxk2en4jxr5r7dczreccixa",
                            "vnic_attachments.0.state": "ATTACHED",
                            "vnic_attachments.0.subnet_id": "ocid1.subnet.oc1.iad.aaaaaaaavo2kvpxx4flmjdp2dvex2vwe4u4zqexuqbc5drmvk4z4655x33ma",
                            "vnic_attachments.0.time_created": "Tue, 16 May 2017 08:44:57 UTC",
                            "vnic_attachments.0.vnic_id": "ocid1.vnic.oc1.iad.abuwcljrbzu3dd6sdr6kzfpu4oakobvow7tcr5a762doqepws4p753ye57sq"
                        },
                        "meta": {},
                        "tainted": false
                    },
                    "deposed": [],
                    "provider": ""
                }
            },
            "depends_on": []
        },
        {
            "path": [
                "root",
                "db-server"
            ],
            "outputs": {
                "ocid": {
                    "sensitive": false,
                    "type": "list",
                    "value": [
                        "ocid1.instance.oc1.iad.abuwcljrljdqhcyu63ku2gqvtudfdbzmgty5i6dzqguixhzlyxklfmr2ztdq"
                    ]
                },
                "private_ip": {
                    "sensitive": false,
                    "type": "list",
                    "value": [
                        "10.0.3.2"
                    ]
                },
                "public_ip": {
                    "sensitive": false,
                    "type": "list",
                    "value": [
                        "129.213.28.137"
                    ]
                }
            },
            "resources": {
                "null_resource.server_instance_config": {
                    "type": "null_resource",
                    "depends_on": [
                        "module.mysql-server"
                    ],
                    "primary": {
                        "id": "910166522885115960",
                        "attributes": {
                            "id": "910166522885115960"
                        },
                        "meta": {},
                        "tainted": false
                    },
                    "deposed": [],
                    "provider": ""
                }
            },
            "depends_on": []
        },
        {
            "path": [
                "root",
                "tomcat-server"
            ],
            "outputs": {
                "ocid": {
                    "sensitive": false,
                    "type": "list",
                    "value": [
                        "ocid1.instance.oc1.iad.abuwcljr3oyxixnkb5u6wayiezousmx7smhzo2pqmlepnyqzl2sxe677doxq"
                    ]
                },
                "private_ip": {
                    "sensitive": false,
                    "type": "list",
                    "value": [
                        "10.0.2.2"
                    ]
                },
                "public_ip": {
                    "sensitive": false,
                    "type": "list",
                    "value": [
                        "129.213.28.139"
                    ]
                }
            },
            "resources": {
                "null_resource.server_instance_config": {
                    "type": "null_resource",
                    "depends_on": [
                        "module.tomcat-server"
                    ],
                    "primary": {
                        "id": "1549961744947893421",
                        "attributes": {
                            "id": "1549961744947893421"
                        },
                        "meta": {},
                        "tainted": false
                    },
                    "deposed": [],
                    "provider": ""
                }
            },
            "depends_on": []
        },
        {
            "path": [
                "root",
                "db-server",
                "mysql-server"
            ],
            "outputs": {
                "ocid": {
                    "sensitive": false,
                    "type": "list",
                    "value": [
                        "ocid1.instance.oc1.iad.abuwcljrljdqhcyu63ku2gqvtudfdbzmgty5i6dzqguixhzlyxklfmr2ztdq"
                    ]
                },
                "private_ip": {
                    "sensitive": false,
                    "type": "list",
                    "value": [
                        "10.0.3.2"
                    ]
                },
                "public_ip": {
                    "sensitive": false,
                    "type": "list",
                    "value": [
                        "129.213.28.137"
                    ]
                }
            },
            "resources": {
                "baremetal_core_instance.standard-server": {
                    "type": "baremetal_core_instance",
                    "depends_on": [],
                    "primary": {
                        "id": "ocid1.instance.oc1.iad.abuwcljrljdqhcyu63ku2gqvtudfdbzmgty5i6dzqguixhzlyxklfmr2ztdq",
                        "attributes": {
                            "availability_domain": "pILZ:US-ASHBURN-AD-1",
                            "compartment_id": "ocid1.compartment.oc1..aaaaaaaapj7xxlndxbcrmhw6cftylvdndmyetzmz2aanqy5vk3gciiro5hpa",
                            "display_name": "avitek-dev-mysql",
                            "id": "ocid1.instance.oc1.iad.abuwcljrljdqhcyu63ku2gqvtudfdbzmgty5i6dzqguixhzlyxklfmr2ztdq",
                            "image": "ocid1.image.oc1.iad.aaaaaaaa22rde66vbqx5cg7vllfzoyaux572dusbsgra4fy4yldu5a6iqbbq",
                            "ipxe_script": "",
                            "metadata.%": "1",
                            "metadata.ssh_authorized_keys": "ssh-rsa AAAAB3NzaC1yc2EAAAADAQABAAABAQC0G5R0I21xfA0PyCFOI+TCRqSGtuEbAO9c7zRsE652jQ/LDGLS6uCL+U3eB4+e8FnnRF3A1IB9jPO7pLvhbL9nlD2PbOwqmWMp4W3a8xyjjHEcTaQ9Hc085GDtUki6hyW4+jtJ3GdK5Wp7liH438tND6EAdVeUcrt07/o99eKeDjtTd6R5AeL08JPW7OuEYLcYHH2ZkMyu795XuWAIQXeDMfbnLj6gcTgyftVZViGPoELO39Cl7g/JxVXsnNTCVtTa5CRRmaF/mKVcGuj+5fiTafx8CNh/6hkBm2hryBdTcSwGkiZgXs1GkOfmEEkk+61kNJbpHSo0FiBz1h4B91zD jamescalise@Jamess-MacBook-Pro.local",
                            "private_ip": "10.0.3.2",
                            "public_ip": "129.213.28.137",
                            "region": "iad",
                            "shape": "VM.Standard1.1",
                            "state": "RUNNING",
                            "subnet_id": "ocid1.subnet.oc1.iad.aaaaaaaahuicfsj2w6txrivqxtj7pifq6mzsdsekyv7mfc3ysekofh5k3rha",
                            "time_created": "2017-05-16 08:44:35.061 +0000 UTC"
                        },
                        "meta": {
                            "e2bfb730-ecaa-11e6-8f88-34363bc7c4c0": {
                                "create": 7200000000000,
                                "delete": 7200000000000,
                                "update": 7200000000000
                            }
                        },
                        "tainted": false
                    },
                    "deposed": [],
                    "provider": ""
                },
                "data.baremetal_core_vnic.vnic": {
                    "type": "baremetal_core_vnic",
                    "depends_on": [
                        "data.baremetal_core_vnic_attachments.vnics"
                    ],
                    "primary": {
                        "id": "ocid1.vnic.oc1.iad.abuwcljr2tqqtfz4apydfniwjfe5ulelb6n3f5uts3fa4icf7oaadsdsf4ua",
                        "attributes": {
                            "availability_domain": "pILZ:US-ASHBURN-AD-1",
                            "compartment_id": "ocid1.compartment.oc1..aaaaaaaapj7xxlndxbcrmhw6cftylvdndmyetzmz2aanqy5vk3gciiro5hpa",
                            "display_name": "avitek-dev-mysql",
                            "hostname_label": "avitek-dev-mysql",
                            "id": "ocid1.vnic.oc1.iad.abuwcljr2tqqtfz4apydfniwjfe5ulelb6n3f5uts3fa4icf7oaadsdsf4ua",
                            "private_ip_address": "10.0.3.2",
                            "public_ip_address": "129.213.28.137",
                            "state": "AVAILABLE",
                            "subnet_id": "ocid1.subnet.oc1.iad.aaaaaaaahuicfsj2w6txrivqxtj7pifq6mzsdsekyv7mfc3ysekofh5k3rha",
                            "vnic_id": "ocid1.vnic.oc1.iad.abuwcljr2tqqtfz4apydfniwjfe5ulelb6n3f5uts3fa4icf7oaadsdsf4ua"
                        },
                        "meta": {},
                        "tainted": false
                    },
                    "deposed": [],
                    "provider": ""
                },
                "data.baremetal_core_vnic_attachments.vnics": {
                    "type": "baremetal_core_vnic_attachments",
                    "depends_on": [
                        "baremetal_core_instance.standard-server"
                    ],
                    "primary": {
                        "id": "2017-05-16 08:46:33.975044763 +0000 UTC",
                        "attributes": {
                            "availability_domain": "pILZ:US-ASHBURN-AD-1",
                            "compartment_id": "ocid1.compartment.oc1..aaaaaaaapj7xxlndxbcrmhw6cftylvdndmyetzmz2aanqy5vk3gciiro5hpa",
                            "id": "2017-05-16 08:46:33.975044763 +0000 UTC",
                            "instance_id": "ocid1.instance.oc1.iad.abuwcljrljdqhcyu63ku2gqvtudfdbzmgty5i6dzqguixhzlyxklfmr2ztdq",
                            "vnic_attachments.#": "1",
                            "vnic_attachments.0.availability_domain": "pILZ:US-ASHBURN-AD-1",
                            "vnic_attachments.0.compartment_id": "ocid1.compartment.oc1..aaaaaaaapj7xxlndxbcrmhw6cftylvdndmyetzmz2aanqy5vk3gciiro5hpa",
                            "vnic_attachments.0.display_name": "",
                            "vnic_attachments.0.id": "ocid1.vnicattachment.oc1.iad.abuwcljr5lshucgi5zlwama5b63xfn77lgck5notrvzfwkkplakukpfjrrla",
                            "vnic_attachments.0.instance_id": "ocid1.instance.oc1.iad.abuwcljrljdqhcyu63ku2gqvtudfdbzmgty5i6dzqguixhzlyxklfmr2ztdq",
                            "vnic_attachments.0.state": "ATTACHED",
                            "vnic_attachments.0.subnet_id": "ocid1.subnet.oc1.iad.aaaaaaaahuicfsj2w6txrivqxtj7pifq6mzsdsekyv7mfc3ysekofh5k3rha",
                            "vnic_attachments.0.time_created": "Tue, 16 May 2017 08:44:57 UTC",
                            "vnic_attachments.0.vnic_id": "ocid1.vnic.oc1.iad.abuwcljr2tqqtfz4apydfniwjfe5ulelb6n3f5uts3fa4icf7oaadsdsf4ua"
                        },
                        "meta": {},
                        "tainted": false
                    },
                    "deposed": [],
                    "provider": ""
                }
            },
            "depends_on": []
        },
        {
            "path": [
                "root",
                "tomcat-server",
                "tomcat-server"
            ],
            "outputs": {
                "ocid": {
                    "sensitive": false,
                    "type": "list",
                    "value": [
                        "ocid1.instance.oc1.iad.abuwcljr3oyxixnkb5u6wayiezousmx7smhzo2pqmlepnyqzl2sxe677doxq"
                    ]
                },
                "private_ip": {
                    "sensitive": false,
                    "type": "list",
                    "value": [
                        "10.0.2.2"
                    ]
                },
                "public_ip": {
                    "sensitive": false,
                    "type": "list",
                    "value": [
                        "129.213.28.139"
                    ]
                }
            },
            "resources": {
                "baremetal_core_instance.standard-server": {
                    "type": "baremetal_core_instance",
                    "depends_on": [],
                    "primary": {
                        "id": "ocid1.instance.oc1.iad.abuwcljr3oyxixnkb5u6wayiezousmx7smhzo2pqmlepnyqzl2sxe677doxq",
                        "attributes": {
                            "availability_domain": "pILZ:US-ASHBURN-AD-1",
                            "compartment_id": "ocid1.compartment.oc1..aaaaaaaapj7xxlndxbcrmhw6cftylvdndmyetzmz2aanqy5vk3gciiro5hpa",
                            "display_name": "avitek-dev-tomcat",
                            "id": "ocid1.instance.oc1.iad.abuwcljr3oyxixnkb5u6wayiezousmx7smhzo2pqmlepnyqzl2sxe677doxq",
                            "image": "ocid1.image.oc1.iad.aaaaaaaaqosg7kfw6a4usld7fkq4vwgoqkdmirvzmvapi4t3iftgwjeh5qrq",
                            "ipxe_script": "",
                            "metadata.%": "1",
                            "metadata.ssh_authorized_keys": "ssh-rsa AAAAB3NzaC1yc2EAAAADAQABAAABAQC0G5R0I21xfA0PyCFOI+TCRqSGtuEbAO9c7zRsE652jQ/LDGLS6uCL+U3eB4+e8FnnRF3A1IB9jPO7pLvhbL9nlD2PbOwqmWMp4W3a8xyjjHEcTaQ9Hc085GDtUki6hyW4+jtJ3GdK5Wp7liH438tND6EAdVeUcrt07/o99eKeDjtTd6R5AeL08JPW7OuEYLcYHH2ZkMyu795XuWAIQXeDMfbnLj6gcTgyftVZViGPoELO39Cl7g/JxVXsnNTCVtTa5CRRmaF/mKVcGuj+5fiTafx8CNh/6hkBm2hryBdTcSwGkiZgXs1GkOfmEEkk+61kNJbpHSo0FiBz1h4B91zD jamescalise@Jamess-MacBook-Pro.local",
                            "private_ip": "10.0.2.2",
                            "public_ip": "129.213.28.139",
                            "region": "iad",
                            "shape": "VM.Standard1.1",
                            "state": "RUNNING",
                            "subnet_id": "ocid1.subnet.oc1.iad.aaaaaaaajmec3dvcyz4uodgyflogk63hfsjhcjoepewpizzezzrj7w6ygpka",
                            "time_created": "2017-05-16 08:44:35.389 +0000 UTC"
                        },
                        "meta": {
                            "e2bfb730-ecaa-11e6-8f88-34363bc7c4c0": {
                                "create": 7200000000000,
                                "delete": 7200000000000,
                                "update": 7200000000000
                            }
                        },
                        "tainted": false
                    },
                    "deposed": [],
                    "provider": ""
                },
                "data.baremetal_core_vnic.vnic": {
                    "type": "baremetal_core_vnic",
                    "depends_on": [
                        "data.baremetal_core_vnic_attachments.vnics"
                    ],
                    "primary": {
                        "id": "ocid1.vnic.oc1.iad.abuwcljr7umejrcwplh5wetlk4kcjjuac37uymi5xx73impxcdap4bitk23q",
                        "attributes": {
                            "availability_domain": "pILZ:US-ASHBURN-AD-1",
                            "compartment_id": "ocid1.compartment.oc1..aaaaaaaapj7xxlndxbcrmhw6cftylvdndmyetzmz2aanqy5vk3gciiro5hpa",
                            "display_name": "avitek-dev-tomcat",
                            "hostname_label": "avitek-dev-tomcat",
                            "id": "ocid1.vnic.oc1.iad.abuwcljr7umejrcwplh5wetlk4kcjjuac37uymi5xx73impxcdap4bitk23q",
                            "private_ip_address": "10.0.2.2",
                            "public_ip_address": "129.213.28.139",
                            "state": "AVAILABLE",
                            "subnet_id": "ocid1.subnet.oc1.iad.aaaaaaaajmec3dvcyz4uodgyflogk63hfsjhcjoepewpizzezzrj7w6ygpka",
                            "vnic_id": "ocid1.vnic.oc1.iad.abuwcljr7umejrcwplh5wetlk4kcjjuac37uymi5xx73impxcdap4bitk23q"
                        },
                        "meta": {},
                        "tainted": false
                    },
                    "deposed": [],
                    "provider": ""
                },
                "data.baremetal_core_vnic_attachments.vnics": {
                    "type": "baremetal_core_vnic_attachments",
                    "depends_on": [
                        "baremetal_core_instance.standard-server"
                    ],
                    "primary": {
                        "id": "2017-05-16 08:46:23.66708961 +0000 UTC",
                        "attributes": {
                            "availability_domain": "pILZ:US-ASHBURN-AD-1",
                            "compartment_id": "ocid1.compartment.oc1..aaaaaaaapj7xxlndxbcrmhw6cftylvdndmyetzmz2aanqy5vk3gciiro5hpa",
                            "id": "2017-05-16 08:46:23.66708961 +0000 UTC",
                            "instance_id": "ocid1.instance.oc1.iad.abuwcljr3oyxixnkb5u6wayiezousmx7smhzo2pqmlepnyqzl2sxe677doxq",
                            "vnic_attachments.#": "1",
                            "vnic_attachments.0.availability_domain": "pILZ:US-ASHBURN-AD-1",
                            "vnic_attachments.0.compartment_id": "ocid1.compartment.oc1..aaaaaaaapj7xxlndxbcrmhw6cftylvdndmyetzmz2aanqy5vk3gciiro5hpa",
                            "vnic_attachments.0.display_name": "",
                            "vnic_attachments.0.id": "ocid1.vnicattachment.oc1.iad.abuwcljrorhkv4xs2mbxgnorvlqxf7jdnqel4kskal6gy7hxdezfczcbntiq",
                            "vnic_attachments.0.instance_id": "ocid1.instance.oc1.iad.abuwcljr3oyxixnkb5u6wayiezousmx7smhzo2pqmlepnyqzl2sxe677doxq",
                            "vnic_attachments.0.state": "ATTACHED",
                            "vnic_attachments.0.subnet_id": "ocid1.subnet.oc1.iad.aaaaaaaajmec3dvcyz4uodgyflogk63hfsjhcjoepewpizzezzrj7w6ygpka",
                            "vnic_attachments.0.time_created": "Tue, 16 May 2017 08:44:57 UTC",
                            "vnic_attachments.0.vnic_id": "ocid1.vnic.oc1.iad.abuwcljr7umejrcwplh5wetlk4kcjjuac37uymi5xx73impxcdap4bitk23q"
                        },
                        "meta": {},
                        "tainted": false
                    },
                    "deposed": [],
                    "provider": ""
                }
            },
            "depends_on": []
        }
    ]
}
